
Microsoft Visual Studio Solution File, Format Version 12.00
# Visual Studio 15
VisualStudioVersion = 15.0.27130.2036
MinimumVisualStudioVersion = 10.0.40219.1
Project("{FAE04EC0-301F-11D3-BF4B-00C04F79EFBC}") = "InheritTheApp", "InheritTheApp\InheritTheApp.csproj", "{C3C6C406-3418-4880-B3B5-5DF5C0FCA0E6}"
EndProject
Project("{FAE04EC0-301F-11D3-BF4B-00C04F79EFBC}") = "GrowAndShrink", "GrowAndShrink\GrowAndShrink.csproj", "{005DFCB8-F386-44E6-8E0D-0854D6E4644D}"
EndProject
Project("{FAE04EC0-301F-11D3-BF4B-00C04F79EFBC}") = "VaryTheBackground", "VaryTheBackground\VaryTheBackground.csproj", "{155CCFCD-A7A3-4317-A4FA-99611A4D1AEC}"
EndProject
Project("{FAE04EC0-301F-11D3-BF4B-00C04F79EFBC}") = "GradiateTheBrush", "GradiateTheBrush\GradiateTheBrush.csproj", "{44712D58-8D46-4A14-A2EA-2233805B5806}"
EndProject
Project("{FAE04EC0-301F-11D3-BF4B-00C04F79EFBC}") = "ClickTheGradientCenter", "ClickTheGradientCenter\ClickTheGradientCenter.csproj", "{D7DE2149-88E6-4BFD-9AB1-64284FB72C97}"
EndProject
Project("{2150E333-8FDC-42A3-9474-1A3956D46DE8}") = "Brushes", "Brushes", "{95045CA8-4379-464F-9ED3-8E7CAC9BB27B}"
EndProject
Project("{2150E333-8FDC-42A3-9474-1A3956D46DE8}") = "Content", "Content", "{329C09D9-794E-4E18-A61D-D73ED6AEE024}"
EndProject
Project("{FAE04EC0-301F-11D3-BF4B-00C04F79EFBC}") = "DisplaySomeText", "DisplaySomeText\DisplaySomeText.csproj", "{F5BE2109-4FEE-4721-8D2C-99546F2B5871}"
EndProject
Project("{FAE04EC0-301F-11D3-BF4B-00C04F79EFBC}") = "ShowMyFace", "ShowMyFace\ShowMyFace.csproj", "{DF747D36-199D-4013-9898-659460E6FECB}"
EndProject
Project("{2150E333-8FDC-42A3-9474-1A3956D46DE8}") = "Solution Items", "Solution Items", "{9BE134F0-83EE-4250-B032-A202BC3B5370}"
	ProjectSection(SolutionItems) = preProject
		.gitignore = .gitignore
	EndProjectSection
EndProject
Project("{FAE04EC0-301F-11D3-BF4B-00C04F79EFBC}") = "ShapeAnEllipse", "ShapeAnEllipse\ShapeAnEllipse.csproj", "{11276ACE-C29F-4224-BF12-BF4125CE6382}"
EndProject
Project("{FAE04EC0-301F-11D3-BF4B-00C04F79EFBC}") = "FormatTheText", "FormatTheText\FormatTheText.csproj", "{DE48AE58-383C-48EC-AD63-1FCBCF0A12B6}"
EndProject
Project("{FAE04EC0-301F-11D3-BF4B-00C04F79EFBC}") = "RenderTheGraphic", "RenderTheGraphic\RenderTheGraphic.csproj", "{B5F73714-8756-4A97-AFB3-65DBCCBEFB91}"
EndProject
Project("{2150E333-8FDC-42A3-9474-1A3956D46DE8}") = "Controls", "Controls", "{AA5545B5-031F-4308-BD50-C5C3B8899730}"
EndProject
Project("{FAE04EC0-301F-11D3-BF4B-00C04F79EFBC}") = "ClickTheButton", "ClickTheButton\ClickTheButton.csproj", "{0F18238C-4E7F-488C-8F31-9AD105B533A0}"
EndProject
Project("{FAE04EC0-301F-11D3-BF4B-00C04F79EFBC}") = "FormatTheButton", "FormatTheButton\FormatTheButton.csproj", "{4AE34DB1-292D-4B4A-9360-8D143A02B3DC}"
EndProject
Project("{FAE04EC0-301F-11D3-BF4B-00C04F79EFBC}") = "CommandTheButton", "CommandTheButton\CommandTheButton.csproj", "{DADADDD2-EF53-41BE-91B6-66E8DDA59945}"
EndProject
Project("{FAE04EC0-301F-11D3-BF4B-00C04F79EFBC}") = "ToggleTheButton", "ToggleTheButton\ToggleTheButton.csproj", "{5F0F4552-417E-41C7-B805-8198DB4241E2}"
EndProject
Project("{FAE04EC0-301F-11D3-BF4B-00C04F79EFBC}") = "NavigateTheWeb", "UrlDialog\NavigateTheWeb.csproj", "{99B53C7D-F7FC-4502-B3D7-0DD2AFA915F8}"
EndProject
Project("{FAE04EC0-301F-11D3-BF4B-00C04F79EFBC}") = "EditSomeText", "EditSomeText\EditSomeText.csproj", "{42A6AF10-E35E-4F68-A1D7-9A27F1D8B03A}"
EndProject
Project("{FAE04EC0-301F-11D3-BF4B-00C04F79EFBC}") = "EditSomeRichText", "EditSomeRichText\EditSomeRichText.csproj", "{821CDB16-56F9-4694-9D7D-50B6B5D129A7}"
EndProject
Project("{2150E333-8FDC-42A3-9474-1A3956D46DE8}") = "StackPanel", "StackPanel", "{BAD45D18-5B2D-4B75-8C0B-4E4B5FE779FA}"
EndProject
Project("{FAE04EC0-301F-11D3-BF4B-00C04F79EFBC}") = "StackTenButtons", "StackTenButtons\StackTenButtons.csproj", "{CB6D8C5B-56AA-4839-8D3E-BA478934B0D3}"
EndProject
Project("{FAE04EC0-301F-11D3-BF4B-00C04F79EFBC}") = "Stack30Buttons", "Stack30Buttons\Stack30Buttons.csproj", "{FAC4BFF7-9BFE-485A-BD90-BF673A6E089B}"
EndProject
Project("{FAE04EC0-301F-11D3-BF4B-00C04F79EFBC}") = "DesignAButton", "DesignAButton\DesignAButton.csproj", "{02AA5D51-2FF0-49EE-8BD3-E3FE0C97506A}"
EndProject
Project("{FAE04EC0-301F-11D3-BF4B-00C04F79EFBC}") = "TuneTheRadio", "TuneTheRadio\TuneTheRadio.csproj", "{91A986D9-8C88-48E0-95B4-20D0D53A76E9}"
EndProject
Project("{FAE04EC0-301F-11D3-BF4B-00C04F79EFBC}") = "ExploreDirectories", "ExploreDirectories\ExploreDirectories.csproj", "{8F6A359E-B1E6-440B-9AAE-78EB948F2F9A}"
EndProject
Project("{2150E333-8FDC-42A3-9474-1A3956D46DE8}") = "DockAndGrid", "DockAndGrid", "{876164DA-E568-4795-A403-1E4598BF0667}"
EndProject
Project("{FAE04EC0-301F-11D3-BF4B-00C04F79EFBC}") = "DockAroundTheBlock", "DockAroundTheBlock\DockAroundTheBlock.csproj", "{B13F7BEE-D1B3-42E2-8E19-280F0B7FEFE3}"
EndProject
Project("{FAE04EC0-301F-11D3-BF4B-00C04F79EFBC}") = "MeetTheDocker", "MeetTheDocker\MeetTheDocker.csproj", "{63852C94-AEE7-486A-8C83-C913C5637C42}"
EndProject
Project("{FAE04EC0-301F-11D3-BF4B-00C04F79EFBC}") = "CalculateDateSpan", "CalculateDateSpan\CalculateDateSpan.csproj", "{26B71F7B-6A60-4545-8E35-1D52A4EDA0AC}"
EndProject
Project("{FAE04EC0-301F-11D3-BF4B-00C04F79EFBC}") = "EnterTheGrid", "EnterTheGrid\EnterTheGrid.csproj", "{4D5501D0-58BA-4F58-89B2-9FA21DD9210B}"
EndProject
Project("{FAE04EC0-301F-11D3-BF4B-00C04F79EFBC}") = "SplitNine", "SplitNine\SplitNine.csproj", "{67A35B59-E156-44E0-AA73-7C7EA9E5BEC6}"
EndProject
Project("{FAE04EC0-301F-11D3-BF4B-00C04F79EFBC}") = "ScrollCustomColor", "ScrollCustomColor\ScrollCustomColor.csproj", "{B687E8AD-40E5-413C-8859-B7BA80F71352}"
EndProject
Project("{2150E333-8FDC-42A3-9474-1A3956D46DE8}") = "Canvas", "Canvas", "{E10CA934-7EDA-4CA8-9221-B6D7C5D68773}"
EndProject
Project("{FAE04EC0-301F-11D3-BF4B-00C04F79EFBC}") = "PaintTheButton", "PaintTheButton\PaintTheButton.csproj", "{F540628E-5CB1-4C34-B8E5-7F3746CD84AC}"
EndProject
Project("{FAE04EC0-301F-11D3-BF4B-00C04F79EFBC}") = "Play15", "Play15\Play15.csproj", "{0DFC6E73-6E15-4C1C-8E2F-86121368DBEE}"
EndProject
Project("{2150E333-8FDC-42A3-9474-1A3956D46DE8}") = "DependencyProperties", "DependencyProperties", "{B026E64A-E0B8-4D9B-8EFA-6B8DC57FB543}"
EndProject
Project("{FAE04EC0-301F-11D3-BF4B-00C04F79EFBC}") = "SetFontSizeProperty", "SetFontSizeProperty\SetFontSizeProperty.csproj", "{25D21AF3-E0B5-42DD-B058-9A8A039F76AE}"
EndProject
Project("{FAE04EC0-301F-11D3-BF4B-00C04F79EFBC}") = "SetSpaceProperty", "SetSpaceProperty\SetSpaceProperty.csproj", "{0EABAB8E-89CB-45E8-BF85-BFAC68CD3C0D}"
EndProject
Project("{2150E333-8FDC-42A3-9474-1A3956D46DE8}") = "RoutedEvents", "RoutedEvents", "{D99ABB65-55FF-4EBF-99BE-367F995518DD}"
EndProject
Project("{FAE04EC0-301F-11D3-BF4B-00C04F79EFBC}") = "ExamineRoutedEvents", "ExamineRoutedEvents\ExamineRoutedEvents.csproj", "{C913511D-73E8-4D5E-8016-71CC57CE97CB}"
EndProject
Project("{2150E333-8FDC-42A3-9474-1A3956D46DE8}") = "UserControls", "UserControls", "{C7515D26-653B-4FE4-82B3-1CCC414C5626}"
EndProject
Project("{FAE04EC0-301F-11D3-BF4B-00C04F79EFBC}") = "RenderTheBetterEllipse", "BetterEllipse\RenderTheBetterEllipse.csproj", "{B874EEDD-910D-4D60-9751-AD6D81E0BBFC}"
EndProject
Project("{FAE04EC0-301F-11D3-BF4B-00C04F79EFBC}") = "GetMedieval", "GetMedieval\GetMedieval.csproj", "{F4D9417C-5471-41A5-B820-CF7E55B8F94F}"
EndProject
Project("{2150E333-8FDC-42A3-9474-1A3956D46DE8}") = "SingleChildObject", "SingleChildObject", "{995BFFD0-999F-4AE3-ADBB-96F5D4200236}"
EndProject
Project("{FAE04EC0-301F-11D3-BF4B-00C04F79EFBC}") = "EncloseElementInEllipse", "EncloseElementInEllipse\EncloseElementInEllipse.csproj", "{8CA7B3F9-ECE4-4490-B58A-56A078936ED2}"
EndProject
Project("{FAE04EC0-301F-11D3-BF4B-00C04F79EFBC}") = "CalculateInHex", "CalculateInHex\CalculateInHex.csproj", "{482CB639-ED5D-406E-8F9A-1799DA8E1462}"
EndProject
Project("{FAE04EC0-301F-11D3-BF4B-00C04F79EFBC}") = "BuildButtonFactory", "BuildButtonFactory\BuildButtonFactory.csproj", "{95433936-7134-48AC-B6D6-90AF35DA6092}"
EndProject
Project("{FAE04EC0-301F-11D3-BF4B-00C04F79EFBC}") = "SelectColor", "SelectColor\SelectColor.csproj", "{6904993C-C8E4-4BE5-830C-C754A57D52D7}"
EndProject
Project("{2150E333-8FDC-42A3-9474-1A3956D46DE8}") = "ListBox", "ListBox", "{4A42961F-9FD7-41ED-A33D-896D93FFD7B2}"
EndProject
Project("{FAE04EC0-301F-11D3-BF4B-00C04F79EFBC}") = "ListColorName", "ListColorName\ListColorName.csproj", "{6FF24B63-795A-4CE7-96FE-D2610F3EF195}"
EndProject
Project("{FAE04EC0-301F-11D3-BF4B-00C04F79EFBC}") = "ListNamedColors", "ListNamedColors\ListNamedColors.csproj", "{783DE0FF-22D8-4F41-8B2B-5B4EDE244439}"
EndProject
Project("{FAE04EC0-301F-11D3-BF4B-00C04F79EFBC}") = "ListWithListBoxItems", "ListWithListBoxItems\ListWithListBoxItems.csproj", "{A46632A7-DD0B-4543-A5D6-43E43AA88F67}"
EndProject
Project("{FAE04EC0-301F-11D3-BF4B-00C04F79EFBC}") = "ListColoredLabels", "ListColoredLabels\ListColoredLabels.csproj", "{8A873026-FB26-45C7-8637-23BB13EF2846}"
EndProject
Project("{FAE04EC0-301F-11D3-BF4B-00C04F79EFBC}") = "ListColorsElegantly", "ListColorsElegantly\ListColorsElegantly.csproj", "{9346693E-E59C-438B-A241-93BDA3D0E833}"
EndProject
Project("{FAE04EC0-301F-11D3-BF4B-00C04F79EFBC}") = "ListColorsEvenElegantlier", "ListColorsEvenElegantlier\ListColorsEvenElegantlier.csproj", "{C807B739-49B9-44CE-936A-71ADD54F6280}"
EndProject
Project("{FAE04EC0-301F-11D3-BF4B-00C04F79EFBC}") = "SelectColorFromGrid", "SelectColorFromGrid\SelectColorFromGrid.csproj", "{8FA7A724-99AD-484A-A6D8-EF8B9B5603F5}"
EndProject
Project("{FAE04EC0-301F-11D3-BF4B-00C04F79EFBC}") = "SelectColorFromWheel", "SelectColorFromWheel\SelectColorFromWheel.csproj", "{BE70A75D-FFA4-4B1D-843D-DF6ED74C9A08}"
EndProject
Project("{FAE04EC0-301F-11D3-BF4B-00C04F79EFBC}") = "CircleTheButtons", "CircleTheButtons\CircleTheButtons.csproj", "{C17AB339-178A-4B8B-9E57-1D1266D5B5CD}"
EndProject
Project("{2150E333-8FDC-42A3-9474-1A3956D46DE8}") = "Menu", "Menu", "{12B78F66-DDA9-47A9-810A-2883208E33DA}"
EndProject
Project("{FAE04EC0-301F-11D3-BF4B-00C04F79EFBC}") = "PeruseTheMenu", "PeruseTheMenu\PeruseTheMenu.csproj", "{E86B52A5-8928-425E-BF41-711AF04DFB72}"
EndProject
Global
	GlobalSection(SolutionConfigurationPlatforms) = preSolution
		Debug|Any CPU = Debug|Any CPU
		Debug|x64 = Debug|x64
		Debug|x86 = Debug|x86
		Release|Any CPU = Release|Any CPU
		Release|x64 = Release|x64
		Release|x86 = Release|x86
	EndGlobalSection
	GlobalSection(ProjectConfigurationPlatforms) = postSolution
		{C3C6C406-3418-4880-B3B5-5DF5C0FCA0E6}.Debug|Any CPU.ActiveCfg = Debug|x86
		{C3C6C406-3418-4880-B3B5-5DF5C0FCA0E6}.Debug|Any CPU.Build.0 = Debug|x86
		{C3C6C406-3418-4880-B3B5-5DF5C0FCA0E6}.Debug|x64.ActiveCfg = Debug|x64
		{C3C6C406-3418-4880-B3B5-5DF5C0FCA0E6}.Debug|x64.Build.0 = Debug|x64
		{C3C6C406-3418-4880-B3B5-5DF5C0FCA0E6}.Debug|x86.ActiveCfg = Debug|x86
		{C3C6C406-3418-4880-B3B5-5DF5C0FCA0E6}.Debug|x86.Build.0 = Debug|x86
		{C3C6C406-3418-4880-B3B5-5DF5C0FCA0E6}.Release|Any CPU.ActiveCfg = Release|Any CPU
		{C3C6C406-3418-4880-B3B5-5DF5C0FCA0E6}.Release|Any CPU.Build.0 = Release|Any CPU
		{C3C6C406-3418-4880-B3B5-5DF5C0FCA0E6}.Release|x64.ActiveCfg = Release|x64
		{C3C6C406-3418-4880-B3B5-5DF5C0FCA0E6}.Release|x64.Build.0 = Release|x64
		{C3C6C406-3418-4880-B3B5-5DF5C0FCA0E6}.Release|x86.ActiveCfg = Release|x86
		{C3C6C406-3418-4880-B3B5-5DF5C0FCA0E6}.Release|x86.Build.0 = Release|x86
		{005DFCB8-F386-44E6-8E0D-0854D6E4644D}.Debug|Any CPU.ActiveCfg = Debug|Any CPU
		{005DFCB8-F386-44E6-8E0D-0854D6E4644D}.Debug|Any CPU.Build.0 = Debug|Any CPU
		{005DFCB8-F386-44E6-8E0D-0854D6E4644D}.Debug|x64.ActiveCfg = Debug|Any CPU
		{005DFCB8-F386-44E6-8E0D-0854D6E4644D}.Debug|x64.Build.0 = Debug|Any CPU
		{005DFCB8-F386-44E6-8E0D-0854D6E4644D}.Debug|x86.ActiveCfg = Debug|Any CPU
		{005DFCB8-F386-44E6-8E0D-0854D6E4644D}.Debug|x86.Build.0 = Debug|Any CPU
		{005DFCB8-F386-44E6-8E0D-0854D6E4644D}.Release|Any CPU.ActiveCfg = Release|Any CPU
		{005DFCB8-F386-44E6-8E0D-0854D6E4644D}.Release|Any CPU.Build.0 = Release|Any CPU
		{005DFCB8-F386-44E6-8E0D-0854D6E4644D}.Release|x64.ActiveCfg = Release|Any CPU
		{005DFCB8-F386-44E6-8E0D-0854D6E4644D}.Release|x64.Build.0 = Release|Any CPU
		{005DFCB8-F386-44E6-8E0D-0854D6E4644D}.Release|x86.ActiveCfg = Release|Any CPU
		{005DFCB8-F386-44E6-8E0D-0854D6E4644D}.Release|x86.Build.0 = Release|Any CPU
		{155CCFCD-A7A3-4317-A4FA-99611A4D1AEC}.Debug|Any CPU.ActiveCfg = Debug|Any CPU
		{155CCFCD-A7A3-4317-A4FA-99611A4D1AEC}.Debug|Any CPU.Build.0 = Debug|Any CPU
		{155CCFCD-A7A3-4317-A4FA-99611A4D1AEC}.Debug|x64.ActiveCfg = Debug|Any CPU
		{155CCFCD-A7A3-4317-A4FA-99611A4D1AEC}.Debug|x64.Build.0 = Debug|Any CPU
		{155CCFCD-A7A3-4317-A4FA-99611A4D1AEC}.Debug|x86.ActiveCfg = Debug|Any CPU
		{155CCFCD-A7A3-4317-A4FA-99611A4D1AEC}.Debug|x86.Build.0 = Debug|Any CPU
		{155CCFCD-A7A3-4317-A4FA-99611A4D1AEC}.Release|Any CPU.ActiveCfg = Release|Any CPU
		{155CCFCD-A7A3-4317-A4FA-99611A4D1AEC}.Release|Any CPU.Build.0 = Release|Any CPU
		{155CCFCD-A7A3-4317-A4FA-99611A4D1AEC}.Release|x64.ActiveCfg = Release|Any CPU
		{155CCFCD-A7A3-4317-A4FA-99611A4D1AEC}.Release|x64.Build.0 = Release|Any CPU
		{155CCFCD-A7A3-4317-A4FA-99611A4D1AEC}.Release|x86.ActiveCfg = Release|Any CPU
		{155CCFCD-A7A3-4317-A4FA-99611A4D1AEC}.Release|x86.Build.0 = Release|Any CPU
		{44712D58-8D46-4A14-A2EA-2233805B5806}.Debug|Any CPU.ActiveCfg = Debug|Any CPU
		{44712D58-8D46-4A14-A2EA-2233805B5806}.Debug|Any CPU.Build.0 = Debug|Any CPU
		{44712D58-8D46-4A14-A2EA-2233805B5806}.Debug|x64.ActiveCfg = Debug|Any CPU
		{44712D58-8D46-4A14-A2EA-2233805B5806}.Debug|x64.Build.0 = Debug|Any CPU
		{44712D58-8D46-4A14-A2EA-2233805B5806}.Debug|x86.ActiveCfg = Debug|Any CPU
		{44712D58-8D46-4A14-A2EA-2233805B5806}.Debug|x86.Build.0 = Debug|Any CPU
		{44712D58-8D46-4A14-A2EA-2233805B5806}.Release|Any CPU.ActiveCfg = Release|Any CPU
		{44712D58-8D46-4A14-A2EA-2233805B5806}.Release|Any CPU.Build.0 = Release|Any CPU
		{44712D58-8D46-4A14-A2EA-2233805B5806}.Release|x64.ActiveCfg = Release|Any CPU
		{44712D58-8D46-4A14-A2EA-2233805B5806}.Release|x64.Build.0 = Release|Any CPU
		{44712D58-8D46-4A14-A2EA-2233805B5806}.Release|x86.ActiveCfg = Release|Any CPU
		{44712D58-8D46-4A14-A2EA-2233805B5806}.Release|x86.Build.0 = Release|Any CPU
		{D7DE2149-88E6-4BFD-9AB1-64284FB72C97}.Debug|Any CPU.ActiveCfg = Debug|Any CPU
		{D7DE2149-88E6-4BFD-9AB1-64284FB72C97}.Debug|Any CPU.Build.0 = Debug|Any CPU
		{D7DE2149-88E6-4BFD-9AB1-64284FB72C97}.Debug|x64.ActiveCfg = Debug|Any CPU
		{D7DE2149-88E6-4BFD-9AB1-64284FB72C97}.Debug|x64.Build.0 = Debug|Any CPU
		{D7DE2149-88E6-4BFD-9AB1-64284FB72C97}.Debug|x86.ActiveCfg = Debug|Any CPU
		{D7DE2149-88E6-4BFD-9AB1-64284FB72C97}.Debug|x86.Build.0 = Debug|Any CPU
		{D7DE2149-88E6-4BFD-9AB1-64284FB72C97}.Release|Any CPU.ActiveCfg = Release|Any CPU
		{D7DE2149-88E6-4BFD-9AB1-64284FB72C97}.Release|Any CPU.Build.0 = Release|Any CPU
		{D7DE2149-88E6-4BFD-9AB1-64284FB72C97}.Release|x64.ActiveCfg = Release|Any CPU
		{D7DE2149-88E6-4BFD-9AB1-64284FB72C97}.Release|x64.Build.0 = Release|Any CPU
		{D7DE2149-88E6-4BFD-9AB1-64284FB72C97}.Release|x86.ActiveCfg = Release|Any CPU
		{D7DE2149-88E6-4BFD-9AB1-64284FB72C97}.Release|x86.Build.0 = Release|Any CPU
		{F5BE2109-4FEE-4721-8D2C-99546F2B5871}.Debug|Any CPU.ActiveCfg = Debug|Any CPU
		{F5BE2109-4FEE-4721-8D2C-99546F2B5871}.Debug|Any CPU.Build.0 = Debug|Any CPU
		{F5BE2109-4FEE-4721-8D2C-99546F2B5871}.Debug|x64.ActiveCfg = Debug|Any CPU
		{F5BE2109-4FEE-4721-8D2C-99546F2B5871}.Debug|x64.Build.0 = Debug|Any CPU
		{F5BE2109-4FEE-4721-8D2C-99546F2B5871}.Debug|x86.ActiveCfg = Debug|Any CPU
		{F5BE2109-4FEE-4721-8D2C-99546F2B5871}.Debug|x86.Build.0 = Debug|Any CPU
		{F5BE2109-4FEE-4721-8D2C-99546F2B5871}.Release|Any CPU.ActiveCfg = Release|Any CPU
		{F5BE2109-4FEE-4721-8D2C-99546F2B5871}.Release|Any CPU.Build.0 = Release|Any CPU
		{F5BE2109-4FEE-4721-8D2C-99546F2B5871}.Release|x64.ActiveCfg = Release|Any CPU
		{F5BE2109-4FEE-4721-8D2C-99546F2B5871}.Release|x64.Build.0 = Release|Any CPU
		{F5BE2109-4FEE-4721-8D2C-99546F2B5871}.Release|x86.ActiveCfg = Release|Any CPU
		{F5BE2109-4FEE-4721-8D2C-99546F2B5871}.Release|x86.Build.0 = Release|Any CPU
		{DF747D36-199D-4013-9898-659460E6FECB}.Debug|Any CPU.ActiveCfg = Debug|Any CPU
		{DF747D36-199D-4013-9898-659460E6FECB}.Debug|Any CPU.Build.0 = Debug|Any CPU
		{DF747D36-199D-4013-9898-659460E6FECB}.Debug|x64.ActiveCfg = Debug|Any CPU
		{DF747D36-199D-4013-9898-659460E6FECB}.Debug|x64.Build.0 = Debug|Any CPU
		{DF747D36-199D-4013-9898-659460E6FECB}.Debug|x86.ActiveCfg = Debug|Any CPU
		{DF747D36-199D-4013-9898-659460E6FECB}.Debug|x86.Build.0 = Debug|Any CPU
		{DF747D36-199D-4013-9898-659460E6FECB}.Release|Any CPU.ActiveCfg = Release|Any CPU
		{DF747D36-199D-4013-9898-659460E6FECB}.Release|Any CPU.Build.0 = Release|Any CPU
		{DF747D36-199D-4013-9898-659460E6FECB}.Release|x64.ActiveCfg = Release|Any CPU
		{DF747D36-199D-4013-9898-659460E6FECB}.Release|x64.Build.0 = Release|Any CPU
		{DF747D36-199D-4013-9898-659460E6FECB}.Release|x86.ActiveCfg = Release|Any CPU
		{DF747D36-199D-4013-9898-659460E6FECB}.Release|x86.Build.0 = Release|Any CPU
		{11276ACE-C29F-4224-BF12-BF4125CE6382}.Debug|Any CPU.ActiveCfg = Debug|Any CPU
		{11276ACE-C29F-4224-BF12-BF4125CE6382}.Debug|Any CPU.Build.0 = Debug|Any CPU
		{11276ACE-C29F-4224-BF12-BF4125CE6382}.Debug|x64.ActiveCfg = Debug|Any CPU
		{11276ACE-C29F-4224-BF12-BF4125CE6382}.Debug|x64.Build.0 = Debug|Any CPU
		{11276ACE-C29F-4224-BF12-BF4125CE6382}.Debug|x86.ActiveCfg = Debug|Any CPU
		{11276ACE-C29F-4224-BF12-BF4125CE6382}.Debug|x86.Build.0 = Debug|Any CPU
		{11276ACE-C29F-4224-BF12-BF4125CE6382}.Release|Any CPU.ActiveCfg = Release|Any CPU
		{11276ACE-C29F-4224-BF12-BF4125CE6382}.Release|Any CPU.Build.0 = Release|Any CPU
		{11276ACE-C29F-4224-BF12-BF4125CE6382}.Release|x64.ActiveCfg = Release|Any CPU
		{11276ACE-C29F-4224-BF12-BF4125CE6382}.Release|x64.Build.0 = Release|Any CPU
		{11276ACE-C29F-4224-BF12-BF4125CE6382}.Release|x86.ActiveCfg = Release|Any CPU
		{11276ACE-C29F-4224-BF12-BF4125CE6382}.Release|x86.Build.0 = Release|Any CPU
		{DE48AE58-383C-48EC-AD63-1FCBCF0A12B6}.Debug|Any CPU.ActiveCfg = Debug|Any CPU
		{DE48AE58-383C-48EC-AD63-1FCBCF0A12B6}.Debug|Any CPU.Build.0 = Debug|Any CPU
		{DE48AE58-383C-48EC-AD63-1FCBCF0A12B6}.Debug|x64.ActiveCfg = Debug|Any CPU
		{DE48AE58-383C-48EC-AD63-1FCBCF0A12B6}.Debug|x64.Build.0 = Debug|Any CPU
		{DE48AE58-383C-48EC-AD63-1FCBCF0A12B6}.Debug|x86.ActiveCfg = Debug|Any CPU
		{DE48AE58-383C-48EC-AD63-1FCBCF0A12B6}.Debug|x86.Build.0 = Debug|Any CPU
		{DE48AE58-383C-48EC-AD63-1FCBCF0A12B6}.Release|Any CPU.ActiveCfg = Release|Any CPU
		{DE48AE58-383C-48EC-AD63-1FCBCF0A12B6}.Release|Any CPU.Build.0 = Release|Any CPU
		{DE48AE58-383C-48EC-AD63-1FCBCF0A12B6}.Release|x64.ActiveCfg = Release|Any CPU
		{DE48AE58-383C-48EC-AD63-1FCBCF0A12B6}.Release|x64.Build.0 = Release|Any CPU
		{DE48AE58-383C-48EC-AD63-1FCBCF0A12B6}.Release|x86.ActiveCfg = Release|Any CPU
		{DE48AE58-383C-48EC-AD63-1FCBCF0A12B6}.Release|x86.Build.0 = Release|Any CPU
		{B5F73714-8756-4A97-AFB3-65DBCCBEFB91}.Debug|Any CPU.ActiveCfg = Debug|Any CPU
		{B5F73714-8756-4A97-AFB3-65DBCCBEFB91}.Debug|Any CPU.Build.0 = Debug|Any CPU
		{B5F73714-8756-4A97-AFB3-65DBCCBEFB91}.Debug|x64.ActiveCfg = Debug|Any CPU
		{B5F73714-8756-4A97-AFB3-65DBCCBEFB91}.Debug|x64.Build.0 = Debug|Any CPU
		{B5F73714-8756-4A97-AFB3-65DBCCBEFB91}.Debug|x86.ActiveCfg = Debug|Any CPU
		{B5F73714-8756-4A97-AFB3-65DBCCBEFB91}.Debug|x86.Build.0 = Debug|Any CPU
		{B5F73714-8756-4A97-AFB3-65DBCCBEFB91}.Release|Any CPU.ActiveCfg = Release|Any CPU
		{B5F73714-8756-4A97-AFB3-65DBCCBEFB91}.Release|Any CPU.Build.0 = Release|Any CPU
		{B5F73714-8756-4A97-AFB3-65DBCCBEFB91}.Release|x64.ActiveCfg = Release|Any CPU
		{B5F73714-8756-4A97-AFB3-65DBCCBEFB91}.Release|x64.Build.0 = Release|Any CPU
		{B5F73714-8756-4A97-AFB3-65DBCCBEFB91}.Release|x86.ActiveCfg = Release|Any CPU
		{B5F73714-8756-4A97-AFB3-65DBCCBEFB91}.Release|x86.Build.0 = Release|Any CPU
		{0F18238C-4E7F-488C-8F31-9AD105B533A0}.Debug|Any CPU.ActiveCfg = Debug|Any CPU
		{0F18238C-4E7F-488C-8F31-9AD105B533A0}.Debug|Any CPU.Build.0 = Debug|Any CPU
		{0F18238C-4E7F-488C-8F31-9AD105B533A0}.Debug|x64.ActiveCfg = Debug|Any CPU
		{0F18238C-4E7F-488C-8F31-9AD105B533A0}.Debug|x64.Build.0 = Debug|Any CPU
		{0F18238C-4E7F-488C-8F31-9AD105B533A0}.Debug|x86.ActiveCfg = Debug|Any CPU
		{0F18238C-4E7F-488C-8F31-9AD105B533A0}.Debug|x86.Build.0 = Debug|Any CPU
		{0F18238C-4E7F-488C-8F31-9AD105B533A0}.Release|Any CPU.ActiveCfg = Release|Any CPU
		{0F18238C-4E7F-488C-8F31-9AD105B533A0}.Release|Any CPU.Build.0 = Release|Any CPU
		{0F18238C-4E7F-488C-8F31-9AD105B533A0}.Release|x64.ActiveCfg = Release|Any CPU
		{0F18238C-4E7F-488C-8F31-9AD105B533A0}.Release|x64.Build.0 = Release|Any CPU
		{0F18238C-4E7F-488C-8F31-9AD105B533A0}.Release|x86.ActiveCfg = Release|Any CPU
		{0F18238C-4E7F-488C-8F31-9AD105B533A0}.Release|x86.Build.0 = Release|Any CPU
		{4AE34DB1-292D-4B4A-9360-8D143A02B3DC}.Debug|Any CPU.ActiveCfg = Debug|Any CPU
		{4AE34DB1-292D-4B4A-9360-8D143A02B3DC}.Debug|Any CPU.Build.0 = Debug|Any CPU
		{4AE34DB1-292D-4B4A-9360-8D143A02B3DC}.Debug|x64.ActiveCfg = Debug|Any CPU
		{4AE34DB1-292D-4B4A-9360-8D143A02B3DC}.Debug|x64.Build.0 = Debug|Any CPU
		{4AE34DB1-292D-4B4A-9360-8D143A02B3DC}.Debug|x86.ActiveCfg = Debug|Any CPU
		{4AE34DB1-292D-4B4A-9360-8D143A02B3DC}.Debug|x86.Build.0 = Debug|Any CPU
		{4AE34DB1-292D-4B4A-9360-8D143A02B3DC}.Release|Any CPU.ActiveCfg = Release|Any CPU
		{4AE34DB1-292D-4B4A-9360-8D143A02B3DC}.Release|Any CPU.Build.0 = Release|Any CPU
		{4AE34DB1-292D-4B4A-9360-8D143A02B3DC}.Release|x64.ActiveCfg = Release|Any CPU
		{4AE34DB1-292D-4B4A-9360-8D143A02B3DC}.Release|x64.Build.0 = Release|Any CPU
		{4AE34DB1-292D-4B4A-9360-8D143A02B3DC}.Release|x86.ActiveCfg = Release|Any CPU
		{4AE34DB1-292D-4B4A-9360-8D143A02B3DC}.Release|x86.Build.0 = Release|Any CPU
		{DADADDD2-EF53-41BE-91B6-66E8DDA59945}.Debug|Any CPU.ActiveCfg = Debug|Any CPU
		{DADADDD2-EF53-41BE-91B6-66E8DDA59945}.Debug|Any CPU.Build.0 = Debug|Any CPU
		{DADADDD2-EF53-41BE-91B6-66E8DDA59945}.Debug|x64.ActiveCfg = Debug|Any CPU
		{DADADDD2-EF53-41BE-91B6-66E8DDA59945}.Debug|x64.Build.0 = Debug|Any CPU
		{DADADDD2-EF53-41BE-91B6-66E8DDA59945}.Debug|x86.ActiveCfg = Debug|Any CPU
		{DADADDD2-EF53-41BE-91B6-66E8DDA59945}.Debug|x86.Build.0 = Debug|Any CPU
		{DADADDD2-EF53-41BE-91B6-66E8DDA59945}.Release|Any CPU.ActiveCfg = Release|Any CPU
		{DADADDD2-EF53-41BE-91B6-66E8DDA59945}.Release|Any CPU.Build.0 = Release|Any CPU
		{DADADDD2-EF53-41BE-91B6-66E8DDA59945}.Release|x64.ActiveCfg = Release|Any CPU
		{DADADDD2-EF53-41BE-91B6-66E8DDA59945}.Release|x64.Build.0 = Release|Any CPU
		{DADADDD2-EF53-41BE-91B6-66E8DDA59945}.Release|x86.ActiveCfg = Release|Any CPU
		{DADADDD2-EF53-41BE-91B6-66E8DDA59945}.Release|x86.Build.0 = Release|Any CPU
		{5F0F4552-417E-41C7-B805-8198DB4241E2}.Debug|Any CPU.ActiveCfg = Debug|Any CPU
		{5F0F4552-417E-41C7-B805-8198DB4241E2}.Debug|Any CPU.Build.0 = Debug|Any CPU
		{5F0F4552-417E-41C7-B805-8198DB4241E2}.Debug|x64.ActiveCfg = Debug|Any CPU
		{5F0F4552-417E-41C7-B805-8198DB4241E2}.Debug|x64.Build.0 = Debug|Any CPU
		{5F0F4552-417E-41C7-B805-8198DB4241E2}.Debug|x86.ActiveCfg = Debug|Any CPU
		{5F0F4552-417E-41C7-B805-8198DB4241E2}.Debug|x86.Build.0 = Debug|Any CPU
		{5F0F4552-417E-41C7-B805-8198DB4241E2}.Release|Any CPU.ActiveCfg = Release|Any CPU
		{5F0F4552-417E-41C7-B805-8198DB4241E2}.Release|Any CPU.Build.0 = Release|Any CPU
		{5F0F4552-417E-41C7-B805-8198DB4241E2}.Release|x64.ActiveCfg = Release|Any CPU
		{5F0F4552-417E-41C7-B805-8198DB4241E2}.Release|x64.Build.0 = Release|Any CPU
		{5F0F4552-417E-41C7-B805-8198DB4241E2}.Release|x86.ActiveCfg = Release|Any CPU
		{5F0F4552-417E-41C7-B805-8198DB4241E2}.Release|x86.Build.0 = Release|Any CPU
		{99B53C7D-F7FC-4502-B3D7-0DD2AFA915F8}.Debug|Any CPU.ActiveCfg = Debug|Any CPU
		{99B53C7D-F7FC-4502-B3D7-0DD2AFA915F8}.Debug|Any CPU.Build.0 = Debug|Any CPU
		{99B53C7D-F7FC-4502-B3D7-0DD2AFA915F8}.Debug|x64.ActiveCfg = Debug|Any CPU
		{99B53C7D-F7FC-4502-B3D7-0DD2AFA915F8}.Debug|x64.Build.0 = Debug|Any CPU
		{99B53C7D-F7FC-4502-B3D7-0DD2AFA915F8}.Debug|x86.ActiveCfg = Debug|Any CPU
		{99B53C7D-F7FC-4502-B3D7-0DD2AFA915F8}.Debug|x86.Build.0 = Debug|Any CPU
		{99B53C7D-F7FC-4502-B3D7-0DD2AFA915F8}.Release|Any CPU.ActiveCfg = Release|Any CPU
		{99B53C7D-F7FC-4502-B3D7-0DD2AFA915F8}.Release|Any CPU.Build.0 = Release|Any CPU
		{99B53C7D-F7FC-4502-B3D7-0DD2AFA915F8}.Release|x64.ActiveCfg = Release|Any CPU
		{99B53C7D-F7FC-4502-B3D7-0DD2AFA915F8}.Release|x64.Build.0 = Release|Any CPU
		{99B53C7D-F7FC-4502-B3D7-0DD2AFA915F8}.Release|x86.ActiveCfg = Release|Any CPU
		{99B53C7D-F7FC-4502-B3D7-0DD2AFA915F8}.Release|x86.Build.0 = Release|Any CPU
		{42A6AF10-E35E-4F68-A1D7-9A27F1D8B03A}.Debug|Any CPU.ActiveCfg = Debug|Any CPU
		{42A6AF10-E35E-4F68-A1D7-9A27F1D8B03A}.Debug|Any CPU.Build.0 = Debug|Any CPU
		{42A6AF10-E35E-4F68-A1D7-9A27F1D8B03A}.Debug|x64.ActiveCfg = Debug|Any CPU
		{42A6AF10-E35E-4F68-A1D7-9A27F1D8B03A}.Debug|x64.Build.0 = Debug|Any CPU
		{42A6AF10-E35E-4F68-A1D7-9A27F1D8B03A}.Debug|x86.ActiveCfg = Debug|Any CPU
		{42A6AF10-E35E-4F68-A1D7-9A27F1D8B03A}.Debug|x86.Build.0 = Debug|Any CPU
		{42A6AF10-E35E-4F68-A1D7-9A27F1D8B03A}.Release|Any CPU.ActiveCfg = Release|Any CPU
		{42A6AF10-E35E-4F68-A1D7-9A27F1D8B03A}.Release|Any CPU.Build.0 = Release|Any CPU
		{42A6AF10-E35E-4F68-A1D7-9A27F1D8B03A}.Release|x64.ActiveCfg = Release|Any CPU
		{42A6AF10-E35E-4F68-A1D7-9A27F1D8B03A}.Release|x64.Build.0 = Release|Any CPU
		{42A6AF10-E35E-4F68-A1D7-9A27F1D8B03A}.Release|x86.ActiveCfg = Release|Any CPU
		{42A6AF10-E35E-4F68-A1D7-9A27F1D8B03A}.Release|x86.Build.0 = Release|Any CPU
		{821CDB16-56F9-4694-9D7D-50B6B5D129A7}.Debug|Any CPU.ActiveCfg = Debug|Any CPU
		{821CDB16-56F9-4694-9D7D-50B6B5D129A7}.Debug|Any CPU.Build.0 = Debug|Any CPU
		{821CDB16-56F9-4694-9D7D-50B6B5D129A7}.Debug|x64.ActiveCfg = Debug|Any CPU
		{821CDB16-56F9-4694-9D7D-50B6B5D129A7}.Debug|x64.Build.0 = Debug|Any CPU
		{821CDB16-56F9-4694-9D7D-50B6B5D129A7}.Debug|x86.ActiveCfg = Debug|Any CPU
		{821CDB16-56F9-4694-9D7D-50B6B5D129A7}.Debug|x86.Build.0 = Debug|Any CPU
		{821CDB16-56F9-4694-9D7D-50B6B5D129A7}.Release|Any CPU.ActiveCfg = Release|Any CPU
		{821CDB16-56F9-4694-9D7D-50B6B5D129A7}.Release|Any CPU.Build.0 = Release|Any CPU
		{821CDB16-56F9-4694-9D7D-50B6B5D129A7}.Release|x64.ActiveCfg = Release|Any CPU
		{821CDB16-56F9-4694-9D7D-50B6B5D129A7}.Release|x64.Build.0 = Release|Any CPU
		{821CDB16-56F9-4694-9D7D-50B6B5D129A7}.Release|x86.ActiveCfg = Release|Any CPU
		{821CDB16-56F9-4694-9D7D-50B6B5D129A7}.Release|x86.Build.0 = Release|Any CPU
		{CB6D8C5B-56AA-4839-8D3E-BA478934B0D3}.Debug|Any CPU.ActiveCfg = Debug|Any CPU
		{CB6D8C5B-56AA-4839-8D3E-BA478934B0D3}.Debug|Any CPU.Build.0 = Debug|Any CPU
		{CB6D8C5B-56AA-4839-8D3E-BA478934B0D3}.Debug|x64.ActiveCfg = Debug|Any CPU
		{CB6D8C5B-56AA-4839-8D3E-BA478934B0D3}.Debug|x64.Build.0 = Debug|Any CPU
		{CB6D8C5B-56AA-4839-8D3E-BA478934B0D3}.Debug|x86.ActiveCfg = Debug|Any CPU
		{CB6D8C5B-56AA-4839-8D3E-BA478934B0D3}.Debug|x86.Build.0 = Debug|Any CPU
		{CB6D8C5B-56AA-4839-8D3E-BA478934B0D3}.Release|Any CPU.ActiveCfg = Release|Any CPU
		{CB6D8C5B-56AA-4839-8D3E-BA478934B0D3}.Release|Any CPU.Build.0 = Release|Any CPU
		{CB6D8C5B-56AA-4839-8D3E-BA478934B0D3}.Release|x64.ActiveCfg = Release|Any CPU
		{CB6D8C5B-56AA-4839-8D3E-BA478934B0D3}.Release|x64.Build.0 = Release|Any CPU
		{CB6D8C5B-56AA-4839-8D3E-BA478934B0D3}.Release|x86.ActiveCfg = Release|Any CPU
		{CB6D8C5B-56AA-4839-8D3E-BA478934B0D3}.Release|x86.Build.0 = Release|Any CPU
		{FAC4BFF7-9BFE-485A-BD90-BF673A6E089B}.Debug|Any CPU.ActiveCfg = Debug|Any CPU
		{FAC4BFF7-9BFE-485A-BD90-BF673A6E089B}.Debug|Any CPU.Build.0 = Debug|Any CPU
		{FAC4BFF7-9BFE-485A-BD90-BF673A6E089B}.Debug|x64.ActiveCfg = Debug|Any CPU
		{FAC4BFF7-9BFE-485A-BD90-BF673A6E089B}.Debug|x64.Build.0 = Debug|Any CPU
		{FAC4BFF7-9BFE-485A-BD90-BF673A6E089B}.Debug|x86.ActiveCfg = Debug|Any CPU
		{FAC4BFF7-9BFE-485A-BD90-BF673A6E089B}.Debug|x86.Build.0 = Debug|Any CPU
		{FAC4BFF7-9BFE-485A-BD90-BF673A6E089B}.Release|Any CPU.ActiveCfg = Release|Any CPU
		{FAC4BFF7-9BFE-485A-BD90-BF673A6E089B}.Release|Any CPU.Build.0 = Release|Any CPU
		{FAC4BFF7-9BFE-485A-BD90-BF673A6E089B}.Release|x64.ActiveCfg = Release|Any CPU
		{FAC4BFF7-9BFE-485A-BD90-BF673A6E089B}.Release|x64.Build.0 = Release|Any CPU
		{FAC4BFF7-9BFE-485A-BD90-BF673A6E089B}.Release|x86.ActiveCfg = Release|Any CPU
		{FAC4BFF7-9BFE-485A-BD90-BF673A6E089B}.Release|x86.Build.0 = Release|Any CPU
		{02AA5D51-2FF0-49EE-8BD3-E3FE0C97506A}.Debug|Any CPU.ActiveCfg = Debug|Any CPU
		{02AA5D51-2FF0-49EE-8BD3-E3FE0C97506A}.Debug|Any CPU.Build.0 = Debug|Any CPU
		{02AA5D51-2FF0-49EE-8BD3-E3FE0C97506A}.Debug|x64.ActiveCfg = Debug|Any CPU
		{02AA5D51-2FF0-49EE-8BD3-E3FE0C97506A}.Debug|x64.Build.0 = Debug|Any CPU
		{02AA5D51-2FF0-49EE-8BD3-E3FE0C97506A}.Debug|x86.ActiveCfg = Debug|Any CPU
		{02AA5D51-2FF0-49EE-8BD3-E3FE0C97506A}.Debug|x86.Build.0 = Debug|Any CPU
		{02AA5D51-2FF0-49EE-8BD3-E3FE0C97506A}.Release|Any CPU.ActiveCfg = Release|Any CPU
		{02AA5D51-2FF0-49EE-8BD3-E3FE0C97506A}.Release|Any CPU.Build.0 = Release|Any CPU
		{02AA5D51-2FF0-49EE-8BD3-E3FE0C97506A}.Release|x64.ActiveCfg = Release|Any CPU
		{02AA5D51-2FF0-49EE-8BD3-E3FE0C97506A}.Release|x64.Build.0 = Release|Any CPU
		{02AA5D51-2FF0-49EE-8BD3-E3FE0C97506A}.Release|x86.ActiveCfg = Release|Any CPU
		{02AA5D51-2FF0-49EE-8BD3-E3FE0C97506A}.Release|x86.Build.0 = Release|Any CPU
		{91A986D9-8C88-48E0-95B4-20D0D53A76E9}.Debug|Any CPU.ActiveCfg = Debug|Any CPU
		{91A986D9-8C88-48E0-95B4-20D0D53A76E9}.Debug|Any CPU.Build.0 = Debug|Any CPU
		{91A986D9-8C88-48E0-95B4-20D0D53A76E9}.Debug|x64.ActiveCfg = Debug|Any CPU
		{91A986D9-8C88-48E0-95B4-20D0D53A76E9}.Debug|x64.Build.0 = Debug|Any CPU
		{91A986D9-8C88-48E0-95B4-20D0D53A76E9}.Debug|x86.ActiveCfg = Debug|Any CPU
		{91A986D9-8C88-48E0-95B4-20D0D53A76E9}.Debug|x86.Build.0 = Debug|Any CPU
		{91A986D9-8C88-48E0-95B4-20D0D53A76E9}.Release|Any CPU.ActiveCfg = Release|Any CPU
		{91A986D9-8C88-48E0-95B4-20D0D53A76E9}.Release|Any CPU.Build.0 = Release|Any CPU
		{91A986D9-8C88-48E0-95B4-20D0D53A76E9}.Release|x64.ActiveCfg = Release|Any CPU
		{91A986D9-8C88-48E0-95B4-20D0D53A76E9}.Release|x64.Build.0 = Release|Any CPU
		{91A986D9-8C88-48E0-95B4-20D0D53A76E9}.Release|x86.ActiveCfg = Release|Any CPU
		{91A986D9-8C88-48E0-95B4-20D0D53A76E9}.Release|x86.Build.0 = Release|Any CPU
		{8F6A359E-B1E6-440B-9AAE-78EB948F2F9A}.Debug|Any CPU.ActiveCfg = Debug|Any CPU
		{8F6A359E-B1E6-440B-9AAE-78EB948F2F9A}.Debug|Any CPU.Build.0 = Debug|Any CPU
		{8F6A359E-B1E6-440B-9AAE-78EB948F2F9A}.Debug|x64.ActiveCfg = Debug|Any CPU
		{8F6A359E-B1E6-440B-9AAE-78EB948F2F9A}.Debug|x64.Build.0 = Debug|Any CPU
		{8F6A359E-B1E6-440B-9AAE-78EB948F2F9A}.Debug|x86.ActiveCfg = Debug|Any CPU
		{8F6A359E-B1E6-440B-9AAE-78EB948F2F9A}.Debug|x86.Build.0 = Debug|Any CPU
		{8F6A359E-B1E6-440B-9AAE-78EB948F2F9A}.Release|Any CPU.ActiveCfg = Release|Any CPU
		{8F6A359E-B1E6-440B-9AAE-78EB948F2F9A}.Release|Any CPU.Build.0 = Release|Any CPU
		{8F6A359E-B1E6-440B-9AAE-78EB948F2F9A}.Release|x64.ActiveCfg = Release|Any CPU
		{8F6A359E-B1E6-440B-9AAE-78EB948F2F9A}.Release|x64.Build.0 = Release|Any CPU
		{8F6A359E-B1E6-440B-9AAE-78EB948F2F9A}.Release|x86.ActiveCfg = Release|Any CPU
		{8F6A359E-B1E6-440B-9AAE-78EB948F2F9A}.Release|x86.Build.0 = Release|Any CPU
		{B13F7BEE-D1B3-42E2-8E19-280F0B7FEFE3}.Debug|Any CPU.ActiveCfg = Debug|Any CPU
		{B13F7BEE-D1B3-42E2-8E19-280F0B7FEFE3}.Debug|Any CPU.Build.0 = Debug|Any CPU
		{B13F7BEE-D1B3-42E2-8E19-280F0B7FEFE3}.Debug|x64.ActiveCfg = Debug|Any CPU
		{B13F7BEE-D1B3-42E2-8E19-280F0B7FEFE3}.Debug|x64.Build.0 = Debug|Any CPU
		{B13F7BEE-D1B3-42E2-8E19-280F0B7FEFE3}.Debug|x86.ActiveCfg = Debug|Any CPU
		{B13F7BEE-D1B3-42E2-8E19-280F0B7FEFE3}.Debug|x86.Build.0 = Debug|Any CPU
		{B13F7BEE-D1B3-42E2-8E19-280F0B7FEFE3}.Release|Any CPU.ActiveCfg = Release|Any CPU
		{B13F7BEE-D1B3-42E2-8E19-280F0B7FEFE3}.Release|Any CPU.Build.0 = Release|Any CPU
		{B13F7BEE-D1B3-42E2-8E19-280F0B7FEFE3}.Release|x64.ActiveCfg = Release|Any CPU
		{B13F7BEE-D1B3-42E2-8E19-280F0B7FEFE3}.Release|x64.Build.0 = Release|Any CPU
		{B13F7BEE-D1B3-42E2-8E19-280F0B7FEFE3}.Release|x86.ActiveCfg = Release|Any CPU
		{B13F7BEE-D1B3-42E2-8E19-280F0B7FEFE3}.Release|x86.Build.0 = Release|Any CPU
		{63852C94-AEE7-486A-8C83-C913C5637C42}.Debug|Any CPU.ActiveCfg = Debug|Any CPU
		{63852C94-AEE7-486A-8C83-C913C5637C42}.Debug|Any CPU.Build.0 = Debug|Any CPU
		{63852C94-AEE7-486A-8C83-C913C5637C42}.Debug|x64.ActiveCfg = Debug|Any CPU
		{63852C94-AEE7-486A-8C83-C913C5637C42}.Debug|x64.Build.0 = Debug|Any CPU
		{63852C94-AEE7-486A-8C83-C913C5637C42}.Debug|x86.ActiveCfg = Debug|Any CPU
		{63852C94-AEE7-486A-8C83-C913C5637C42}.Debug|x86.Build.0 = Debug|Any CPU
		{63852C94-AEE7-486A-8C83-C913C5637C42}.Release|Any CPU.ActiveCfg = Release|Any CPU
		{63852C94-AEE7-486A-8C83-C913C5637C42}.Release|Any CPU.Build.0 = Release|Any CPU
		{63852C94-AEE7-486A-8C83-C913C5637C42}.Release|x64.ActiveCfg = Release|Any CPU
		{63852C94-AEE7-486A-8C83-C913C5637C42}.Release|x64.Build.0 = Release|Any CPU
		{63852C94-AEE7-486A-8C83-C913C5637C42}.Release|x86.ActiveCfg = Release|Any CPU
		{63852C94-AEE7-486A-8C83-C913C5637C42}.Release|x86.Build.0 = Release|Any CPU
		{26B71F7B-6A60-4545-8E35-1D52A4EDA0AC}.Debug|Any CPU.ActiveCfg = Debug|Any CPU
		{26B71F7B-6A60-4545-8E35-1D52A4EDA0AC}.Debug|Any CPU.Build.0 = Debug|Any CPU
		{26B71F7B-6A60-4545-8E35-1D52A4EDA0AC}.Debug|x64.ActiveCfg = Debug|Any CPU
		{26B71F7B-6A60-4545-8E35-1D52A4EDA0AC}.Debug|x64.Build.0 = Debug|Any CPU
		{26B71F7B-6A60-4545-8E35-1D52A4EDA0AC}.Debug|x86.ActiveCfg = Debug|Any CPU
		{26B71F7B-6A60-4545-8E35-1D52A4EDA0AC}.Debug|x86.Build.0 = Debug|Any CPU
		{26B71F7B-6A60-4545-8E35-1D52A4EDA0AC}.Release|Any CPU.ActiveCfg = Release|Any CPU
		{26B71F7B-6A60-4545-8E35-1D52A4EDA0AC}.Release|Any CPU.Build.0 = Release|Any CPU
		{26B71F7B-6A60-4545-8E35-1D52A4EDA0AC}.Release|x64.ActiveCfg = Release|Any CPU
		{26B71F7B-6A60-4545-8E35-1D52A4EDA0AC}.Release|x64.Build.0 = Release|Any CPU
		{26B71F7B-6A60-4545-8E35-1D52A4EDA0AC}.Release|x86.ActiveCfg = Release|Any CPU
		{26B71F7B-6A60-4545-8E35-1D52A4EDA0AC}.Release|x86.Build.0 = Release|Any CPU
		{4D5501D0-58BA-4F58-89B2-9FA21DD9210B}.Debug|Any CPU.ActiveCfg = Debug|Any CPU
		{4D5501D0-58BA-4F58-89B2-9FA21DD9210B}.Debug|Any CPU.Build.0 = Debug|Any CPU
		{4D5501D0-58BA-4F58-89B2-9FA21DD9210B}.Debug|x64.ActiveCfg = Debug|Any CPU
		{4D5501D0-58BA-4F58-89B2-9FA21DD9210B}.Debug|x64.Build.0 = Debug|Any CPU
		{4D5501D0-58BA-4F58-89B2-9FA21DD9210B}.Debug|x86.ActiveCfg = Debug|Any CPU
		{4D5501D0-58BA-4F58-89B2-9FA21DD9210B}.Debug|x86.Build.0 = Debug|Any CPU
		{4D5501D0-58BA-4F58-89B2-9FA21DD9210B}.Release|Any CPU.ActiveCfg = Release|Any CPU
		{4D5501D0-58BA-4F58-89B2-9FA21DD9210B}.Release|Any CPU.Build.0 = Release|Any CPU
		{4D5501D0-58BA-4F58-89B2-9FA21DD9210B}.Release|x64.ActiveCfg = Release|Any CPU
		{4D5501D0-58BA-4F58-89B2-9FA21DD9210B}.Release|x64.Build.0 = Release|Any CPU
		{4D5501D0-58BA-4F58-89B2-9FA21DD9210B}.Release|x86.ActiveCfg = Release|Any CPU
		{4D5501D0-58BA-4F58-89B2-9FA21DD9210B}.Release|x86.Build.0 = Release|Any CPU
		{67A35B59-E156-44E0-AA73-7C7EA9E5BEC6}.Debug|Any CPU.ActiveCfg = Debug|Any CPU
		{67A35B59-E156-44E0-AA73-7C7EA9E5BEC6}.Debug|Any CPU.Build.0 = Debug|Any CPU
		{67A35B59-E156-44E0-AA73-7C7EA9E5BEC6}.Debug|x64.ActiveCfg = Debug|Any CPU
		{67A35B59-E156-44E0-AA73-7C7EA9E5BEC6}.Debug|x64.Build.0 = Debug|Any CPU
		{67A35B59-E156-44E0-AA73-7C7EA9E5BEC6}.Debug|x86.ActiveCfg = Debug|Any CPU
		{67A35B59-E156-44E0-AA73-7C7EA9E5BEC6}.Debug|x86.Build.0 = Debug|Any CPU
		{67A35B59-E156-44E0-AA73-7C7EA9E5BEC6}.Release|Any CPU.ActiveCfg = Release|Any CPU
		{67A35B59-E156-44E0-AA73-7C7EA9E5BEC6}.Release|Any CPU.Build.0 = Release|Any CPU
		{67A35B59-E156-44E0-AA73-7C7EA9E5BEC6}.Release|x64.ActiveCfg = Release|Any CPU
		{67A35B59-E156-44E0-AA73-7C7EA9E5BEC6}.Release|x64.Build.0 = Release|Any CPU
		{67A35B59-E156-44E0-AA73-7C7EA9E5BEC6}.Release|x86.ActiveCfg = Release|Any CPU
		{67A35B59-E156-44E0-AA73-7C7EA9E5BEC6}.Release|x86.Build.0 = Release|Any CPU
		{B687E8AD-40E5-413C-8859-B7BA80F71352}.Debug|Any CPU.ActiveCfg = Debug|Any CPU
		{B687E8AD-40E5-413C-8859-B7BA80F71352}.Debug|Any CPU.Build.0 = Debug|Any CPU
		{B687E8AD-40E5-413C-8859-B7BA80F71352}.Debug|x64.ActiveCfg = Debug|Any CPU
		{B687E8AD-40E5-413C-8859-B7BA80F71352}.Debug|x64.Build.0 = Debug|Any CPU
		{B687E8AD-40E5-413C-8859-B7BA80F71352}.Debug|x86.ActiveCfg = Debug|Any CPU
		{B687E8AD-40E5-413C-8859-B7BA80F71352}.Debug|x86.Build.0 = Debug|Any CPU
		{B687E8AD-40E5-413C-8859-B7BA80F71352}.Release|Any CPU.ActiveCfg = Release|Any CPU
		{B687E8AD-40E5-413C-8859-B7BA80F71352}.Release|Any CPU.Build.0 = Release|Any CPU
		{B687E8AD-40E5-413C-8859-B7BA80F71352}.Release|x64.ActiveCfg = Release|Any CPU
		{B687E8AD-40E5-413C-8859-B7BA80F71352}.Release|x64.Build.0 = Release|Any CPU
		{B687E8AD-40E5-413C-8859-B7BA80F71352}.Release|x86.ActiveCfg = Release|Any CPU
		{B687E8AD-40E5-413C-8859-B7BA80F71352}.Release|x86.Build.0 = Release|Any CPU
		{F540628E-5CB1-4C34-B8E5-7F3746CD84AC}.Debug|Any CPU.ActiveCfg = Debug|Any CPU
		{F540628E-5CB1-4C34-B8E5-7F3746CD84AC}.Debug|Any CPU.Build.0 = Debug|Any CPU
		{F540628E-5CB1-4C34-B8E5-7F3746CD84AC}.Debug|x64.ActiveCfg = Debug|Any CPU
		{F540628E-5CB1-4C34-B8E5-7F3746CD84AC}.Debug|x64.Build.0 = Debug|Any CPU
		{F540628E-5CB1-4C34-B8E5-7F3746CD84AC}.Debug|x86.ActiveCfg = Debug|Any CPU
		{F540628E-5CB1-4C34-B8E5-7F3746CD84AC}.Debug|x86.Build.0 = Debug|Any CPU
		{F540628E-5CB1-4C34-B8E5-7F3746CD84AC}.Release|Any CPU.ActiveCfg = Release|Any CPU
		{F540628E-5CB1-4C34-B8E5-7F3746CD84AC}.Release|Any CPU.Build.0 = Release|Any CPU
		{F540628E-5CB1-4C34-B8E5-7F3746CD84AC}.Release|x64.ActiveCfg = Release|Any CPU
		{F540628E-5CB1-4C34-B8E5-7F3746CD84AC}.Release|x64.Build.0 = Release|Any CPU
		{F540628E-5CB1-4C34-B8E5-7F3746CD84AC}.Release|x86.ActiveCfg = Release|Any CPU
		{F540628E-5CB1-4C34-B8E5-7F3746CD84AC}.Release|x86.Build.0 = Release|Any CPU
		{0DFC6E73-6E15-4C1C-8E2F-86121368DBEE}.Debug|Any CPU.ActiveCfg = Debug|Any CPU
		{0DFC6E73-6E15-4C1C-8E2F-86121368DBEE}.Debug|Any CPU.Build.0 = Debug|Any CPU
		{0DFC6E73-6E15-4C1C-8E2F-86121368DBEE}.Debug|x64.ActiveCfg = Debug|Any CPU
		{0DFC6E73-6E15-4C1C-8E2F-86121368DBEE}.Debug|x64.Build.0 = Debug|Any CPU
		{0DFC6E73-6E15-4C1C-8E2F-86121368DBEE}.Debug|x86.ActiveCfg = Debug|Any CPU
		{0DFC6E73-6E15-4C1C-8E2F-86121368DBEE}.Debug|x86.Build.0 = Debug|Any CPU
		{0DFC6E73-6E15-4C1C-8E2F-86121368DBEE}.Release|Any CPU.ActiveCfg = Release|Any CPU
		{0DFC6E73-6E15-4C1C-8E2F-86121368DBEE}.Release|Any CPU.Build.0 = Release|Any CPU
		{0DFC6E73-6E15-4C1C-8E2F-86121368DBEE}.Release|x64.ActiveCfg = Release|Any CPU
		{0DFC6E73-6E15-4C1C-8E2F-86121368DBEE}.Release|x64.Build.0 = Release|Any CPU
		{0DFC6E73-6E15-4C1C-8E2F-86121368DBEE}.Release|x86.ActiveCfg = Release|Any CPU
		{0DFC6E73-6E15-4C1C-8E2F-86121368DBEE}.Release|x86.Build.0 = Release|Any CPU
		{25D21AF3-E0B5-42DD-B058-9A8A039F76AE}.Debug|Any CPU.ActiveCfg = Debug|Any CPU
		{25D21AF3-E0B5-42DD-B058-9A8A039F76AE}.Debug|Any CPU.Build.0 = Debug|Any CPU
		{25D21AF3-E0B5-42DD-B058-9A8A039F76AE}.Debug|x64.ActiveCfg = Debug|Any CPU
		{25D21AF3-E0B5-42DD-B058-9A8A039F76AE}.Debug|x64.Build.0 = Debug|Any CPU
		{25D21AF3-E0B5-42DD-B058-9A8A039F76AE}.Debug|x86.ActiveCfg = Debug|Any CPU
		{25D21AF3-E0B5-42DD-B058-9A8A039F76AE}.Debug|x86.Build.0 = Debug|Any CPU
		{25D21AF3-E0B5-42DD-B058-9A8A039F76AE}.Release|Any CPU.ActiveCfg = Release|Any CPU
		{25D21AF3-E0B5-42DD-B058-9A8A039F76AE}.Release|Any CPU.Build.0 = Release|Any CPU
		{25D21AF3-E0B5-42DD-B058-9A8A039F76AE}.Release|x64.ActiveCfg = Release|Any CPU
		{25D21AF3-E0B5-42DD-B058-9A8A039F76AE}.Release|x64.Build.0 = Release|Any CPU
		{25D21AF3-E0B5-42DD-B058-9A8A039F76AE}.Release|x86.ActiveCfg = Release|Any CPU
		{25D21AF3-E0B5-42DD-B058-9A8A039F76AE}.Release|x86.Build.0 = Release|Any CPU
		{0EABAB8E-89CB-45E8-BF85-BFAC68CD3C0D}.Debug|Any CPU.ActiveCfg = Debug|Any CPU
		{0EABAB8E-89CB-45E8-BF85-BFAC68CD3C0D}.Debug|Any CPU.Build.0 = Debug|Any CPU
		{0EABAB8E-89CB-45E8-BF85-BFAC68CD3C0D}.Debug|x64.ActiveCfg = Debug|Any CPU
		{0EABAB8E-89CB-45E8-BF85-BFAC68CD3C0D}.Debug|x64.Build.0 = Debug|Any CPU
		{0EABAB8E-89CB-45E8-BF85-BFAC68CD3C0D}.Debug|x86.ActiveCfg = Debug|Any CPU
		{0EABAB8E-89CB-45E8-BF85-BFAC68CD3C0D}.Debug|x86.Build.0 = Debug|Any CPU
		{0EABAB8E-89CB-45E8-BF85-BFAC68CD3C0D}.Release|Any CPU.ActiveCfg = Release|Any CPU
		{0EABAB8E-89CB-45E8-BF85-BFAC68CD3C0D}.Release|Any CPU.Build.0 = Release|Any CPU
		{0EABAB8E-89CB-45E8-BF85-BFAC68CD3C0D}.Release|x64.ActiveCfg = Release|Any CPU
		{0EABAB8E-89CB-45E8-BF85-BFAC68CD3C0D}.Release|x64.Build.0 = Release|Any CPU
		{0EABAB8E-89CB-45E8-BF85-BFAC68CD3C0D}.Release|x86.ActiveCfg = Release|Any CPU
		{0EABAB8E-89CB-45E8-BF85-BFAC68CD3C0D}.Release|x86.Build.0 = Release|Any CPU
		{C913511D-73E8-4D5E-8016-71CC57CE97CB}.Debug|Any CPU.ActiveCfg = Debug|Any CPU
		{C913511D-73E8-4D5E-8016-71CC57CE97CB}.Debug|Any CPU.Build.0 = Debug|Any CPU
		{C913511D-73E8-4D5E-8016-71CC57CE97CB}.Debug|x64.ActiveCfg = Debug|Any CPU
		{C913511D-73E8-4D5E-8016-71CC57CE97CB}.Debug|x64.Build.0 = Debug|Any CPU
		{C913511D-73E8-4D5E-8016-71CC57CE97CB}.Debug|x86.ActiveCfg = Debug|Any CPU
		{C913511D-73E8-4D5E-8016-71CC57CE97CB}.Debug|x86.Build.0 = Debug|Any CPU
		{C913511D-73E8-4D5E-8016-71CC57CE97CB}.Release|Any CPU.ActiveCfg = Release|Any CPU
		{C913511D-73E8-4D5E-8016-71CC57CE97CB}.Release|Any CPU.Build.0 = Release|Any CPU
		{C913511D-73E8-4D5E-8016-71CC57CE97CB}.Release|x64.ActiveCfg = Release|Any CPU
		{C913511D-73E8-4D5E-8016-71CC57CE97CB}.Release|x64.Build.0 = Release|Any CPU
		{C913511D-73E8-4D5E-8016-71CC57CE97CB}.Release|x86.ActiveCfg = Release|Any CPU
		{C913511D-73E8-4D5E-8016-71CC57CE97CB}.Release|x86.Build.0 = Release|Any CPU
		{B874EEDD-910D-4D60-9751-AD6D81E0BBFC}.Debug|Any CPU.ActiveCfg = Debug|Any CPU
		{B874EEDD-910D-4D60-9751-AD6D81E0BBFC}.Debug|Any CPU.Build.0 = Debug|Any CPU
		{B874EEDD-910D-4D60-9751-AD6D81E0BBFC}.Debug|x64.ActiveCfg = Debug|Any CPU
		{B874EEDD-910D-4D60-9751-AD6D81E0BBFC}.Debug|x64.Build.0 = Debug|Any CPU
		{B874EEDD-910D-4D60-9751-AD6D81E0BBFC}.Debug|x86.ActiveCfg = Debug|Any CPU
		{B874EEDD-910D-4D60-9751-AD6D81E0BBFC}.Debug|x86.Build.0 = Debug|Any CPU
		{B874EEDD-910D-4D60-9751-AD6D81E0BBFC}.Release|Any CPU.ActiveCfg = Release|Any CPU
		{B874EEDD-910D-4D60-9751-AD6D81E0BBFC}.Release|Any CPU.Build.0 = Release|Any CPU
		{B874EEDD-910D-4D60-9751-AD6D81E0BBFC}.Release|x64.ActiveCfg = Release|Any CPU
		{B874EEDD-910D-4D60-9751-AD6D81E0BBFC}.Release|x64.Build.0 = Release|Any CPU
		{B874EEDD-910D-4D60-9751-AD6D81E0BBFC}.Release|x86.ActiveCfg = Release|Any CPU
		{B874EEDD-910D-4D60-9751-AD6D81E0BBFC}.Release|x86.Build.0 = Release|Any CPU
		{F4D9417C-5471-41A5-B820-CF7E55B8F94F}.Debug|Any CPU.ActiveCfg = Debug|Any CPU
		{F4D9417C-5471-41A5-B820-CF7E55B8F94F}.Debug|Any CPU.Build.0 = Debug|Any CPU
		{F4D9417C-5471-41A5-B820-CF7E55B8F94F}.Debug|x64.ActiveCfg = Debug|Any CPU
		{F4D9417C-5471-41A5-B820-CF7E55B8F94F}.Debug|x64.Build.0 = Debug|Any CPU
		{F4D9417C-5471-41A5-B820-CF7E55B8F94F}.Debug|x86.ActiveCfg = Debug|Any CPU
		{F4D9417C-5471-41A5-B820-CF7E55B8F94F}.Debug|x86.Build.0 = Debug|Any CPU
		{F4D9417C-5471-41A5-B820-CF7E55B8F94F}.Release|Any CPU.ActiveCfg = Release|Any CPU
		{F4D9417C-5471-41A5-B820-CF7E55B8F94F}.Release|Any CPU.Build.0 = Release|Any CPU
		{F4D9417C-5471-41A5-B820-CF7E55B8F94F}.Release|x64.ActiveCfg = Release|Any CPU
		{F4D9417C-5471-41A5-B820-CF7E55B8F94F}.Release|x64.Build.0 = Release|Any CPU
		{F4D9417C-5471-41A5-B820-CF7E55B8F94F}.Release|x86.ActiveCfg = Release|Any CPU
		{F4D9417C-5471-41A5-B820-CF7E55B8F94F}.Release|x86.Build.0 = Release|Any CPU
		{8CA7B3F9-ECE4-4490-B58A-56A078936ED2}.Debug|Any CPU.ActiveCfg = Debug|Any CPU
		{8CA7B3F9-ECE4-4490-B58A-56A078936ED2}.Debug|Any CPU.Build.0 = Debug|Any CPU
		{8CA7B3F9-ECE4-4490-B58A-56A078936ED2}.Debug|x64.ActiveCfg = Debug|Any CPU
		{8CA7B3F9-ECE4-4490-B58A-56A078936ED2}.Debug|x64.Build.0 = Debug|Any CPU
		{8CA7B3F9-ECE4-4490-B58A-56A078936ED2}.Debug|x86.ActiveCfg = Debug|Any CPU
		{8CA7B3F9-ECE4-4490-B58A-56A078936ED2}.Debug|x86.Build.0 = Debug|Any CPU
		{8CA7B3F9-ECE4-4490-B58A-56A078936ED2}.Release|Any CPU.ActiveCfg = Release|Any CPU
		{8CA7B3F9-ECE4-4490-B58A-56A078936ED2}.Release|Any CPU.Build.0 = Release|Any CPU
		{8CA7B3F9-ECE4-4490-B58A-56A078936ED2}.Release|x64.ActiveCfg = Release|Any CPU
		{8CA7B3F9-ECE4-4490-B58A-56A078936ED2}.Release|x64.Build.0 = Release|Any CPU
		{8CA7B3F9-ECE4-4490-B58A-56A078936ED2}.Release|x86.ActiveCfg = Release|Any CPU
		{8CA7B3F9-ECE4-4490-B58A-56A078936ED2}.Release|x86.Build.0 = Release|Any CPU
		{482CB639-ED5D-406E-8F9A-1799DA8E1462}.Debug|Any CPU.ActiveCfg = Debug|Any CPU
		{482CB639-ED5D-406E-8F9A-1799DA8E1462}.Debug|Any CPU.Build.0 = Debug|Any CPU
		{482CB639-ED5D-406E-8F9A-1799DA8E1462}.Debug|x64.ActiveCfg = Debug|Any CPU
		{482CB639-ED5D-406E-8F9A-1799DA8E1462}.Debug|x64.Build.0 = Debug|Any CPU
		{482CB639-ED5D-406E-8F9A-1799DA8E1462}.Debug|x86.ActiveCfg = Debug|Any CPU
		{482CB639-ED5D-406E-8F9A-1799DA8E1462}.Debug|x86.Build.0 = Debug|Any CPU
		{482CB639-ED5D-406E-8F9A-1799DA8E1462}.Release|Any CPU.ActiveCfg = Release|Any CPU
		{482CB639-ED5D-406E-8F9A-1799DA8E1462}.Release|Any CPU.Build.0 = Release|Any CPU
		{482CB639-ED5D-406E-8F9A-1799DA8E1462}.Release|x64.ActiveCfg = Release|Any CPU
		{482CB639-ED5D-406E-8F9A-1799DA8E1462}.Release|x64.Build.0 = Release|Any CPU
		{482CB639-ED5D-406E-8F9A-1799DA8E1462}.Release|x86.ActiveCfg = Release|Any CPU
		{482CB639-ED5D-406E-8F9A-1799DA8E1462}.Release|x86.Build.0 = Release|Any CPU
		{95433936-7134-48AC-B6D6-90AF35DA6092}.Debug|Any CPU.ActiveCfg = Debug|Any CPU
		{95433936-7134-48AC-B6D6-90AF35DA6092}.Debug|Any CPU.Build.0 = Debug|Any CPU
		{95433936-7134-48AC-B6D6-90AF35DA6092}.Debug|x64.ActiveCfg = Debug|Any CPU
		{95433936-7134-48AC-B6D6-90AF35DA6092}.Debug|x64.Build.0 = Debug|Any CPU
		{95433936-7134-48AC-B6D6-90AF35DA6092}.Debug|x86.ActiveCfg = Debug|Any CPU
		{95433936-7134-48AC-B6D6-90AF35DA6092}.Debug|x86.Build.0 = Debug|Any CPU
		{95433936-7134-48AC-B6D6-90AF35DA6092}.Release|Any CPU.ActiveCfg = Release|Any CPU
		{95433936-7134-48AC-B6D6-90AF35DA6092}.Release|Any CPU.Build.0 = Release|Any CPU
		{95433936-7134-48AC-B6D6-90AF35DA6092}.Release|x64.ActiveCfg = Release|Any CPU
		{95433936-7134-48AC-B6D6-90AF35DA6092}.Release|x64.Build.0 = Release|Any CPU
		{95433936-7134-48AC-B6D6-90AF35DA6092}.Release|x86.ActiveCfg = Release|Any CPU
		{95433936-7134-48AC-B6D6-90AF35DA6092}.Release|x86.Build.0 = Release|Any CPU
		{6904993C-C8E4-4BE5-830C-C754A57D52D7}.Debug|Any CPU.ActiveCfg = Debug|Any CPU
		{6904993C-C8E4-4BE5-830C-C754A57D52D7}.Debug|Any CPU.Build.0 = Debug|Any CPU
		{6904993C-C8E4-4BE5-830C-C754A57D52D7}.Debug|x64.ActiveCfg = Debug|Any CPU
		{6904993C-C8E4-4BE5-830C-C754A57D52D7}.Debug|x64.Build.0 = Debug|Any CPU
		{6904993C-C8E4-4BE5-830C-C754A57D52D7}.Debug|x86.ActiveCfg = Debug|Any CPU
		{6904993C-C8E4-4BE5-830C-C754A57D52D7}.Debug|x86.Build.0 = Debug|Any CPU
		{6904993C-C8E4-4BE5-830C-C754A57D52D7}.Release|Any CPU.ActiveCfg = Release|Any CPU
		{6904993C-C8E4-4BE5-830C-C754A57D52D7}.Release|Any CPU.Build.0 = Release|Any CPU
		{6904993C-C8E4-4BE5-830C-C754A57D52D7}.Release|x64.ActiveCfg = Release|Any CPU
		{6904993C-C8E4-4BE5-830C-C754A57D52D7}.Release|x64.Build.0 = Release|Any CPU
		{6904993C-C8E4-4BE5-830C-C754A57D52D7}.Release|x86.ActiveCfg = Release|Any CPU
		{6904993C-C8E4-4BE5-830C-C754A57D52D7}.Release|x86.Build.0 = Release|Any CPU
		{6FF24B63-795A-4CE7-96FE-D2610F3EF195}.Debug|Any CPU.ActiveCfg = Debug|Any CPU
		{6FF24B63-795A-4CE7-96FE-D2610F3EF195}.Debug|Any CPU.Build.0 = Debug|Any CPU
		{6FF24B63-795A-4CE7-96FE-D2610F3EF195}.Debug|x64.ActiveCfg = Debug|Any CPU
		{6FF24B63-795A-4CE7-96FE-D2610F3EF195}.Debug|x64.Build.0 = Debug|Any CPU
		{6FF24B63-795A-4CE7-96FE-D2610F3EF195}.Debug|x86.ActiveCfg = Debug|Any CPU
		{6FF24B63-795A-4CE7-96FE-D2610F3EF195}.Debug|x86.Build.0 = Debug|Any CPU
		{6FF24B63-795A-4CE7-96FE-D2610F3EF195}.Release|Any CPU.ActiveCfg = Release|Any CPU
		{6FF24B63-795A-4CE7-96FE-D2610F3EF195}.Release|Any CPU.Build.0 = Release|Any CPU
		{6FF24B63-795A-4CE7-96FE-D2610F3EF195}.Release|x64.ActiveCfg = Release|Any CPU
		{6FF24B63-795A-4CE7-96FE-D2610F3EF195}.Release|x64.Build.0 = Release|Any CPU
		{6FF24B63-795A-4CE7-96FE-D2610F3EF195}.Release|x86.ActiveCfg = Release|Any CPU
		{6FF24B63-795A-4CE7-96FE-D2610F3EF195}.Release|x86.Build.0 = Release|Any CPU
		{783DE0FF-22D8-4F41-8B2B-5B4EDE244439}.Debug|Any CPU.ActiveCfg = Debug|Any CPU
		{783DE0FF-22D8-4F41-8B2B-5B4EDE244439}.Debug|Any CPU.Build.0 = Debug|Any CPU
		{783DE0FF-22D8-4F41-8B2B-5B4EDE244439}.Debug|x64.ActiveCfg = Debug|Any CPU
		{783DE0FF-22D8-4F41-8B2B-5B4EDE244439}.Debug|x64.Build.0 = Debug|Any CPU
		{783DE0FF-22D8-4F41-8B2B-5B4EDE244439}.Debug|x86.ActiveCfg = Debug|Any CPU
		{783DE0FF-22D8-4F41-8B2B-5B4EDE244439}.Debug|x86.Build.0 = Debug|Any CPU
		{783DE0FF-22D8-4F41-8B2B-5B4EDE244439}.Release|Any CPU.ActiveCfg = Release|Any CPU
		{783DE0FF-22D8-4F41-8B2B-5B4EDE244439}.Release|Any CPU.Build.0 = Release|Any CPU
		{783DE0FF-22D8-4F41-8B2B-5B4EDE244439}.Release|x64.ActiveCfg = Release|Any CPU
		{783DE0FF-22D8-4F41-8B2B-5B4EDE244439}.Release|x64.Build.0 = Release|Any CPU
		{783DE0FF-22D8-4F41-8B2B-5B4EDE244439}.Release|x86.ActiveCfg = Release|Any CPU
		{783DE0FF-22D8-4F41-8B2B-5B4EDE244439}.Release|x86.Build.0 = Release|Any CPU
		{A46632A7-DD0B-4543-A5D6-43E43AA88F67}.Debug|Any CPU.ActiveCfg = Debug|Any CPU
		{A46632A7-DD0B-4543-A5D6-43E43AA88F67}.Debug|Any CPU.Build.0 = Debug|Any CPU
		{A46632A7-DD0B-4543-A5D6-43E43AA88F67}.Debug|x64.ActiveCfg = Debug|Any CPU
		{A46632A7-DD0B-4543-A5D6-43E43AA88F67}.Debug|x64.Build.0 = Debug|Any CPU
		{A46632A7-DD0B-4543-A5D6-43E43AA88F67}.Debug|x86.ActiveCfg = Debug|Any CPU
		{A46632A7-DD0B-4543-A5D6-43E43AA88F67}.Debug|x86.Build.0 = Debug|Any CPU
		{A46632A7-DD0B-4543-A5D6-43E43AA88F67}.Release|Any CPU.ActiveCfg = Release|Any CPU
		{A46632A7-DD0B-4543-A5D6-43E43AA88F67}.Release|Any CPU.Build.0 = Release|Any CPU
		{A46632A7-DD0B-4543-A5D6-43E43AA88F67}.Release|x64.ActiveCfg = Release|Any CPU
		{A46632A7-DD0B-4543-A5D6-43E43AA88F67}.Release|x64.Build.0 = Release|Any CPU
		{A46632A7-DD0B-4543-A5D6-43E43AA88F67}.Release|x86.ActiveCfg = Release|Any CPU
		{A46632A7-DD0B-4543-A5D6-43E43AA88F67}.Release|x86.Build.0 = Release|Any CPU
		{8A873026-FB26-45C7-8637-23BB13EF2846}.Debug|Any CPU.ActiveCfg = Debug|Any CPU
		{8A873026-FB26-45C7-8637-23BB13EF2846}.Debug|Any CPU.Build.0 = Debug|Any CPU
		{8A873026-FB26-45C7-8637-23BB13EF2846}.Debug|x64.ActiveCfg = Debug|Any CPU
		{8A873026-FB26-45C7-8637-23BB13EF2846}.Debug|x64.Build.0 = Debug|Any CPU
		{8A873026-FB26-45C7-8637-23BB13EF2846}.Debug|x86.ActiveCfg = Debug|Any CPU
		{8A873026-FB26-45C7-8637-23BB13EF2846}.Debug|x86.Build.0 = Debug|Any CPU
		{8A873026-FB26-45C7-8637-23BB13EF2846}.Release|Any CPU.ActiveCfg = Release|Any CPU
		{8A873026-FB26-45C7-8637-23BB13EF2846}.Release|Any CPU.Build.0 = Release|Any CPU
		{8A873026-FB26-45C7-8637-23BB13EF2846}.Release|x64.ActiveCfg = Release|Any CPU
		{8A873026-FB26-45C7-8637-23BB13EF2846}.Release|x64.Build.0 = Release|Any CPU
		{8A873026-FB26-45C7-8637-23BB13EF2846}.Release|x86.ActiveCfg = Release|Any CPU
		{8A873026-FB26-45C7-8637-23BB13EF2846}.Release|x86.Build.0 = Release|Any CPU
		{9346693E-E59C-438B-A241-93BDA3D0E833}.Debug|Any CPU.ActiveCfg = Debug|Any CPU
		{9346693E-E59C-438B-A241-93BDA3D0E833}.Debug|Any CPU.Build.0 = Debug|Any CPU
		{9346693E-E59C-438B-A241-93BDA3D0E833}.Debug|x64.ActiveCfg = Debug|Any CPU
		{9346693E-E59C-438B-A241-93BDA3D0E833}.Debug|x64.Build.0 = Debug|Any CPU
		{9346693E-E59C-438B-A241-93BDA3D0E833}.Debug|x86.ActiveCfg = Debug|Any CPU
		{9346693E-E59C-438B-A241-93BDA3D0E833}.Debug|x86.Build.0 = Debug|Any CPU
		{9346693E-E59C-438B-A241-93BDA3D0E833}.Release|Any CPU.ActiveCfg = Release|Any CPU
		{9346693E-E59C-438B-A241-93BDA3D0E833}.Release|Any CPU.Build.0 = Release|Any CPU
		{9346693E-E59C-438B-A241-93BDA3D0E833}.Release|x64.ActiveCfg = Release|Any CPU
		{9346693E-E59C-438B-A241-93BDA3D0E833}.Release|x64.Build.0 = Release|Any CPU
		{9346693E-E59C-438B-A241-93BDA3D0E833}.Release|x86.ActiveCfg = Release|Any CPU
		{9346693E-E59C-438B-A241-93BDA3D0E833}.Release|x86.Build.0 = Release|Any CPU
		{C807B739-49B9-44CE-936A-71ADD54F6280}.Debug|Any CPU.ActiveCfg = Debug|Any CPU
		{C807B739-49B9-44CE-936A-71ADD54F6280}.Debug|Any CPU.Build.0 = Debug|Any CPU
		{C807B739-49B9-44CE-936A-71ADD54F6280}.Debug|x64.ActiveCfg = Debug|Any CPU
		{C807B739-49B9-44CE-936A-71ADD54F6280}.Debug|x64.Build.0 = Debug|Any CPU
		{C807B739-49B9-44CE-936A-71ADD54F6280}.Debug|x86.ActiveCfg = Debug|Any CPU
		{C807B739-49B9-44CE-936A-71ADD54F6280}.Debug|x86.Build.0 = Debug|Any CPU
		{C807B739-49B9-44CE-936A-71ADD54F6280}.Release|Any CPU.ActiveCfg = Release|Any CPU
		{C807B739-49B9-44CE-936A-71ADD54F6280}.Release|Any CPU.Build.0 = Release|Any CPU
		{C807B739-49B9-44CE-936A-71ADD54F6280}.Release|x64.ActiveCfg = Release|Any CPU
		{C807B739-49B9-44CE-936A-71ADD54F6280}.Release|x64.Build.0 = Release|Any CPU
		{C807B739-49B9-44CE-936A-71ADD54F6280}.Release|x86.ActiveCfg = Release|Any CPU
		{C807B739-49B9-44CE-936A-71ADD54F6280}.Release|x86.Build.0 = Release|Any CPU
		{8FA7A724-99AD-484A-A6D8-EF8B9B5603F5}.Debug|Any CPU.ActiveCfg = Debug|Any CPU
		{8FA7A724-99AD-484A-A6D8-EF8B9B5603F5}.Debug|Any CPU.Build.0 = Debug|Any CPU
		{8FA7A724-99AD-484A-A6D8-EF8B9B5603F5}.Debug|x64.ActiveCfg = Debug|Any CPU
		{8FA7A724-99AD-484A-A6D8-EF8B9B5603F5}.Debug|x64.Build.0 = Debug|Any CPU
		{8FA7A724-99AD-484A-A6D8-EF8B9B5603F5}.Debug|x86.ActiveCfg = Debug|Any CPU
		{8FA7A724-99AD-484A-A6D8-EF8B9B5603F5}.Debug|x86.Build.0 = Debug|Any CPU
		{8FA7A724-99AD-484A-A6D8-EF8B9B5603F5}.Release|Any CPU.ActiveCfg = Release|Any CPU
		{8FA7A724-99AD-484A-A6D8-EF8B9B5603F5}.Release|Any CPU.Build.0 = Release|Any CPU
		{8FA7A724-99AD-484A-A6D8-EF8B9B5603F5}.Release|x64.ActiveCfg = Release|Any CPU
		{8FA7A724-99AD-484A-A6D8-EF8B9B5603F5}.Release|x64.Build.0 = Release|Any CPU
		{8FA7A724-99AD-484A-A6D8-EF8B9B5603F5}.Release|x86.ActiveCfg = Release|Any CPU
		{8FA7A724-99AD-484A-A6D8-EF8B9B5603F5}.Release|x86.Build.0 = Release|Any CPU
		{BE70A75D-FFA4-4B1D-843D-DF6ED74C9A08}.Debug|Any CPU.ActiveCfg = Debug|Any CPU
		{BE70A75D-FFA4-4B1D-843D-DF6ED74C9A08}.Debug|Any CPU.Build.0 = Debug|Any CPU
		{BE70A75D-FFA4-4B1D-843D-DF6ED74C9A08}.Debug|x64.ActiveCfg = Debug|Any CPU
		{BE70A75D-FFA4-4B1D-843D-DF6ED74C9A08}.Debug|x64.Build.0 = Debug|Any CPU
		{BE70A75D-FFA4-4B1D-843D-DF6ED74C9A08}.Debug|x86.ActiveCfg = Debug|Any CPU
		{BE70A75D-FFA4-4B1D-843D-DF6ED74C9A08}.Debug|x86.Build.0 = Debug|Any CPU
		{BE70A75D-FFA4-4B1D-843D-DF6ED74C9A08}.Release|Any CPU.ActiveCfg = Release|Any CPU
		{BE70A75D-FFA4-4B1D-843D-DF6ED74C9A08}.Release|Any CPU.Build.0 = Release|Any CPU
		{BE70A75D-FFA4-4B1D-843D-DF6ED74C9A08}.Release|x64.ActiveCfg = Release|Any CPU
		{BE70A75D-FFA4-4B1D-843D-DF6ED74C9A08}.Release|x64.Build.0 = Release|Any CPU
		{BE70A75D-FFA4-4B1D-843D-DF6ED74C9A08}.Release|x86.ActiveCfg = Release|Any CPU
		{BE70A75D-FFA4-4B1D-843D-DF6ED74C9A08}.Release|x86.Build.0 = Release|Any CPU
		{C17AB339-178A-4B8B-9E57-1D1266D5B5CD}.Debug|Any CPU.ActiveCfg = Debug|Any CPU
		{C17AB339-178A-4B8B-9E57-1D1266D5B5CD}.Debug|Any CPU.Build.0 = Debug|Any CPU
		{C17AB339-178A-4B8B-9E57-1D1266D5B5CD}.Debug|x64.ActiveCfg = Debug|Any CPU
		{C17AB339-178A-4B8B-9E57-1D1266D5B5CD}.Debug|x64.Build.0 = Debug|Any CPU
		{C17AB339-178A-4B8B-9E57-1D1266D5B5CD}.Debug|x86.ActiveCfg = Debug|Any CPU
		{C17AB339-178A-4B8B-9E57-1D1266D5B5CD}.Debug|x86.Build.0 = Debug|Any CPU
		{C17AB339-178A-4B8B-9E57-1D1266D5B5CD}.Release|Any CPU.ActiveCfg = Release|Any CPU
		{C17AB339-178A-4B8B-9E57-1D1266D5B5CD}.Release|Any CPU.Build.0 = Release|Any CPU
		{C17AB339-178A-4B8B-9E57-1D1266D5B5CD}.Release|x64.ActiveCfg = Release|Any CPU
		{C17AB339-178A-4B8B-9E57-1D1266D5B5CD}.Release|x64.Build.0 = Release|Any CPU
		{C17AB339-178A-4B8B-9E57-1D1266D5B5CD}.Release|x86.ActiveCfg = Release|Any CPU
		{C17AB339-178A-4B8B-9E57-1D1266D5B5CD}.Release|x86.Build.0 = Release|Any CPU
		{E86B52A5-8928-425E-BF41-711AF04DFB72}.Debug|Any CPU.ActiveCfg = Debug|Any CPU
		{E86B52A5-8928-425E-BF41-711AF04DFB72}.Debug|Any CPU.Build.0 = Debug|Any CPU
		{E86B52A5-8928-425E-BF41-711AF04DFB72}.Debug|x64.ActiveCfg = Debug|Any CPU
		{E86B52A5-8928-425E-BF41-711AF04DFB72}.Debug|x64.Build.0 = Debug|Any CPU
		{E86B52A5-8928-425E-BF41-711AF04DFB72}.Debug|x86.ActiveCfg = Debug|Any CPU
		{E86B52A5-8928-425E-BF41-711AF04DFB72}.Debug|x86.Build.0 = Debug|Any CPU
		{E86B52A5-8928-425E-BF41-711AF04DFB72}.Release|Any CPU.ActiveCfg = Release|Any CPU
		{E86B52A5-8928-425E-BF41-711AF04DFB72}.Release|Any CPU.Build.0 = Release|Any CPU
		{E86B52A5-8928-425E-BF41-711AF04DFB72}.Release|x64.ActiveCfg = Release|Any CPU
		{E86B52A5-8928-425E-BF41-711AF04DFB72}.Release|x64.Build.0 = Release|Any CPU
		{E86B52A5-8928-425E-BF41-711AF04DFB72}.Release|x86.ActiveCfg = Release|Any CPU
		{E86B52A5-8928-425E-BF41-711AF04DFB72}.Release|x86.Build.0 = Release|Any CPU
	EndGlobalSection
	GlobalSection(SolutionProperties) = preSolution
		HideSolutionNode = FALSE
	EndGlobalSection
	GlobalSection(NestedProjects) = preSolution
		{C3C6C406-3418-4880-B3B5-5DF5C0FCA0E6} = {95045CA8-4379-464F-9ED3-8E7CAC9BB27B}
		{005DFCB8-F386-44E6-8E0D-0854D6E4644D} = {95045CA8-4379-464F-9ED3-8E7CAC9BB27B}
		{155CCFCD-A7A3-4317-A4FA-99611A4D1AEC} = {95045CA8-4379-464F-9ED3-8E7CAC9BB27B}
		{44712D58-8D46-4A14-A2EA-2233805B5806} = {95045CA8-4379-464F-9ED3-8E7CAC9BB27B}
		{D7DE2149-88E6-4BFD-9AB1-64284FB72C97} = {95045CA8-4379-464F-9ED3-8E7CAC9BB27B}
		{F5BE2109-4FEE-4721-8D2C-99546F2B5871} = {329C09D9-794E-4E18-A61D-D73ED6AEE024}
		{DF747D36-199D-4013-9898-659460E6FECB} = {329C09D9-794E-4E18-A61D-D73ED6AEE024}
		{11276ACE-C29F-4224-BF12-BF4125CE6382} = {329C09D9-794E-4E18-A61D-D73ED6AEE024}
		{DE48AE58-383C-48EC-AD63-1FCBCF0A12B6} = {329C09D9-794E-4E18-A61D-D73ED6AEE024}
		{B5F73714-8756-4A97-AFB3-65DBCCBEFB91} = {329C09D9-794E-4E18-A61D-D73ED6AEE024}
		{0F18238C-4E7F-488C-8F31-9AD105B533A0} = {AA5545B5-031F-4308-BD50-C5C3B8899730}
		{4AE34DB1-292D-4B4A-9360-8D143A02B3DC} = {AA5545B5-031F-4308-BD50-C5C3B8899730}
		{DADADDD2-EF53-41BE-91B6-66E8DDA59945} = {AA5545B5-031F-4308-BD50-C5C3B8899730}
		{5F0F4552-417E-41C7-B805-8198DB4241E2} = {AA5545B5-031F-4308-BD50-C5C3B8899730}
		{99B53C7D-F7FC-4502-B3D7-0DD2AFA915F8} = {AA5545B5-031F-4308-BD50-C5C3B8899730}
		{42A6AF10-E35E-4F68-A1D7-9A27F1D8B03A} = {AA5545B5-031F-4308-BD50-C5C3B8899730}
		{821CDB16-56F9-4694-9D7D-50B6B5D129A7} = {AA5545B5-031F-4308-BD50-C5C3B8899730}
		{CB6D8C5B-56AA-4839-8D3E-BA478934B0D3} = {BAD45D18-5B2D-4B75-8C0B-4E4B5FE779FA}
		{FAC4BFF7-9BFE-485A-BD90-BF673A6E089B} = {BAD45D18-5B2D-4B75-8C0B-4E4B5FE779FA}
		{02AA5D51-2FF0-49EE-8BD3-E3FE0C97506A} = {BAD45D18-5B2D-4B75-8C0B-4E4B5FE779FA}
		{91A986D9-8C88-48E0-95B4-20D0D53A76E9} = {BAD45D18-5B2D-4B75-8C0B-4E4B5FE779FA}
		{8F6A359E-B1E6-440B-9AAE-78EB948F2F9A} = {BAD45D18-5B2D-4B75-8C0B-4E4B5FE779FA}
		{B13F7BEE-D1B3-42E2-8E19-280F0B7FEFE3} = {876164DA-E568-4795-A403-1E4598BF0667}
		{63852C94-AEE7-486A-8C83-C913C5637C42} = {876164DA-E568-4795-A403-1E4598BF0667}
		{26B71F7B-6A60-4545-8E35-1D52A4EDA0AC} = {876164DA-E568-4795-A403-1E4598BF0667}
		{4D5501D0-58BA-4F58-89B2-9FA21DD9210B} = {876164DA-E568-4795-A403-1E4598BF0667}
		{67A35B59-E156-44E0-AA73-7C7EA9E5BEC6} = {876164DA-E568-4795-A403-1E4598BF0667}
		{B687E8AD-40E5-413C-8859-B7BA80F71352} = {876164DA-E568-4795-A403-1E4598BF0667}
		{F540628E-5CB1-4C34-B8E5-7F3746CD84AC} = {E10CA934-7EDA-4CA8-9221-B6D7C5D68773}
		{0DFC6E73-6E15-4C1C-8E2F-86121368DBEE} = {E10CA934-7EDA-4CA8-9221-B6D7C5D68773}
		{25D21AF3-E0B5-42DD-B058-9A8A039F76AE} = {B026E64A-E0B8-4D9B-8EFA-6B8DC57FB543}
		{0EABAB8E-89CB-45E8-BF85-BFAC68CD3C0D} = {B026E64A-E0B8-4D9B-8EFA-6B8DC57FB543}
		{C913511D-73E8-4D5E-8016-71CC57CE97CB} = {D99ABB65-55FF-4EBF-99BE-367F995518DD}
		{B874EEDD-910D-4D60-9751-AD6D81E0BBFC} = {C7515D26-653B-4FE4-82B3-1CCC414C5626}
		{F4D9417C-5471-41A5-B820-CF7E55B8F94F} = {C7515D26-653B-4FE4-82B3-1CCC414C5626}
		{8CA7B3F9-ECE4-4490-B58A-56A078936ED2} = {995BFFD0-999F-4AE3-ADBB-96F5D4200236}
		{482CB639-ED5D-406E-8F9A-1799DA8E1462} = {995BFFD0-999F-4AE3-ADBB-96F5D4200236}
		{95433936-7134-48AC-B6D6-90AF35DA6092} = {995BFFD0-999F-4AE3-ADBB-96F5D4200236}
		{6904993C-C8E4-4BE5-830C-C754A57D52D7} = {995BFFD0-999F-4AE3-ADBB-96F5D4200236}
		{6FF24B63-795A-4CE7-96FE-D2610F3EF195} = {4A42961F-9FD7-41ED-A33D-896D93FFD7B2}
		{783DE0FF-22D8-4F41-8B2B-5B4EDE244439} = {4A42961F-9FD7-41ED-A33D-896D93FFD7B2}
		{A46632A7-DD0B-4543-A5D6-43E43AA88F67} = {4A42961F-9FD7-41ED-A33D-896D93FFD7B2}
		{8A873026-FB26-45C7-8637-23BB13EF2846} = {4A42961F-9FD7-41ED-A33D-896D93FFD7B2}
		{9346693E-E59C-438B-A241-93BDA3D0E833} = {4A42961F-9FD7-41ED-A33D-896D93FFD7B2}
		{C807B739-49B9-44CE-936A-71ADD54F6280} = {4A42961F-9FD7-41ED-A33D-896D93FFD7B2}
		{8FA7A724-99AD-484A-A6D8-EF8B9B5603F5} = {4A42961F-9FD7-41ED-A33D-896D93FFD7B2}
		{BE70A75D-FFA4-4B1D-843D-DF6ED74C9A08} = {4A42961F-9FD7-41ED-A33D-896D93FFD7B2}
		{C17AB339-178A-4B8B-9E57-1D1266D5B5CD} = {AA5545B5-031F-4308-BD50-C5C3B8899730}
		{E86B52A5-8928-425E-BF41-711AF04DFB72} = {12B78F66-DDA9-47A9-810A-2883208E33DA}
	EndGlobalSection
	GlobalSection(ExtensibilityGlobals) = postSolution
		SolutionGuid = {F14C134D-C21B-4591-ACF6-F58A08FB46E5}
	EndGlobalSection
EndGlobal
