
Microsoft Visual Studio Solution File, Format Version 12.00
# Visual Studio 15
VisualStudioVersion = 15.0.27130.2026
MinimumVisualStudioVersion = 10.0.40219.1
Project("{FAE04EC0-301F-11D3-BF4B-00C04F79EFBC}") = "InheritTheApp", "InheritTheApp\InheritTheApp.csproj", "{C3C6C406-3418-4880-B3B5-5DF5C0FCA0E6}"
EndProject
Project("{FAE04EC0-301F-11D3-BF4B-00C04F79EFBC}") = "GrowAndShrink", "GrowAndShrink\GrowAndShrink.csproj", "{005DFCB8-F386-44E6-8E0D-0854D6E4644D}"
EndProject
Project("{FAE04EC0-301F-11D3-BF4B-00C04F79EFBC}") = "VaryTheBackground", "VaryTheBackground\VaryTheBackground.csproj", "{155CCFCD-A7A3-4317-A4FA-99611A4D1AEC}"
EndProject
Project("{FAE04EC0-301F-11D3-BF4B-00C04F79EFBC}") = "GradiateTheBrush", "GradiateTheBrush\GradiateTheBrush.csproj", "{44712D58-8D46-4A14-A2EA-2233805B5806}"
EndProject
Project("{FAE04EC0-301F-11D3-BF4B-00C04F79EFBC}") = "ClickTheGradientCenter", "ClickTheGradientCenter\ClickTheGradientCenter.csproj", "{D7DE2149-88E6-4BFD-9AB1-64284FB72C97}"
EndProject
Project("{2150E333-8FDC-42A3-9474-1A3956D46DE8}") = "Brushes", "Brushes", "{95045CA8-4379-464F-9ED3-8E7CAC9BB27B}"
EndProject
Project("{2150E333-8FDC-42A3-9474-1A3956D46DE8}") = "Content", "Content", "{329C09D9-794E-4E18-A61D-D73ED6AEE024}"
EndProject
Project("{FAE04EC0-301F-11D3-BF4B-00C04F79EFBC}") = "DisplaySomeText", "DisplaySomeText\DisplaySomeText.csproj", "{F5BE2109-4FEE-4721-8D2C-99546F2B5871}"
EndProject
Project("{FAE04EC0-301F-11D3-BF4B-00C04F79EFBC}") = "ShowMyFace", "ShowMyFace\ShowMyFace.csproj", "{DF747D36-199D-4013-9898-659460E6FECB}"
EndProject
Project("{2150E333-8FDC-42A3-9474-1A3956D46DE8}") = "Solution Items", "Solution Items", "{9BE134F0-83EE-4250-B032-A202BC3B5370}"
	ProjectSection(SolutionItems) = preProject
		.gitignore = .gitignore
	EndProjectSection
EndProject
Project("{FAE04EC0-301F-11D3-BF4B-00C04F79EFBC}") = "ShapeAnEllipse", "ShapeAnEllipse\ShapeAnEllipse.csproj", "{11276ACE-C29F-4224-BF12-BF4125CE6382}"
EndProject
Project("{FAE04EC0-301F-11D3-BF4B-00C04F79EFBC}") = "FormatTheText", "FormatTheText\FormatTheText.csproj", "{DE48AE58-383C-48EC-AD63-1FCBCF0A12B6}"
EndProject
Project("{FAE04EC0-301F-11D3-BF4B-00C04F79EFBC}") = "RenderTheGraphic", "RenderTheGraphic\RenderTheGraphic.csproj", "{B5F73714-8756-4A97-AFB3-65DBCCBEFB91}"
EndProject
Project("{2150E333-8FDC-42A3-9474-1A3956D46DE8}") = "Controls", "Controls", "{AA5545B5-031F-4308-BD50-C5C3B8899730}"
EndProject
Project("{FAE04EC0-301F-11D3-BF4B-00C04F79EFBC}") = "ClickTheButton", "ClickTheButton\ClickTheButton.csproj", "{0F18238C-4E7F-488C-8F31-9AD105B533A0}"
EndProject
Project("{FAE04EC0-301F-11D3-BF4B-00C04F79EFBC}") = "FormatTheButton", "FormatTheButton\FormatTheButton.csproj", "{4AE34DB1-292D-4B4A-9360-8D143A02B3DC}"
EndProject
Project("{FAE04EC0-301F-11D3-BF4B-00C04F79EFBC}") = "CommandTheButton", "CommandTheButton\CommandTheButton.csproj", "{DADADDD2-EF53-41BE-91B6-66E8DDA59945}"
EndProject
Project("{FAE04EC0-301F-11D3-BF4B-00C04F79EFBC}") = "ToggleTheButton", "ToggleTheButton\ToggleTheButton.csproj", "{5F0F4552-417E-41C7-B805-8198DB4241E2}"
EndProject
Project("{FAE04EC0-301F-11D3-BF4B-00C04F79EFBC}") = "NavigateTheWeb", "UrlDialog\NavigateTheWeb.csproj", "{99B53C7D-F7FC-4502-B3D7-0DD2AFA915F8}"
EndProject
Project("{FAE04EC0-301F-11D3-BF4B-00C04F79EFBC}") = "EditSomeText", "EditSomeText\EditSomeText.csproj", "{42A6AF10-E35E-4F68-A1D7-9A27F1D8B03A}"
EndProject
Project("{FAE04EC0-301F-11D3-BF4B-00C04F79EFBC}") = "EditSomeRichText", "EditSomeRichText\EditSomeRichText.csproj", "{821CDB16-56F9-4694-9D7D-50B6B5D129A7}"
EndProject
Global
	GlobalSection(SolutionConfigurationPlatforms) = preSolution
		Debug|Any CPU = Debug|Any CPU
		Debug|x64 = Debug|x64
		Debug|x86 = Debug|x86
		Release|Any CPU = Release|Any CPU
		Release|x64 = Release|x64
		Release|x86 = Release|x86
	EndGlobalSection
	GlobalSection(ProjectConfigurationPlatforms) = postSolution
		{C3C6C406-3418-4880-B3B5-5DF5C0FCA0E6}.Debug|Any CPU.ActiveCfg = Debug|x86
		{C3C6C406-3418-4880-B3B5-5DF5C0FCA0E6}.Debug|Any CPU.Build.0 = Debug|x86
		{C3C6C406-3418-4880-B3B5-5DF5C0FCA0E6}.Debug|x64.ActiveCfg = Debug|x64
		{C3C6C406-3418-4880-B3B5-5DF5C0FCA0E6}.Debug|x64.Build.0 = Debug|x64
		{C3C6C406-3418-4880-B3B5-5DF5C0FCA0E6}.Debug|x86.ActiveCfg = Debug|x86
		{C3C6C406-3418-4880-B3B5-5DF5C0FCA0E6}.Debug|x86.Build.0 = Debug|x86
		{C3C6C406-3418-4880-B3B5-5DF5C0FCA0E6}.Release|Any CPU.ActiveCfg = Release|Any CPU
		{C3C6C406-3418-4880-B3B5-5DF5C0FCA0E6}.Release|Any CPU.Build.0 = Release|Any CPU
		{C3C6C406-3418-4880-B3B5-5DF5C0FCA0E6}.Release|x64.ActiveCfg = Release|x64
		{C3C6C406-3418-4880-B3B5-5DF5C0FCA0E6}.Release|x64.Build.0 = Release|x64
		{C3C6C406-3418-4880-B3B5-5DF5C0FCA0E6}.Release|x86.ActiveCfg = Release|x86
		{C3C6C406-3418-4880-B3B5-5DF5C0FCA0E6}.Release|x86.Build.0 = Release|x86
		{005DFCB8-F386-44E6-8E0D-0854D6E4644D}.Debug|Any CPU.ActiveCfg = Debug|Any CPU
		{005DFCB8-F386-44E6-8E0D-0854D6E4644D}.Debug|Any CPU.Build.0 = Debug|Any CPU
		{005DFCB8-F386-44E6-8E0D-0854D6E4644D}.Debug|x64.ActiveCfg = Debug|Any CPU
		{005DFCB8-F386-44E6-8E0D-0854D6E4644D}.Debug|x64.Build.0 = Debug|Any CPU
		{005DFCB8-F386-44E6-8E0D-0854D6E4644D}.Debug|x86.ActiveCfg = Debug|Any CPU
		{005DFCB8-F386-44E6-8E0D-0854D6E4644D}.Debug|x86.Build.0 = Debug|Any CPU
		{005DFCB8-F386-44E6-8E0D-0854D6E4644D}.Release|Any CPU.ActiveCfg = Release|Any CPU
		{005DFCB8-F386-44E6-8E0D-0854D6E4644D}.Release|Any CPU.Build.0 = Release|Any CPU
		{005DFCB8-F386-44E6-8E0D-0854D6E4644D}.Release|x64.ActiveCfg = Release|Any CPU
		{005DFCB8-F386-44E6-8E0D-0854D6E4644D}.Release|x64.Build.0 = Release|Any CPU
		{005DFCB8-F386-44E6-8E0D-0854D6E4644D}.Release|x86.ActiveCfg = Release|Any CPU
		{005DFCB8-F386-44E6-8E0D-0854D6E4644D}.Release|x86.Build.0 = Release|Any CPU
		{155CCFCD-A7A3-4317-A4FA-99611A4D1AEC}.Debug|Any CPU.ActiveCfg = Debug|Any CPU
		{155CCFCD-A7A3-4317-A4FA-99611A4D1AEC}.Debug|Any CPU.Build.0 = Debug|Any CPU
		{155CCFCD-A7A3-4317-A4FA-99611A4D1AEC}.Debug|x64.ActiveCfg = Debug|Any CPU
		{155CCFCD-A7A3-4317-A4FA-99611A4D1AEC}.Debug|x64.Build.0 = Debug|Any CPU
		{155CCFCD-A7A3-4317-A4FA-99611A4D1AEC}.Debug|x86.ActiveCfg = Debug|Any CPU
		{155CCFCD-A7A3-4317-A4FA-99611A4D1AEC}.Debug|x86.Build.0 = Debug|Any CPU
		{155CCFCD-A7A3-4317-A4FA-99611A4D1AEC}.Release|Any CPU.ActiveCfg = Release|Any CPU
		{155CCFCD-A7A3-4317-A4FA-99611A4D1AEC}.Release|Any CPU.Build.0 = Release|Any CPU
		{155CCFCD-A7A3-4317-A4FA-99611A4D1AEC}.Release|x64.ActiveCfg = Release|Any CPU
		{155CCFCD-A7A3-4317-A4FA-99611A4D1AEC}.Release|x64.Build.0 = Release|Any CPU
		{155CCFCD-A7A3-4317-A4FA-99611A4D1AEC}.Release|x86.ActiveCfg = Release|Any CPU
		{155CCFCD-A7A3-4317-A4FA-99611A4D1AEC}.Release|x86.Build.0 = Release|Any CPU
		{44712D58-8D46-4A14-A2EA-2233805B5806}.Debug|Any CPU.ActiveCfg = Debug|Any CPU
		{44712D58-8D46-4A14-A2EA-2233805B5806}.Debug|Any CPU.Build.0 = Debug|Any CPU
		{44712D58-8D46-4A14-A2EA-2233805B5806}.Debug|x64.ActiveCfg = Debug|Any CPU
		{44712D58-8D46-4A14-A2EA-2233805B5806}.Debug|x64.Build.0 = Debug|Any CPU
		{44712D58-8D46-4A14-A2EA-2233805B5806}.Debug|x86.ActiveCfg = Debug|Any CPU
		{44712D58-8D46-4A14-A2EA-2233805B5806}.Debug|x86.Build.0 = Debug|Any CPU
		{44712D58-8D46-4A14-A2EA-2233805B5806}.Release|Any CPU.ActiveCfg = Release|Any CPU
		{44712D58-8D46-4A14-A2EA-2233805B5806}.Release|Any CPU.Build.0 = Release|Any CPU
		{44712D58-8D46-4A14-A2EA-2233805B5806}.Release|x64.ActiveCfg = Release|Any CPU
		{44712D58-8D46-4A14-A2EA-2233805B5806}.Release|x64.Build.0 = Release|Any CPU
		{44712D58-8D46-4A14-A2EA-2233805B5806}.Release|x86.ActiveCfg = Release|Any CPU
		{44712D58-8D46-4A14-A2EA-2233805B5806}.Release|x86.Build.0 = Release|Any CPU
		{D7DE2149-88E6-4BFD-9AB1-64284FB72C97}.Debug|Any CPU.ActiveCfg = Debug|Any CPU
		{D7DE2149-88E6-4BFD-9AB1-64284FB72C97}.Debug|Any CPU.Build.0 = Debug|Any CPU
		{D7DE2149-88E6-4BFD-9AB1-64284FB72C97}.Debug|x64.ActiveCfg = Debug|Any CPU
		{D7DE2149-88E6-4BFD-9AB1-64284FB72C97}.Debug|x64.Build.0 = Debug|Any CPU
		{D7DE2149-88E6-4BFD-9AB1-64284FB72C97}.Debug|x86.ActiveCfg = Debug|Any CPU
		{D7DE2149-88E6-4BFD-9AB1-64284FB72C97}.Debug|x86.Build.0 = Debug|Any CPU
		{D7DE2149-88E6-4BFD-9AB1-64284FB72C97}.Release|Any CPU.ActiveCfg = Release|Any CPU
		{D7DE2149-88E6-4BFD-9AB1-64284FB72C97}.Release|Any CPU.Build.0 = Release|Any CPU
		{D7DE2149-88E6-4BFD-9AB1-64284FB72C97}.Release|x64.ActiveCfg = Release|Any CPU
		{D7DE2149-88E6-4BFD-9AB1-64284FB72C97}.Release|x64.Build.0 = Release|Any CPU
		{D7DE2149-88E6-4BFD-9AB1-64284FB72C97}.Release|x86.ActiveCfg = Release|Any CPU
		{D7DE2149-88E6-4BFD-9AB1-64284FB72C97}.Release|x86.Build.0 = Release|Any CPU
		{F5BE2109-4FEE-4721-8D2C-99546F2B5871}.Debug|Any CPU.ActiveCfg = Debug|Any CPU
		{F5BE2109-4FEE-4721-8D2C-99546F2B5871}.Debug|Any CPU.Build.0 = Debug|Any CPU
		{F5BE2109-4FEE-4721-8D2C-99546F2B5871}.Debug|x64.ActiveCfg = Debug|Any CPU
		{F5BE2109-4FEE-4721-8D2C-99546F2B5871}.Debug|x64.Build.0 = Debug|Any CPU
		{F5BE2109-4FEE-4721-8D2C-99546F2B5871}.Debug|x86.ActiveCfg = Debug|Any CPU
		{F5BE2109-4FEE-4721-8D2C-99546F2B5871}.Debug|x86.Build.0 = Debug|Any CPU
		{F5BE2109-4FEE-4721-8D2C-99546F2B5871}.Release|Any CPU.ActiveCfg = Release|Any CPU
		{F5BE2109-4FEE-4721-8D2C-99546F2B5871}.Release|Any CPU.Build.0 = Release|Any CPU
		{F5BE2109-4FEE-4721-8D2C-99546F2B5871}.Release|x64.ActiveCfg = Release|Any CPU
		{F5BE2109-4FEE-4721-8D2C-99546F2B5871}.Release|x64.Build.0 = Release|Any CPU
		{F5BE2109-4FEE-4721-8D2C-99546F2B5871}.Release|x86.ActiveCfg = Release|Any CPU
		{F5BE2109-4FEE-4721-8D2C-99546F2B5871}.Release|x86.Build.0 = Release|Any CPU
		{DF747D36-199D-4013-9898-659460E6FECB}.Debug|Any CPU.ActiveCfg = Debug|Any CPU
		{DF747D36-199D-4013-9898-659460E6FECB}.Debug|Any CPU.Build.0 = Debug|Any CPU
		{DF747D36-199D-4013-9898-659460E6FECB}.Debug|x64.ActiveCfg = Debug|Any CPU
		{DF747D36-199D-4013-9898-659460E6FECB}.Debug|x64.Build.0 = Debug|Any CPU
		{DF747D36-199D-4013-9898-659460E6FECB}.Debug|x86.ActiveCfg = Debug|Any CPU
		{DF747D36-199D-4013-9898-659460E6FECB}.Debug|x86.Build.0 = Debug|Any CPU
		{DF747D36-199D-4013-9898-659460E6FECB}.Release|Any CPU.ActiveCfg = Release|Any CPU
		{DF747D36-199D-4013-9898-659460E6FECB}.Release|Any CPU.Build.0 = Release|Any CPU
		{DF747D36-199D-4013-9898-659460E6FECB}.Release|x64.ActiveCfg = Release|Any CPU
		{DF747D36-199D-4013-9898-659460E6FECB}.Release|x64.Build.0 = Release|Any CPU
		{DF747D36-199D-4013-9898-659460E6FECB}.Release|x86.ActiveCfg = Release|Any CPU
		{DF747D36-199D-4013-9898-659460E6FECB}.Release|x86.Build.0 = Release|Any CPU
		{11276ACE-C29F-4224-BF12-BF4125CE6382}.Debug|Any CPU.ActiveCfg = Debug|Any CPU
		{11276ACE-C29F-4224-BF12-BF4125CE6382}.Debug|Any CPU.Build.0 = Debug|Any CPU
		{11276ACE-C29F-4224-BF12-BF4125CE6382}.Debug|x64.ActiveCfg = Debug|Any CPU
		{11276ACE-C29F-4224-BF12-BF4125CE6382}.Debug|x64.Build.0 = Debug|Any CPU
		{11276ACE-C29F-4224-BF12-BF4125CE6382}.Debug|x86.ActiveCfg = Debug|Any CPU
		{11276ACE-C29F-4224-BF12-BF4125CE6382}.Debug|x86.Build.0 = Debug|Any CPU
		{11276ACE-C29F-4224-BF12-BF4125CE6382}.Release|Any CPU.ActiveCfg = Release|Any CPU
		{11276ACE-C29F-4224-BF12-BF4125CE6382}.Release|Any CPU.Build.0 = Release|Any CPU
		{11276ACE-C29F-4224-BF12-BF4125CE6382}.Release|x64.ActiveCfg = Release|Any CPU
		{11276ACE-C29F-4224-BF12-BF4125CE6382}.Release|x64.Build.0 = Release|Any CPU
		{11276ACE-C29F-4224-BF12-BF4125CE6382}.Release|x86.ActiveCfg = Release|Any CPU
		{11276ACE-C29F-4224-BF12-BF4125CE6382}.Release|x86.Build.0 = Release|Any CPU
		{DE48AE58-383C-48EC-AD63-1FCBCF0A12B6}.Debug|Any CPU.ActiveCfg = Debug|Any CPU
		{DE48AE58-383C-48EC-AD63-1FCBCF0A12B6}.Debug|Any CPU.Build.0 = Debug|Any CPU
		{DE48AE58-383C-48EC-AD63-1FCBCF0A12B6}.Debug|x64.ActiveCfg = Debug|Any CPU
		{DE48AE58-383C-48EC-AD63-1FCBCF0A12B6}.Debug|x64.Build.0 = Debug|Any CPU
		{DE48AE58-383C-48EC-AD63-1FCBCF0A12B6}.Debug|x86.ActiveCfg = Debug|Any CPU
		{DE48AE58-383C-48EC-AD63-1FCBCF0A12B6}.Debug|x86.Build.0 = Debug|Any CPU
		{DE48AE58-383C-48EC-AD63-1FCBCF0A12B6}.Release|Any CPU.ActiveCfg = Release|Any CPU
		{DE48AE58-383C-48EC-AD63-1FCBCF0A12B6}.Release|Any CPU.Build.0 = Release|Any CPU
		{DE48AE58-383C-48EC-AD63-1FCBCF0A12B6}.Release|x64.ActiveCfg = Release|Any CPU
		{DE48AE58-383C-48EC-AD63-1FCBCF0A12B6}.Release|x64.Build.0 = Release|Any CPU
		{DE48AE58-383C-48EC-AD63-1FCBCF0A12B6}.Release|x86.ActiveCfg = Release|Any CPU
		{DE48AE58-383C-48EC-AD63-1FCBCF0A12B6}.Release|x86.Build.0 = Release|Any CPU
		{B5F73714-8756-4A97-AFB3-65DBCCBEFB91}.Debug|Any CPU.ActiveCfg = Debug|Any CPU
		{B5F73714-8756-4A97-AFB3-65DBCCBEFB91}.Debug|Any CPU.Build.0 = Debug|Any CPU
		{B5F73714-8756-4A97-AFB3-65DBCCBEFB91}.Debug|x64.ActiveCfg = Debug|Any CPU
		{B5F73714-8756-4A97-AFB3-65DBCCBEFB91}.Debug|x64.Build.0 = Debug|Any CPU
		{B5F73714-8756-4A97-AFB3-65DBCCBEFB91}.Debug|x86.ActiveCfg = Debug|Any CPU
		{B5F73714-8756-4A97-AFB3-65DBCCBEFB91}.Debug|x86.Build.0 = Debug|Any CPU
		{B5F73714-8756-4A97-AFB3-65DBCCBEFB91}.Release|Any CPU.ActiveCfg = Release|Any CPU
		{B5F73714-8756-4A97-AFB3-65DBCCBEFB91}.Release|Any CPU.Build.0 = Release|Any CPU
		{B5F73714-8756-4A97-AFB3-65DBCCBEFB91}.Release|x64.ActiveCfg = Release|Any CPU
		{B5F73714-8756-4A97-AFB3-65DBCCBEFB91}.Release|x64.Build.0 = Release|Any CPU
		{B5F73714-8756-4A97-AFB3-65DBCCBEFB91}.Release|x86.ActiveCfg = Release|Any CPU
		{B5F73714-8756-4A97-AFB3-65DBCCBEFB91}.Release|x86.Build.0 = Release|Any CPU
		{0F18238C-4E7F-488C-8F31-9AD105B533A0}.Debug|Any CPU.ActiveCfg = Debug|Any CPU
		{0F18238C-4E7F-488C-8F31-9AD105B533A0}.Debug|Any CPU.Build.0 = Debug|Any CPU
		{0F18238C-4E7F-488C-8F31-9AD105B533A0}.Debug|x64.ActiveCfg = Debug|Any CPU
		{0F18238C-4E7F-488C-8F31-9AD105B533A0}.Debug|x64.Build.0 = Debug|Any CPU
		{0F18238C-4E7F-488C-8F31-9AD105B533A0}.Debug|x86.ActiveCfg = Debug|Any CPU
		{0F18238C-4E7F-488C-8F31-9AD105B533A0}.Debug|x86.Build.0 = Debug|Any CPU
		{0F18238C-4E7F-488C-8F31-9AD105B533A0}.Release|Any CPU.ActiveCfg = Release|Any CPU
		{0F18238C-4E7F-488C-8F31-9AD105B533A0}.Release|Any CPU.Build.0 = Release|Any CPU
		{0F18238C-4E7F-488C-8F31-9AD105B533A0}.Release|x64.ActiveCfg = Release|Any CPU
		{0F18238C-4E7F-488C-8F31-9AD105B533A0}.Release|x64.Build.0 = Release|Any CPU
		{0F18238C-4E7F-488C-8F31-9AD105B533A0}.Release|x86.ActiveCfg = Release|Any CPU
		{0F18238C-4E7F-488C-8F31-9AD105B533A0}.Release|x86.Build.0 = Release|Any CPU
		{4AE34DB1-292D-4B4A-9360-8D143A02B3DC}.Debug|Any CPU.ActiveCfg = Debug|Any CPU
		{4AE34DB1-292D-4B4A-9360-8D143A02B3DC}.Debug|Any CPU.Build.0 = Debug|Any CPU
		{4AE34DB1-292D-4B4A-9360-8D143A02B3DC}.Debug|x64.ActiveCfg = Debug|Any CPU
		{4AE34DB1-292D-4B4A-9360-8D143A02B3DC}.Debug|x64.Build.0 = Debug|Any CPU
		{4AE34DB1-292D-4B4A-9360-8D143A02B3DC}.Debug|x86.ActiveCfg = Debug|Any CPU
		{4AE34DB1-292D-4B4A-9360-8D143A02B3DC}.Debug|x86.Build.0 = Debug|Any CPU
		{4AE34DB1-292D-4B4A-9360-8D143A02B3DC}.Release|Any CPU.ActiveCfg = Release|Any CPU
		{4AE34DB1-292D-4B4A-9360-8D143A02B3DC}.Release|Any CPU.Build.0 = Release|Any CPU
		{4AE34DB1-292D-4B4A-9360-8D143A02B3DC}.Release|x64.ActiveCfg = Release|Any CPU
		{4AE34DB1-292D-4B4A-9360-8D143A02B3DC}.Release|x64.Build.0 = Release|Any CPU
		{4AE34DB1-292D-4B4A-9360-8D143A02B3DC}.Release|x86.ActiveCfg = Release|Any CPU
		{4AE34DB1-292D-4B4A-9360-8D143A02B3DC}.Release|x86.Build.0 = Release|Any CPU
		{DADADDD2-EF53-41BE-91B6-66E8DDA59945}.Debug|Any CPU.ActiveCfg = Debug|Any CPU
		{DADADDD2-EF53-41BE-91B6-66E8DDA59945}.Debug|Any CPU.Build.0 = Debug|Any CPU
		{DADADDD2-EF53-41BE-91B6-66E8DDA59945}.Debug|x64.ActiveCfg = Debug|Any CPU
		{DADADDD2-EF53-41BE-91B6-66E8DDA59945}.Debug|x64.Build.0 = Debug|Any CPU
		{DADADDD2-EF53-41BE-91B6-66E8DDA59945}.Debug|x86.ActiveCfg = Debug|Any CPU
		{DADADDD2-EF53-41BE-91B6-66E8DDA59945}.Debug|x86.Build.0 = Debug|Any CPU
		{DADADDD2-EF53-41BE-91B6-66E8DDA59945}.Release|Any CPU.ActiveCfg = Release|Any CPU
		{DADADDD2-EF53-41BE-91B6-66E8DDA59945}.Release|Any CPU.Build.0 = Release|Any CPU
		{DADADDD2-EF53-41BE-91B6-66E8DDA59945}.Release|x64.ActiveCfg = Release|Any CPU
		{DADADDD2-EF53-41BE-91B6-66E8DDA59945}.Release|x64.Build.0 = Release|Any CPU
		{DADADDD2-EF53-41BE-91B6-66E8DDA59945}.Release|x86.ActiveCfg = Release|Any CPU
		{DADADDD2-EF53-41BE-91B6-66E8DDA59945}.Release|x86.Build.0 = Release|Any CPU
		{5F0F4552-417E-41C7-B805-8198DB4241E2}.Debug|Any CPU.ActiveCfg = Debug|Any CPU
		{5F0F4552-417E-41C7-B805-8198DB4241E2}.Debug|Any CPU.Build.0 = Debug|Any CPU
		{5F0F4552-417E-41C7-B805-8198DB4241E2}.Debug|x64.ActiveCfg = Debug|Any CPU
		{5F0F4552-417E-41C7-B805-8198DB4241E2}.Debug|x64.Build.0 = Debug|Any CPU
		{5F0F4552-417E-41C7-B805-8198DB4241E2}.Debug|x86.ActiveCfg = Debug|Any CPU
		{5F0F4552-417E-41C7-B805-8198DB4241E2}.Debug|x86.Build.0 = Debug|Any CPU
		{5F0F4552-417E-41C7-B805-8198DB4241E2}.Release|Any CPU.ActiveCfg = Release|Any CPU
		{5F0F4552-417E-41C7-B805-8198DB4241E2}.Release|Any CPU.Build.0 = Release|Any CPU
		{5F0F4552-417E-41C7-B805-8198DB4241E2}.Release|x64.ActiveCfg = Release|Any CPU
		{5F0F4552-417E-41C7-B805-8198DB4241E2}.Release|x64.Build.0 = Release|Any CPU
		{5F0F4552-417E-41C7-B805-8198DB4241E2}.Release|x86.ActiveCfg = Release|Any CPU
		{5F0F4552-417E-41C7-B805-8198DB4241E2}.Release|x86.Build.0 = Release|Any CPU
		{99B53C7D-F7FC-4502-B3D7-0DD2AFA915F8}.Debug|Any CPU.ActiveCfg = Debug|Any CPU
		{99B53C7D-F7FC-4502-B3D7-0DD2AFA915F8}.Debug|Any CPU.Build.0 = Debug|Any CPU
		{99B53C7D-F7FC-4502-B3D7-0DD2AFA915F8}.Debug|x64.ActiveCfg = Debug|Any CPU
		{99B53C7D-F7FC-4502-B3D7-0DD2AFA915F8}.Debug|x64.Build.0 = Debug|Any CPU
		{99B53C7D-F7FC-4502-B3D7-0DD2AFA915F8}.Debug|x86.ActiveCfg = Debug|Any CPU
		{99B53C7D-F7FC-4502-B3D7-0DD2AFA915F8}.Debug|x86.Build.0 = Debug|Any CPU
		{99B53C7D-F7FC-4502-B3D7-0DD2AFA915F8}.Release|Any CPU.ActiveCfg = Release|Any CPU
		{99B53C7D-F7FC-4502-B3D7-0DD2AFA915F8}.Release|Any CPU.Build.0 = Release|Any CPU
		{99B53C7D-F7FC-4502-B3D7-0DD2AFA915F8}.Release|x64.ActiveCfg = Release|Any CPU
		{99B53C7D-F7FC-4502-B3D7-0DD2AFA915F8}.Release|x64.Build.0 = Release|Any CPU
		{99B53C7D-F7FC-4502-B3D7-0DD2AFA915F8}.Release|x86.ActiveCfg = Release|Any CPU
		{99B53C7D-F7FC-4502-B3D7-0DD2AFA915F8}.Release|x86.Build.0 = Release|Any CPU
		{42A6AF10-E35E-4F68-A1D7-9A27F1D8B03A}.Debug|Any CPU.ActiveCfg = Debug|Any CPU
		{42A6AF10-E35E-4F68-A1D7-9A27F1D8B03A}.Debug|Any CPU.Build.0 = Debug|Any CPU
		{42A6AF10-E35E-4F68-A1D7-9A27F1D8B03A}.Debug|x64.ActiveCfg = Debug|Any CPU
		{42A6AF10-E35E-4F68-A1D7-9A27F1D8B03A}.Debug|x64.Build.0 = Debug|Any CPU
		{42A6AF10-E35E-4F68-A1D7-9A27F1D8B03A}.Debug|x86.ActiveCfg = Debug|Any CPU
		{42A6AF10-E35E-4F68-A1D7-9A27F1D8B03A}.Debug|x86.Build.0 = Debug|Any CPU
		{42A6AF10-E35E-4F68-A1D7-9A27F1D8B03A}.Release|Any CPU.ActiveCfg = Release|Any CPU
		{42A6AF10-E35E-4F68-A1D7-9A27F1D8B03A}.Release|Any CPU.Build.0 = Release|Any CPU
		{42A6AF10-E35E-4F68-A1D7-9A27F1D8B03A}.Release|x64.ActiveCfg = Release|Any CPU
		{42A6AF10-E35E-4F68-A1D7-9A27F1D8B03A}.Release|x64.Build.0 = Release|Any CPU
		{42A6AF10-E35E-4F68-A1D7-9A27F1D8B03A}.Release|x86.ActiveCfg = Release|Any CPU
		{42A6AF10-E35E-4F68-A1D7-9A27F1D8B03A}.Release|x86.Build.0 = Release|Any CPU
		{821CDB16-56F9-4694-9D7D-50B6B5D129A7}.Debug|Any CPU.ActiveCfg = Debug|Any CPU
		{821CDB16-56F9-4694-9D7D-50B6B5D129A7}.Debug|Any CPU.Build.0 = Debug|Any CPU
		{821CDB16-56F9-4694-9D7D-50B6B5D129A7}.Debug|x64.ActiveCfg = Debug|Any CPU
		{821CDB16-56F9-4694-9D7D-50B6B5D129A7}.Debug|x64.Build.0 = Debug|Any CPU
		{821CDB16-56F9-4694-9D7D-50B6B5D129A7}.Debug|x86.ActiveCfg = Debug|Any CPU
		{821CDB16-56F9-4694-9D7D-50B6B5D129A7}.Debug|x86.Build.0 = Debug|Any CPU
		{821CDB16-56F9-4694-9D7D-50B6B5D129A7}.Release|Any CPU.ActiveCfg = Release|Any CPU
		{821CDB16-56F9-4694-9D7D-50B6B5D129A7}.Release|Any CPU.Build.0 = Release|Any CPU
		{821CDB16-56F9-4694-9D7D-50B6B5D129A7}.Release|x64.ActiveCfg = Release|Any CPU
		{821CDB16-56F9-4694-9D7D-50B6B5D129A7}.Release|x64.Build.0 = Release|Any CPU
		{821CDB16-56F9-4694-9D7D-50B6B5D129A7}.Release|x86.ActiveCfg = Release|Any CPU
		{821CDB16-56F9-4694-9D7D-50B6B5D129A7}.Release|x86.Build.0 = Release|Any CPU
	EndGlobalSection
	GlobalSection(SolutionProperties) = preSolution
		HideSolutionNode = FALSE
	EndGlobalSection
	GlobalSection(NestedProjects) = preSolution
		{C3C6C406-3418-4880-B3B5-5DF5C0FCA0E6} = {95045CA8-4379-464F-9ED3-8E7CAC9BB27B}
		{005DFCB8-F386-44E6-8E0D-0854D6E4644D} = {95045CA8-4379-464F-9ED3-8E7CAC9BB27B}
		{155CCFCD-A7A3-4317-A4FA-99611A4D1AEC} = {95045CA8-4379-464F-9ED3-8E7CAC9BB27B}
		{44712D58-8D46-4A14-A2EA-2233805B5806} = {95045CA8-4379-464F-9ED3-8E7CAC9BB27B}
		{D7DE2149-88E6-4BFD-9AB1-64284FB72C97} = {95045CA8-4379-464F-9ED3-8E7CAC9BB27B}
		{F5BE2109-4FEE-4721-8D2C-99546F2B5871} = {329C09D9-794E-4E18-A61D-D73ED6AEE024}
		{DF747D36-199D-4013-9898-659460E6FECB} = {329C09D9-794E-4E18-A61D-D73ED6AEE024}
		{11276ACE-C29F-4224-BF12-BF4125CE6382} = {329C09D9-794E-4E18-A61D-D73ED6AEE024}
		{DE48AE58-383C-48EC-AD63-1FCBCF0A12B6} = {329C09D9-794E-4E18-A61D-D73ED6AEE024}
		{B5F73714-8756-4A97-AFB3-65DBCCBEFB91} = {329C09D9-794E-4E18-A61D-D73ED6AEE024}
		{0F18238C-4E7F-488C-8F31-9AD105B533A0} = {AA5545B5-031F-4308-BD50-C5C3B8899730}
		{4AE34DB1-292D-4B4A-9360-8D143A02B3DC} = {AA5545B5-031F-4308-BD50-C5C3B8899730}
		{DADADDD2-EF53-41BE-91B6-66E8DDA59945} = {AA5545B5-031F-4308-BD50-C5C3B8899730}
		{5F0F4552-417E-41C7-B805-8198DB4241E2} = {AA5545B5-031F-4308-BD50-C5C3B8899730}
		{99B53C7D-F7FC-4502-B3D7-0DD2AFA915F8} = {AA5545B5-031F-4308-BD50-C5C3B8899730}
		{42A6AF10-E35E-4F68-A1D7-9A27F1D8B03A} = {AA5545B5-031F-4308-BD50-C5C3B8899730}
		{821CDB16-56F9-4694-9D7D-50B6B5D129A7} = {AA5545B5-031F-4308-BD50-C5C3B8899730}
	EndGlobalSection
	GlobalSection(ExtensibilityGlobals) = postSolution
		SolutionGuid = {F14C134D-C21B-4591-ACF6-F58A08FB46E5}
	EndGlobalSection
EndGlobal
