
Microsoft Visual Studio Solution File, Format Version 12.00
# Visual Studio 2012
# SharpDevelop 5.1
VisualStudioVersion = 15.0.27130.2026
MinimumVisualStudioVersion = 10.0.40219.1
Project("{2150E333-8FDC-42A3-9474-1A3956D46DE8}") = "Brushes", "Brushes", "{95045CA8-4379-464F-9ED3-8E7CAC9BB27B}"
EndProject
Project("{FAE04EC0-301F-11D3-BF4B-00C04F79EFBC}") = "InheritTheApp", "InheritTheApp\InheritTheApp.csproj", "{C3C6C406-3418-4880-B3B5-5DF5C0FCA0E6}"
EndProject
Project("{FAE04EC0-301F-11D3-BF4B-00C04F79EFBC}") = "GrowAndShrink", "GrowAndShrink\GrowAndShrink.csproj", "{005DFCB8-F386-44E6-8E0D-0854D6E4644D}"
EndProject
Project("{FAE04EC0-301F-11D3-BF4B-00C04F79EFBC}") = "VaryTheBackground", "VaryTheBackground\VaryTheBackground.csproj", "{155CCFCD-A7A3-4317-A4FA-99611A4D1AEC}"
EndProject
Project("{FAE04EC0-301F-11D3-BF4B-00C04F79EFBC}") = "GradiateTheBrush", "GradiateTheBrush\GradiateTheBrush.csproj", "{44712D58-8D46-4A14-A2EA-2233805B5806}"
EndProject
Project("{FAE04EC0-301F-11D3-BF4B-00C04F79EFBC}") = "ClickTheGradientCenter", "ClickTheGradientCenter\ClickTheGradientCenter.csproj", "{D7DE2149-88E6-4BFD-9AB1-64284FB72C97}"
EndProject
Project("{2150E333-8FDC-42A3-9474-1A3956D46DE8}") = "Content", "Content", "{329C09D9-794E-4E18-A61D-D73ED6AEE024}"
EndProject
Project("{FAE04EC0-301F-11D3-BF4B-00C04F79EFBC}") = "DisplaySomeText", "DisplaySomeText\DisplaySomeText.csproj", "{F5BE2109-4FEE-4721-8D2C-99546F2B5871}"
EndProject
Project("{FAE04EC0-301F-11D3-BF4B-00C04F79EFBC}") = "ShowMyFace", "ShowMyFace\ShowMyFace.csproj", "{DF747D36-199D-4013-9898-659460E6FECB}"
EndProject
Project("{FAE04EC0-301F-11D3-BF4B-00C04F79EFBC}") = "ShapeAnEllipse", "ShapeAnEllipse\ShapeAnEllipse.csproj", "{11276ACE-C29F-4224-BF12-BF4125CE6382}"
EndProject
Project("{FAE04EC0-301F-11D3-BF4B-00C04F79EFBC}") = "FormatTheText", "FormatTheText\FormatTheText.csproj", "{DE48AE58-383C-48EC-AD63-1FCBCF0A12B6}"
EndProject
Project("{FAE04EC0-301F-11D3-BF4B-00C04F79EFBC}") = "RenderTheGraphic", "RenderTheGraphic\RenderTheGraphic.csproj", "{B5F73714-8756-4A97-AFB3-65DBCCBEFB91}"
EndProject
Project("{2150E333-8FDC-42A3-9474-1A3956D46DE8}") = "Solution Items", "Solution Items", "{9BE134F0-83EE-4250-B032-A202BC3B5370}"
	ProjectSection(SolutionItems) = preProject
		.gitignore = .gitignore
	EndProjectSection
EndProject
Project("{2150E333-8FDC-42A3-9474-1A3956D46DE8}") = "Controls", "Controls", "{AA5545B5-031F-4308-BD50-C5C3B8899730}"
EndProject
Project("{FAE04EC0-301F-11D3-BF4B-00C04F79EFBC}") = "ClickTheButton", "ClickTheButton\ClickTheButton.csproj", "{0F18238C-4E7F-488C-8F31-9AD105B533A0}"
EndProject
Project("{FAE04EC0-301F-11D3-BF4B-00C04F79EFBC}") = "FormatTheButton", "FormatTheButton\FormatTheButton.csproj", "{4AE34DB1-292D-4B4A-9360-8D143A02B3DC}"
EndProject
Project("{2150E333-8FDC-42A3-9474-1A3956D46DE8}") = "RoutedEvents", "RoutedEvents", "{6AFE397B-40E1-4A0A-9FD6-3974A5AB45BF}"
EndProject
Project("{FAE04EC0-301F-11D3-BF4B-00C04F79EFBC}") = "DrawCircles", "DrawCircles\DrawCircles.csproj", "{08211875-4B84-460E-BE47-1B57FAF6585D}"
EndProject
Project("{FAE04EC0-301F-11D3-BF4B-00C04F79EFBC}") = "ShadowTheStylus", "ShadowTheStylus\ShadowTheStylus.csproj", "{46A00DD0-C3F5-4C43-A6BC-3FED8B96A06D}"
EndProject
Project("{FAE04EC0-301F-11D3-BF4B-00C04F79EFBC}") = "ExamineKeystrokes", "ExamineKeystrokes\ExamineKeystrokes.csproj", "{20F82587-9304-4DCF-8129-244AF1451AB5}"
EndProject
Project("{2150E333-8FDC-42A3-9474-1A3956D46DE8}") = "Printing", "Printing", "{E2B324AB-7724-4365-8198-32FB97414CC1}"
EndProject
Project("{FAE04EC0-301F-11D3-BF4B-00C04F79EFBC}") = "PrintWithMargins", "PrintWithMargins\PrintWithMargins.csproj", "{6988F16C-A2C8-4D59-B6BA-A66DECFCFAD9}"
EndProject
Project("{FAE04EC0-301F-11D3-BF4B-00C04F79EFBC}") = "PrintBunchaButton", "PrintBunchaButton\PrintBunchaButton.csproj", "{F77CE26E-2098-4232-BA35-706A182F11B8}"
EndProject
Project("{FAE04EC0-301F-11D3-BF4B-00C04F79EFBC}") = "PrintBanner", "PrintBanner\PrintBanner.csproj", "{91898B96-C49C-4622-8161-3742F74B25E7}"
EndProject
Project("{FAE04EC0-301F-11D3-BF4B-00C04F79EFBC}") = "ChooseFont", "ChooseFont\ChooseFont.csproj", "{F814566A-2767-4DB7-A0E4-ACA597CFCC8D}"
EndProject
Project("{2150E333-8FDC-42A3-9474-1A3956D46DE8}") = "Notepad Clone", "Notepad Clone", "{A7487F72-06F7-4BBC-A9F9-27057FAD8516}"
EndProject
Project("{FAE04EC0-301F-11D3-BF4B-00C04F79EFBC}") = "NotepadClone", "NotepadClone\NotepadClone.csproj", "{B6294F1B-0233-49C1-ADCE-298FE49A8A13}"
EndProject
Project("{2150E333-8FDC-42A3-9474-1A3956D46DE8}") = "XAML", "XAML", "{4C82E659-90D0-4B65-845A-54ED437DA650}"
EndProject
Project("{FAE04EC0-301F-11D3-BF4B-00C04F79EFBC}") = "LoadXamlFile", "LoadXamlWindow\LoadXamlFile.csproj", "{9806207B-EECB-4749-857F-AE6C6B87D3D4}"
EndProject
Project("{FAE04EC0-301F-11D3-BF4B-00C04F79EFBC}") = "CompileXamlWindow", "CompileXamlWindow\CompileXamlWindow.csproj", "{BFF1193B-DEEE-4224-BB85-ED5A948F0A34}"
EndProject
Project("{FAE04EC0-301F-11D3-BF4B-00C04F79EFBC}") = "UseCustomClass", "UseCustomClass\UseCustomClass.csproj", "{E9A172CF-F677-4653-AC7C-8EBFB3B65775}"
EndProject
Project("{FAE04EC0-301F-11D3-BF4B-00C04F79EFBC}") = "UseCustomXamlClass", "UseCustomXamlClass\UseCustomXamlClass.csproj", "{9B224D8D-2500-4B59-9D57-0DD7818A82E9}"
EndProject
Project("{FAE04EC0-301F-11D3-BF4B-00C04F79EFBC}") = "XamlCruncher", "XamlCruncher\XamlCruncher.csproj", "{0C55C636-7F94-4165-AF36-DBCAFBF17DD1}"
EndProject
Project("{FAE04EC0-301F-11D3-BF4B-00C04F79EFBC}") = "DumpContentPropertyAttributes", "DumpContentPropertyAttributes\DumpContentPropertyAttributes.csproj", "{EAC010A1-64BA-4CCD-B946-3876D43A0F01}"
EndProject
Project("{FAE04EC0-301F-11D3-BF4B-00C04F79EFBC}") = "RoutedEventDemo", "RoutedEventDemo\RoutedEventDemo.csproj", "{0574FBA3-E63E-4942-9FBC-FE5F939D9D17}"
EndProject
Project("{2150E333-8FDC-42A3-9474-1A3956D46DE8}") = "StaticResource", "StaticResource", "{A0899520-113C-46B7-BED8-7581C60F6320}"
EndProject
Project("{FAE04EC0-301F-11D3-BF4B-00C04F79EFBC}") = "GradientBrushResourceDemo", "GradientBrushResourceDemo\GradientBrushResourceDemo.csproj", "{2586AE2E-35D2-48F3-9CE2-09EDA48A2243}"
EndProject
Project("{2150E333-8FDC-42A3-9474-1A3956D46DE8}") = "PagesWindowsMove", "PagesWindowsMove", "{3A9B6938-58A7-4FF7-A926-AA5A384FC743}"
EndProject
Project("{FAE04EC0-301F-11D3-BF4B-00C04F79EFBC}") = "YellowPad", "YellowPad\YellowPad.csproj", "{54721CAB-F364-4F01-9411-94BEA33A6540}"
EndProject
Project("{FAE04EC0-301F-11D3-BF4B-00C04F79EFBC}") = "NavigationDemo", "NavigationDemo\NavigationDemo.csproj", "{60F6A4B3-FDC6-4109-B32D-C5E5DE03B9C3}"
EndProject
Project("{FAE04EC0-301F-11D3-BF4B-00C04F79EFBC}") = "FrameNavigationDemo", "FrameNavigationDemo\FrameNavigationDemo.csproj", "{14CDAF12-5FBA-41D0-9473-82BBD810FB8D}"
EndProject
Project("{FAE04EC0-301F-11D3-BF4B-00C04F79EFBC}") = "ComputerDatingWizard", "ComputerDatingWizard\ComputerDatingWizard.csproj", "{798084A5-350E-46A6-A843-BE5816BF8CA4}"
EndProject
Project("{2150E333-8FDC-42A3-9474-1A3956D46DE8}") = "Binding", "Binding", "{C522682A-4352-4C0F-9F15-2D59E426309D}"
EndProject
Project("{FAE04EC0-301F-11D3-BF4B-00C04F79EFBC}") = "BindLabelToScrollBar", "BindLabelToScrollBar\BindLabelToScrollBar.csproj", "{9B203D02-2FF8-4030-BCE2-2199CF7E562B}"
EndProject
Project("{FAE04EC0-301F-11D3-BF4B-00C04F79EFBC}") = "WhatSize", "WhatSize\WhatSize.csproj", "{B1AD8B42-23E6-489E-96E8-BA2CDE6CA17A}"
EndProject
Project("{FAE04EC0-301F-11D3-BF4B-00C04F79EFBC}") = "CustomElementBinding", "CustomElementBinding\CustomElementBinding.csproj", "{86EB5EBF-E9BF-4F6F-AE40-260DF0E8267F}"
EndProject
Project("{FAE04EC0-301F-11D3-BF4B-00C04F79EFBC}") = "DecimalScrollBar", "DecimalScrollBar\DecimalScrollBar.csproj", "{3A80D036-0A1B-4C62-8F03-55474DEF538E}"
EndProject
Project("{FAE04EC0-301F-11D3-BF4B-00C04F79EFBC}") = "ColorScroll", "ColorScroll\ColorScroll.csproj", "{0D613111-FC69-4EDF-A0AC-4369FDD2C3E9}"
EndProject
Global
	GlobalSection(SolutionConfigurationPlatforms) = preSolution
		Debug|Any CPU = Debug|Any CPU
		Debug|x64 = Debug|x64
		Debug|x86 = Debug|x86
		Release|Any CPU = Release|Any CPU
		Release|x64 = Release|x64
		Release|x86 = Release|x86
	EndGlobalSection
	GlobalSection(ProjectConfigurationPlatforms) = postSolution
		{C3C6C406-3418-4880-B3B5-5DF5C0FCA0E6}.Debug|Any CPU.ActiveCfg = Debug|x86
		{C3C6C406-3418-4880-B3B5-5DF5C0FCA0E6}.Debug|Any CPU.Build.0 = Debug|x86
		{C3C6C406-3418-4880-B3B5-5DF5C0FCA0E6}.Debug|x64.ActiveCfg = Debug|x64
		{C3C6C406-3418-4880-B3B5-5DF5C0FCA0E6}.Debug|x64.Build.0 = Debug|x64
		{C3C6C406-3418-4880-B3B5-5DF5C0FCA0E6}.Debug|x86.ActiveCfg = Debug|x86
		{C3C6C406-3418-4880-B3B5-5DF5C0FCA0E6}.Debug|x86.Build.0 = Debug|x86
		{C3C6C406-3418-4880-B3B5-5DF5C0FCA0E6}.Release|Any CPU.ActiveCfg = Release|Any CPU
		{C3C6C406-3418-4880-B3B5-5DF5C0FCA0E6}.Release|Any CPU.Build.0 = Release|Any CPU
		{C3C6C406-3418-4880-B3B5-5DF5C0FCA0E6}.Release|x64.ActiveCfg = Release|x64
		{C3C6C406-3418-4880-B3B5-5DF5C0FCA0E6}.Release|x64.Build.0 = Release|x64
		{C3C6C406-3418-4880-B3B5-5DF5C0FCA0E6}.Release|x86.ActiveCfg = Release|x86
		{C3C6C406-3418-4880-B3B5-5DF5C0FCA0E6}.Release|x86.Build.0 = Release|x86
		{005DFCB8-F386-44E6-8E0D-0854D6E4644D}.Debug|Any CPU.ActiveCfg = Debug|Any CPU
		{005DFCB8-F386-44E6-8E0D-0854D6E4644D}.Debug|Any CPU.Build.0 = Debug|Any CPU
		{005DFCB8-F386-44E6-8E0D-0854D6E4644D}.Debug|x64.ActiveCfg = Debug|Any CPU
		{005DFCB8-F386-44E6-8E0D-0854D6E4644D}.Debug|x64.Build.0 = Debug|Any CPU
		{005DFCB8-F386-44E6-8E0D-0854D6E4644D}.Debug|x86.ActiveCfg = Debug|Any CPU
		{005DFCB8-F386-44E6-8E0D-0854D6E4644D}.Debug|x86.Build.0 = Debug|Any CPU
		{005DFCB8-F386-44E6-8E0D-0854D6E4644D}.Release|Any CPU.ActiveCfg = Release|Any CPU
		{005DFCB8-F386-44E6-8E0D-0854D6E4644D}.Release|Any CPU.Build.0 = Release|Any CPU
		{005DFCB8-F386-44E6-8E0D-0854D6E4644D}.Release|x64.ActiveCfg = Release|Any CPU
		{005DFCB8-F386-44E6-8E0D-0854D6E4644D}.Release|x64.Build.0 = Release|Any CPU
		{005DFCB8-F386-44E6-8E0D-0854D6E4644D}.Release|x86.ActiveCfg = Release|Any CPU
		{005DFCB8-F386-44E6-8E0D-0854D6E4644D}.Release|x86.Build.0 = Release|Any CPU
		{155CCFCD-A7A3-4317-A4FA-99611A4D1AEC}.Debug|Any CPU.ActiveCfg = Debug|Any CPU
		{155CCFCD-A7A3-4317-A4FA-99611A4D1AEC}.Debug|Any CPU.Build.0 = Debug|Any CPU
		{155CCFCD-A7A3-4317-A4FA-99611A4D1AEC}.Debug|x64.ActiveCfg = Debug|Any CPU
		{155CCFCD-A7A3-4317-A4FA-99611A4D1AEC}.Debug|x64.Build.0 = Debug|Any CPU
		{155CCFCD-A7A3-4317-A4FA-99611A4D1AEC}.Debug|x86.ActiveCfg = Debug|Any CPU
		{155CCFCD-A7A3-4317-A4FA-99611A4D1AEC}.Debug|x86.Build.0 = Debug|Any CPU
		{155CCFCD-A7A3-4317-A4FA-99611A4D1AEC}.Release|Any CPU.ActiveCfg = Release|Any CPU
		{155CCFCD-A7A3-4317-A4FA-99611A4D1AEC}.Release|Any CPU.Build.0 = Release|Any CPU
		{155CCFCD-A7A3-4317-A4FA-99611A4D1AEC}.Release|x64.ActiveCfg = Release|Any CPU
		{155CCFCD-A7A3-4317-A4FA-99611A4D1AEC}.Release|x64.Build.0 = Release|Any CPU
		{155CCFCD-A7A3-4317-A4FA-99611A4D1AEC}.Release|x86.ActiveCfg = Release|Any CPU
		{155CCFCD-A7A3-4317-A4FA-99611A4D1AEC}.Release|x86.Build.0 = Release|Any CPU
		{44712D58-8D46-4A14-A2EA-2233805B5806}.Debug|Any CPU.ActiveCfg = Debug|Any CPU
		{44712D58-8D46-4A14-A2EA-2233805B5806}.Debug|Any CPU.Build.0 = Debug|Any CPU
		{44712D58-8D46-4A14-A2EA-2233805B5806}.Debug|x64.ActiveCfg = Debug|Any CPU
		{44712D58-8D46-4A14-A2EA-2233805B5806}.Debug|x64.Build.0 = Debug|Any CPU
		{44712D58-8D46-4A14-A2EA-2233805B5806}.Debug|x86.ActiveCfg = Debug|Any CPU
		{44712D58-8D46-4A14-A2EA-2233805B5806}.Debug|x86.Build.0 = Debug|Any CPU
		{44712D58-8D46-4A14-A2EA-2233805B5806}.Release|Any CPU.ActiveCfg = Release|Any CPU
		{44712D58-8D46-4A14-A2EA-2233805B5806}.Release|Any CPU.Build.0 = Release|Any CPU
		{44712D58-8D46-4A14-A2EA-2233805B5806}.Release|x64.ActiveCfg = Release|Any CPU
		{44712D58-8D46-4A14-A2EA-2233805B5806}.Release|x64.Build.0 = Release|Any CPU
		{44712D58-8D46-4A14-A2EA-2233805B5806}.Release|x86.ActiveCfg = Release|Any CPU
		{44712D58-8D46-4A14-A2EA-2233805B5806}.Release|x86.Build.0 = Release|Any CPU
		{D7DE2149-88E6-4BFD-9AB1-64284FB72C97}.Debug|Any CPU.ActiveCfg = Debug|Any CPU
		{D7DE2149-88E6-4BFD-9AB1-64284FB72C97}.Debug|Any CPU.Build.0 = Debug|Any CPU
		{D7DE2149-88E6-4BFD-9AB1-64284FB72C97}.Debug|x64.ActiveCfg = Debug|Any CPU
		{D7DE2149-88E6-4BFD-9AB1-64284FB72C97}.Debug|x64.Build.0 = Debug|Any CPU
		{D7DE2149-88E6-4BFD-9AB1-64284FB72C97}.Debug|x86.ActiveCfg = Debug|Any CPU
		{D7DE2149-88E6-4BFD-9AB1-64284FB72C97}.Debug|x86.Build.0 = Debug|Any CPU
		{D7DE2149-88E6-4BFD-9AB1-64284FB72C97}.Release|Any CPU.ActiveCfg = Release|Any CPU
		{D7DE2149-88E6-4BFD-9AB1-64284FB72C97}.Release|Any CPU.Build.0 = Release|Any CPU
		{D7DE2149-88E6-4BFD-9AB1-64284FB72C97}.Release|x64.ActiveCfg = Release|Any CPU
		{D7DE2149-88E6-4BFD-9AB1-64284FB72C97}.Release|x64.Build.0 = Release|Any CPU
		{D7DE2149-88E6-4BFD-9AB1-64284FB72C97}.Release|x86.ActiveCfg = Release|Any CPU
		{D7DE2149-88E6-4BFD-9AB1-64284FB72C97}.Release|x86.Build.0 = Release|Any CPU
		{F5BE2109-4FEE-4721-8D2C-99546F2B5871}.Debug|Any CPU.ActiveCfg = Debug|Any CPU
		{F5BE2109-4FEE-4721-8D2C-99546F2B5871}.Debug|Any CPU.Build.0 = Debug|Any CPU
		{F5BE2109-4FEE-4721-8D2C-99546F2B5871}.Debug|x64.ActiveCfg = Debug|Any CPU
		{F5BE2109-4FEE-4721-8D2C-99546F2B5871}.Debug|x64.Build.0 = Debug|Any CPU
		{F5BE2109-4FEE-4721-8D2C-99546F2B5871}.Debug|x86.ActiveCfg = Debug|Any CPU
		{F5BE2109-4FEE-4721-8D2C-99546F2B5871}.Debug|x86.Build.0 = Debug|Any CPU
		{F5BE2109-4FEE-4721-8D2C-99546F2B5871}.Release|Any CPU.ActiveCfg = Release|Any CPU
		{F5BE2109-4FEE-4721-8D2C-99546F2B5871}.Release|Any CPU.Build.0 = Release|Any CPU
		{F5BE2109-4FEE-4721-8D2C-99546F2B5871}.Release|x64.ActiveCfg = Release|Any CPU
		{F5BE2109-4FEE-4721-8D2C-99546F2B5871}.Release|x64.Build.0 = Release|Any CPU
		{F5BE2109-4FEE-4721-8D2C-99546F2B5871}.Release|x86.ActiveCfg = Release|Any CPU
		{F5BE2109-4FEE-4721-8D2C-99546F2B5871}.Release|x86.Build.0 = Release|Any CPU
		{DF747D36-199D-4013-9898-659460E6FECB}.Debug|Any CPU.ActiveCfg = Debug|Any CPU
		{DF747D36-199D-4013-9898-659460E6FECB}.Debug|Any CPU.Build.0 = Debug|Any CPU
		{DF747D36-199D-4013-9898-659460E6FECB}.Debug|x64.ActiveCfg = Debug|Any CPU
		{DF747D36-199D-4013-9898-659460E6FECB}.Debug|x64.Build.0 = Debug|Any CPU
		{DF747D36-199D-4013-9898-659460E6FECB}.Debug|x86.ActiveCfg = Debug|Any CPU
		{DF747D36-199D-4013-9898-659460E6FECB}.Debug|x86.Build.0 = Debug|Any CPU
		{DF747D36-199D-4013-9898-659460E6FECB}.Release|Any CPU.ActiveCfg = Release|Any CPU
		{DF747D36-199D-4013-9898-659460E6FECB}.Release|Any CPU.Build.0 = Release|Any CPU
		{DF747D36-199D-4013-9898-659460E6FECB}.Release|x64.ActiveCfg = Release|Any CPU
		{DF747D36-199D-4013-9898-659460E6FECB}.Release|x64.Build.0 = Release|Any CPU
		{DF747D36-199D-4013-9898-659460E6FECB}.Release|x86.ActiveCfg = Release|Any CPU
		{DF747D36-199D-4013-9898-659460E6FECB}.Release|x86.Build.0 = Release|Any CPU
		{11276ACE-C29F-4224-BF12-BF4125CE6382}.Debug|Any CPU.ActiveCfg = Debug|Any CPU
		{11276ACE-C29F-4224-BF12-BF4125CE6382}.Debug|Any CPU.Build.0 = Debug|Any CPU
		{11276ACE-C29F-4224-BF12-BF4125CE6382}.Debug|x64.ActiveCfg = Debug|Any CPU
		{11276ACE-C29F-4224-BF12-BF4125CE6382}.Debug|x64.Build.0 = Debug|Any CPU
		{11276ACE-C29F-4224-BF12-BF4125CE6382}.Debug|x86.ActiveCfg = Debug|Any CPU
		{11276ACE-C29F-4224-BF12-BF4125CE6382}.Debug|x86.Build.0 = Debug|Any CPU
		{11276ACE-C29F-4224-BF12-BF4125CE6382}.Release|Any CPU.ActiveCfg = Release|Any CPU
		{11276ACE-C29F-4224-BF12-BF4125CE6382}.Release|Any CPU.Build.0 = Release|Any CPU
		{11276ACE-C29F-4224-BF12-BF4125CE6382}.Release|x64.ActiveCfg = Release|Any CPU
		{11276ACE-C29F-4224-BF12-BF4125CE6382}.Release|x64.Build.0 = Release|Any CPU
		{11276ACE-C29F-4224-BF12-BF4125CE6382}.Release|x86.ActiveCfg = Release|Any CPU
		{11276ACE-C29F-4224-BF12-BF4125CE6382}.Release|x86.Build.0 = Release|Any CPU
		{DE48AE58-383C-48EC-AD63-1FCBCF0A12B6}.Debug|Any CPU.ActiveCfg = Debug|Any CPU
		{DE48AE58-383C-48EC-AD63-1FCBCF0A12B6}.Debug|Any CPU.Build.0 = Debug|Any CPU
		{DE48AE58-383C-48EC-AD63-1FCBCF0A12B6}.Debug|x64.ActiveCfg = Debug|Any CPU
		{DE48AE58-383C-48EC-AD63-1FCBCF0A12B6}.Debug|x64.Build.0 = Debug|Any CPU
		{DE48AE58-383C-48EC-AD63-1FCBCF0A12B6}.Debug|x86.ActiveCfg = Debug|Any CPU
		{DE48AE58-383C-48EC-AD63-1FCBCF0A12B6}.Debug|x86.Build.0 = Debug|Any CPU
		{DE48AE58-383C-48EC-AD63-1FCBCF0A12B6}.Release|Any CPU.ActiveCfg = Release|Any CPU
		{DE48AE58-383C-48EC-AD63-1FCBCF0A12B6}.Release|Any CPU.Build.0 = Release|Any CPU
		{DE48AE58-383C-48EC-AD63-1FCBCF0A12B6}.Release|x64.ActiveCfg = Release|Any CPU
		{DE48AE58-383C-48EC-AD63-1FCBCF0A12B6}.Release|x64.Build.0 = Release|Any CPU
		{DE48AE58-383C-48EC-AD63-1FCBCF0A12B6}.Release|x86.ActiveCfg = Release|Any CPU
		{DE48AE58-383C-48EC-AD63-1FCBCF0A12B6}.Release|x86.Build.0 = Release|Any CPU
		{B5F73714-8756-4A97-AFB3-65DBCCBEFB91}.Debug|Any CPU.ActiveCfg = Debug|Any CPU
		{B5F73714-8756-4A97-AFB3-65DBCCBEFB91}.Debug|Any CPU.Build.0 = Debug|Any CPU
		{B5F73714-8756-4A97-AFB3-65DBCCBEFB91}.Debug|x64.ActiveCfg = Debug|Any CPU
		{B5F73714-8756-4A97-AFB3-65DBCCBEFB91}.Debug|x64.Build.0 = Debug|Any CPU
		{B5F73714-8756-4A97-AFB3-65DBCCBEFB91}.Debug|x86.ActiveCfg = Debug|Any CPU
		{B5F73714-8756-4A97-AFB3-65DBCCBEFB91}.Debug|x86.Build.0 = Debug|Any CPU
		{B5F73714-8756-4A97-AFB3-65DBCCBEFB91}.Release|Any CPU.ActiveCfg = Release|Any CPU
		{B5F73714-8756-4A97-AFB3-65DBCCBEFB91}.Release|Any CPU.Build.0 = Release|Any CPU
		{B5F73714-8756-4A97-AFB3-65DBCCBEFB91}.Release|x64.ActiveCfg = Release|Any CPU
		{B5F73714-8756-4A97-AFB3-65DBCCBEFB91}.Release|x64.Build.0 = Release|Any CPU
		{B5F73714-8756-4A97-AFB3-65DBCCBEFB91}.Release|x86.ActiveCfg = Release|Any CPU
		{B5F73714-8756-4A97-AFB3-65DBCCBEFB91}.Release|x86.Build.0 = Release|Any CPU
		{0F18238C-4E7F-488C-8F31-9AD105B533A0}.Debug|Any CPU.ActiveCfg = Debug|Any CPU
		{0F18238C-4E7F-488C-8F31-9AD105B533A0}.Debug|Any CPU.Build.0 = Debug|Any CPU
		{0F18238C-4E7F-488C-8F31-9AD105B533A0}.Debug|x64.ActiveCfg = Debug|Any CPU
		{0F18238C-4E7F-488C-8F31-9AD105B533A0}.Debug|x64.Build.0 = Debug|Any CPU
		{0F18238C-4E7F-488C-8F31-9AD105B533A0}.Debug|x86.ActiveCfg = Debug|Any CPU
		{0F18238C-4E7F-488C-8F31-9AD105B533A0}.Debug|x86.Build.0 = Debug|Any CPU
		{0F18238C-4E7F-488C-8F31-9AD105B533A0}.Release|Any CPU.ActiveCfg = Release|Any CPU
		{0F18238C-4E7F-488C-8F31-9AD105B533A0}.Release|Any CPU.Build.0 = Release|Any CPU
		{0F18238C-4E7F-488C-8F31-9AD105B533A0}.Release|x64.ActiveCfg = Release|Any CPU
		{0F18238C-4E7F-488C-8F31-9AD105B533A0}.Release|x64.Build.0 = Release|Any CPU
		{0F18238C-4E7F-488C-8F31-9AD105B533A0}.Release|x86.ActiveCfg = Release|Any CPU
		{0F18238C-4E7F-488C-8F31-9AD105B533A0}.Release|x86.Build.0 = Release|Any CPU
		{4AE34DB1-292D-4B4A-9360-8D143A02B3DC}.Debug|Any CPU.ActiveCfg = Debug|Any CPU
		{4AE34DB1-292D-4B4A-9360-8D143A02B3DC}.Debug|Any CPU.Build.0 = Debug|Any CPU
		{4AE34DB1-292D-4B4A-9360-8D143A02B3DC}.Debug|x64.ActiveCfg = Debug|Any CPU
		{4AE34DB1-292D-4B4A-9360-8D143A02B3DC}.Debug|x64.Build.0 = Debug|Any CPU
		{4AE34DB1-292D-4B4A-9360-8D143A02B3DC}.Debug|x86.ActiveCfg = Debug|Any CPU
		{4AE34DB1-292D-4B4A-9360-8D143A02B3DC}.Debug|x86.Build.0 = Debug|Any CPU
		{4AE34DB1-292D-4B4A-9360-8D143A02B3DC}.Release|Any CPU.ActiveCfg = Release|Any CPU
		{4AE34DB1-292D-4B4A-9360-8D143A02B3DC}.Release|Any CPU.Build.0 = Release|Any CPU
		{4AE34DB1-292D-4B4A-9360-8D143A02B3DC}.Release|x64.ActiveCfg = Release|Any CPU
		{4AE34DB1-292D-4B4A-9360-8D143A02B3DC}.Release|x64.Build.0 = Release|Any CPU
		{4AE34DB1-292D-4B4A-9360-8D143A02B3DC}.Release|x86.ActiveCfg = Release|Any CPU
		{4AE34DB1-292D-4B4A-9360-8D143A02B3DC}.Release|x86.Build.0 = Release|Any CPU
		{08211875-4B84-460E-BE47-1B57FAF6585D}.Debug|Any CPU.ActiveCfg = Debug|Any CPU
		{08211875-4B84-460E-BE47-1B57FAF6585D}.Debug|Any CPU.Build.0 = Debug|Any CPU
		{08211875-4B84-460E-BE47-1B57FAF6585D}.Debug|x64.ActiveCfg = Debug|x64
		{08211875-4B84-460E-BE47-1B57FAF6585D}.Debug|x64.Build.0 = Debug|x64
		{08211875-4B84-460E-BE47-1B57FAF6585D}.Debug|x86.ActiveCfg = Debug|x86
		{08211875-4B84-460E-BE47-1B57FAF6585D}.Debug|x86.Build.0 = Debug|x86
		{08211875-4B84-460E-BE47-1B57FAF6585D}.Release|Any CPU.ActiveCfg = Release|Any CPU
		{08211875-4B84-460E-BE47-1B57FAF6585D}.Release|Any CPU.Build.0 = Release|Any CPU
		{08211875-4B84-460E-BE47-1B57FAF6585D}.Release|x64.ActiveCfg = Release|x64
		{08211875-4B84-460E-BE47-1B57FAF6585D}.Release|x64.Build.0 = Release|x64
		{08211875-4B84-460E-BE47-1B57FAF6585D}.Release|x86.ActiveCfg = Release|x86
		{08211875-4B84-460E-BE47-1B57FAF6585D}.Release|x86.Build.0 = Release|x86
		{46A00DD0-C3F5-4C43-A6BC-3FED8B96A06D}.Debug|Any CPU.ActiveCfg = Debug|Any CPU
		{46A00DD0-C3F5-4C43-A6BC-3FED8B96A06D}.Debug|Any CPU.Build.0 = Debug|Any CPU
		{46A00DD0-C3F5-4C43-A6BC-3FED8B96A06D}.Debug|x64.ActiveCfg = Debug|x64
		{46A00DD0-C3F5-4C43-A6BC-3FED8B96A06D}.Debug|x64.Build.0 = Debug|x64
		{46A00DD0-C3F5-4C43-A6BC-3FED8B96A06D}.Debug|x86.ActiveCfg = Debug|x86
		{46A00DD0-C3F5-4C43-A6BC-3FED8B96A06D}.Debug|x86.Build.0 = Debug|x86
		{46A00DD0-C3F5-4C43-A6BC-3FED8B96A06D}.Release|Any CPU.ActiveCfg = Release|Any CPU
		{46A00DD0-C3F5-4C43-A6BC-3FED8B96A06D}.Release|Any CPU.Build.0 = Release|Any CPU
		{46A00DD0-C3F5-4C43-A6BC-3FED8B96A06D}.Release|x64.ActiveCfg = Release|x64
		{46A00DD0-C3F5-4C43-A6BC-3FED8B96A06D}.Release|x64.Build.0 = Release|x64
		{46A00DD0-C3F5-4C43-A6BC-3FED8B96A06D}.Release|x86.ActiveCfg = Release|x86
		{46A00DD0-C3F5-4C43-A6BC-3FED8B96A06D}.Release|x86.Build.0 = Release|x86
		{20F82587-9304-4DCF-8129-244AF1451AB5}.Debug|Any CPU.ActiveCfg = Debug|Any CPU
		{20F82587-9304-4DCF-8129-244AF1451AB5}.Debug|Any CPU.Build.0 = Debug|Any CPU
		{20F82587-9304-4DCF-8129-244AF1451AB5}.Debug|x64.ActiveCfg = Debug|x64
		{20F82587-9304-4DCF-8129-244AF1451AB5}.Debug|x64.Build.0 = Debug|x64
		{20F82587-9304-4DCF-8129-244AF1451AB5}.Debug|x86.ActiveCfg = Debug|x86
		{20F82587-9304-4DCF-8129-244AF1451AB5}.Debug|x86.Build.0 = Debug|x86
		{20F82587-9304-4DCF-8129-244AF1451AB5}.Release|Any CPU.ActiveCfg = Release|Any CPU
		{20F82587-9304-4DCF-8129-244AF1451AB5}.Release|Any CPU.Build.0 = Release|Any CPU
		{20F82587-9304-4DCF-8129-244AF1451AB5}.Release|x64.ActiveCfg = Release|x64
		{20F82587-9304-4DCF-8129-244AF1451AB5}.Release|x64.Build.0 = Release|x64
		{20F82587-9304-4DCF-8129-244AF1451AB5}.Release|x86.ActiveCfg = Release|x86
		{20F82587-9304-4DCF-8129-244AF1451AB5}.Release|x86.Build.0 = Release|x86
		{6988F16C-A2C8-4D59-B6BA-A66DECFCFAD9}.Debug|Any CPU.ActiveCfg = Debug|Any CPU
		{6988F16C-A2C8-4D59-B6BA-A66DECFCFAD9}.Debug|Any CPU.Build.0 = Debug|Any CPU
		{6988F16C-A2C8-4D59-B6BA-A66DECFCFAD9}.Debug|x64.ActiveCfg = Debug|x64
		{6988F16C-A2C8-4D59-B6BA-A66DECFCFAD9}.Debug|x64.Build.0 = Debug|x64
		{6988F16C-A2C8-4D59-B6BA-A66DECFCFAD9}.Debug|x86.ActiveCfg = Debug|x86
		{6988F16C-A2C8-4D59-B6BA-A66DECFCFAD9}.Debug|x86.Build.0 = Debug|x86
		{6988F16C-A2C8-4D59-B6BA-A66DECFCFAD9}.Release|Any CPU.ActiveCfg = Release|Any CPU
		{6988F16C-A2C8-4D59-B6BA-A66DECFCFAD9}.Release|Any CPU.Build.0 = Release|Any CPU
		{6988F16C-A2C8-4D59-B6BA-A66DECFCFAD9}.Release|x64.ActiveCfg = Release|x64
		{6988F16C-A2C8-4D59-B6BA-A66DECFCFAD9}.Release|x64.Build.0 = Release|x64
		{6988F16C-A2C8-4D59-B6BA-A66DECFCFAD9}.Release|x86.ActiveCfg = Release|x86
		{6988F16C-A2C8-4D59-B6BA-A66DECFCFAD9}.Release|x86.Build.0 = Release|x86
		{F77CE26E-2098-4232-BA35-706A182F11B8}.Debug|Any CPU.ActiveCfg = Debug|Any CPU
		{F77CE26E-2098-4232-BA35-706A182F11B8}.Debug|Any CPU.Build.0 = Debug|Any CPU
		{F77CE26E-2098-4232-BA35-706A182F11B8}.Debug|x64.ActiveCfg = Debug|x64
		{F77CE26E-2098-4232-BA35-706A182F11B8}.Debug|x64.Build.0 = Debug|x64
		{F77CE26E-2098-4232-BA35-706A182F11B8}.Debug|x86.ActiveCfg = Debug|x86
		{F77CE26E-2098-4232-BA35-706A182F11B8}.Debug|x86.Build.0 = Debug|x86
		{F77CE26E-2098-4232-BA35-706A182F11B8}.Release|Any CPU.ActiveCfg = Release|Any CPU
		{F77CE26E-2098-4232-BA35-706A182F11B8}.Release|Any CPU.Build.0 = Release|Any CPU
		{F77CE26E-2098-4232-BA35-706A182F11B8}.Release|x64.ActiveCfg = Release|x64
		{F77CE26E-2098-4232-BA35-706A182F11B8}.Release|x64.Build.0 = Release|x64
		{F77CE26E-2098-4232-BA35-706A182F11B8}.Release|x86.ActiveCfg = Release|x86
		{F77CE26E-2098-4232-BA35-706A182F11B8}.Release|x86.Build.0 = Release|x86
		{91898B96-C49C-4622-8161-3742F74B25E7}.Debug|Any CPU.ActiveCfg = Debug|Any CPU
		{91898B96-C49C-4622-8161-3742F74B25E7}.Debug|Any CPU.Build.0 = Debug|Any CPU
		{91898B96-C49C-4622-8161-3742F74B25E7}.Debug|x64.ActiveCfg = Debug|x64
		{91898B96-C49C-4622-8161-3742F74B25E7}.Debug|x64.Build.0 = Debug|x64
		{91898B96-C49C-4622-8161-3742F74B25E7}.Debug|x86.ActiveCfg = Debug|x86
		{91898B96-C49C-4622-8161-3742F74B25E7}.Debug|x86.Build.0 = Debug|x86
		{91898B96-C49C-4622-8161-3742F74B25E7}.Release|Any CPU.ActiveCfg = Release|Any CPU
		{91898B96-C49C-4622-8161-3742F74B25E7}.Release|Any CPU.Build.0 = Release|Any CPU
		{91898B96-C49C-4622-8161-3742F74B25E7}.Release|x64.ActiveCfg = Release|x64
		{91898B96-C49C-4622-8161-3742F74B25E7}.Release|x64.Build.0 = Release|x64
		{91898B96-C49C-4622-8161-3742F74B25E7}.Release|x86.ActiveCfg = Release|x86
		{91898B96-C49C-4622-8161-3742F74B25E7}.Release|x86.Build.0 = Release|x86
		{F814566A-2767-4DB7-A0E4-ACA597CFCC8D}.Debug|Any CPU.ActiveCfg = Debug|Any CPU
		{F814566A-2767-4DB7-A0E4-ACA597CFCC8D}.Debug|Any CPU.Build.0 = Debug|Any CPU
		{F814566A-2767-4DB7-A0E4-ACA597CFCC8D}.Debug|x64.ActiveCfg = Debug|x64
		{F814566A-2767-4DB7-A0E4-ACA597CFCC8D}.Debug|x64.Build.0 = Debug|x64
		{F814566A-2767-4DB7-A0E4-ACA597CFCC8D}.Debug|x86.ActiveCfg = Debug|x86
		{F814566A-2767-4DB7-A0E4-ACA597CFCC8D}.Debug|x86.Build.0 = Debug|x86
		{F814566A-2767-4DB7-A0E4-ACA597CFCC8D}.Release|Any CPU.ActiveCfg = Release|Any CPU
		{F814566A-2767-4DB7-A0E4-ACA597CFCC8D}.Release|Any CPU.Build.0 = Release|Any CPU
		{F814566A-2767-4DB7-A0E4-ACA597CFCC8D}.Release|x64.ActiveCfg = Release|x64
		{F814566A-2767-4DB7-A0E4-ACA597CFCC8D}.Release|x64.Build.0 = Release|x64
		{F814566A-2767-4DB7-A0E4-ACA597CFCC8D}.Release|x86.ActiveCfg = Release|x86
		{F814566A-2767-4DB7-A0E4-ACA597CFCC8D}.Release|x86.Build.0 = Release|x86
		{B6294F1B-0233-49C1-ADCE-298FE49A8A13}.Debug|Any CPU.ActiveCfg = Debug|Any CPU
		{B6294F1B-0233-49C1-ADCE-298FE49A8A13}.Debug|Any CPU.Build.0 = Debug|Any CPU
		{B6294F1B-0233-49C1-ADCE-298FE49A8A13}.Debug|x64.ActiveCfg = Debug|x64
		{B6294F1B-0233-49C1-ADCE-298FE49A8A13}.Debug|x64.Build.0 = Debug|x64
		{B6294F1B-0233-49C1-ADCE-298FE49A8A13}.Debug|x86.ActiveCfg = Debug|x86
		{B6294F1B-0233-49C1-ADCE-298FE49A8A13}.Debug|x86.Build.0 = Debug|x86
		{B6294F1B-0233-49C1-ADCE-298FE49A8A13}.Release|Any CPU.ActiveCfg = Release|Any CPU
		{B6294F1B-0233-49C1-ADCE-298FE49A8A13}.Release|Any CPU.Build.0 = Release|Any CPU
		{B6294F1B-0233-49C1-ADCE-298FE49A8A13}.Release|x64.ActiveCfg = Release|x64
		{B6294F1B-0233-49C1-ADCE-298FE49A8A13}.Release|x64.Build.0 = Release|x64
		{B6294F1B-0233-49C1-ADCE-298FE49A8A13}.Release|x86.ActiveCfg = Release|x86
		{B6294F1B-0233-49C1-ADCE-298FE49A8A13}.Release|x86.Build.0 = Release|x86
		{9806207B-EECB-4749-857F-AE6C6B87D3D4}.Debug|Any CPU.ActiveCfg = Debug|Any CPU
		{9806207B-EECB-4749-857F-AE6C6B87D3D4}.Debug|Any CPU.Build.0 = Debug|Any CPU
		{9806207B-EECB-4749-857F-AE6C6B87D3D4}.Debug|x64.ActiveCfg = Debug|x64
		{9806207B-EECB-4749-857F-AE6C6B87D3D4}.Debug|x64.Build.0 = Debug|x64
		{9806207B-EECB-4749-857F-AE6C6B87D3D4}.Debug|x86.ActiveCfg = Debug|x86
		{9806207B-EECB-4749-857F-AE6C6B87D3D4}.Debug|x86.Build.0 = Debug|x86
		{9806207B-EECB-4749-857F-AE6C6B87D3D4}.Release|Any CPU.ActiveCfg = Release|Any CPU
		{9806207B-EECB-4749-857F-AE6C6B87D3D4}.Release|Any CPU.Build.0 = Release|Any CPU
		{9806207B-EECB-4749-857F-AE6C6B87D3D4}.Release|x64.ActiveCfg = Release|x64
		{9806207B-EECB-4749-857F-AE6C6B87D3D4}.Release|x64.Build.0 = Release|x64
		{9806207B-EECB-4749-857F-AE6C6B87D3D4}.Release|x86.ActiveCfg = Release|x86
		{9806207B-EECB-4749-857F-AE6C6B87D3D4}.Release|x86.Build.0 = Release|x86
		{BFF1193B-DEEE-4224-BB85-ED5A948F0A34}.Debug|Any CPU.ActiveCfg = Debug|Any CPU
		{BFF1193B-DEEE-4224-BB85-ED5A948F0A34}.Debug|Any CPU.Build.0 = Debug|Any CPU
		{BFF1193B-DEEE-4224-BB85-ED5A948F0A34}.Debug|x64.ActiveCfg = Debug|x64
		{BFF1193B-DEEE-4224-BB85-ED5A948F0A34}.Debug|x64.Build.0 = Debug|x64
		{BFF1193B-DEEE-4224-BB85-ED5A948F0A34}.Debug|x86.ActiveCfg = Debug|x86
		{BFF1193B-DEEE-4224-BB85-ED5A948F0A34}.Debug|x86.Build.0 = Debug|x86
		{BFF1193B-DEEE-4224-BB85-ED5A948F0A34}.Release|Any CPU.ActiveCfg = Release|Any CPU
		{BFF1193B-DEEE-4224-BB85-ED5A948F0A34}.Release|Any CPU.Build.0 = Release|Any CPU
		{BFF1193B-DEEE-4224-BB85-ED5A948F0A34}.Release|x64.ActiveCfg = Release|x64
		{BFF1193B-DEEE-4224-BB85-ED5A948F0A34}.Release|x64.Build.0 = Release|x64
		{BFF1193B-DEEE-4224-BB85-ED5A948F0A34}.Release|x86.ActiveCfg = Release|x86
		{BFF1193B-DEEE-4224-BB85-ED5A948F0A34}.Release|x86.Build.0 = Release|x86
		{E9A172CF-F677-4653-AC7C-8EBFB3B65775}.Debug|Any CPU.ActiveCfg = Debug|Any CPU
		{E9A172CF-F677-4653-AC7C-8EBFB3B65775}.Debug|Any CPU.Build.0 = Debug|Any CPU
		{E9A172CF-F677-4653-AC7C-8EBFB3B65775}.Debug|x64.ActiveCfg = Debug|x64
		{E9A172CF-F677-4653-AC7C-8EBFB3B65775}.Debug|x64.Build.0 = Debug|x64
		{E9A172CF-F677-4653-AC7C-8EBFB3B65775}.Debug|x86.ActiveCfg = Debug|x86
		{E9A172CF-F677-4653-AC7C-8EBFB3B65775}.Debug|x86.Build.0 = Debug|x86
		{E9A172CF-F677-4653-AC7C-8EBFB3B65775}.Release|Any CPU.ActiveCfg = Release|Any CPU
		{E9A172CF-F677-4653-AC7C-8EBFB3B65775}.Release|Any CPU.Build.0 = Release|Any CPU
		{E9A172CF-F677-4653-AC7C-8EBFB3B65775}.Release|x64.ActiveCfg = Release|x64
		{E9A172CF-F677-4653-AC7C-8EBFB3B65775}.Release|x64.Build.0 = Release|x64
		{E9A172CF-F677-4653-AC7C-8EBFB3B65775}.Release|x86.ActiveCfg = Release|x86
		{E9A172CF-F677-4653-AC7C-8EBFB3B65775}.Release|x86.Build.0 = Release|x86
		{9B224D8D-2500-4B59-9D57-0DD7818A82E9}.Debug|Any CPU.ActiveCfg = Debug|Any CPU
		{9B224D8D-2500-4B59-9D57-0DD7818A82E9}.Debug|Any CPU.Build.0 = Debug|Any CPU
		{9B224D8D-2500-4B59-9D57-0DD7818A82E9}.Debug|x64.ActiveCfg = Debug|x64
		{9B224D8D-2500-4B59-9D57-0DD7818A82E9}.Debug|x64.Build.0 = Debug|x64
		{9B224D8D-2500-4B59-9D57-0DD7818A82E9}.Debug|x86.ActiveCfg = Debug|x86
		{9B224D8D-2500-4B59-9D57-0DD7818A82E9}.Debug|x86.Build.0 = Debug|x86
		{9B224D8D-2500-4B59-9D57-0DD7818A82E9}.Release|Any CPU.ActiveCfg = Release|Any CPU
		{9B224D8D-2500-4B59-9D57-0DD7818A82E9}.Release|Any CPU.Build.0 = Release|Any CPU
		{9B224D8D-2500-4B59-9D57-0DD7818A82E9}.Release|x64.ActiveCfg = Release|x64
		{9B224D8D-2500-4B59-9D57-0DD7818A82E9}.Release|x64.Build.0 = Release|x64
		{9B224D8D-2500-4B59-9D57-0DD7818A82E9}.Release|x86.ActiveCfg = Release|x86
		{9B224D8D-2500-4B59-9D57-0DD7818A82E9}.Release|x86.Build.0 = Release|x86
		{0C55C636-7F94-4165-AF36-DBCAFBF17DD1}.Debug|Any CPU.ActiveCfg = Debug|Any CPU
		{0C55C636-7F94-4165-AF36-DBCAFBF17DD1}.Debug|Any CPU.Build.0 = Debug|Any CPU
		{0C55C636-7F94-4165-AF36-DBCAFBF17DD1}.Debug|x64.ActiveCfg = Debug|x64
		{0C55C636-7F94-4165-AF36-DBCAFBF17DD1}.Debug|x64.Build.0 = Debug|x64
		{0C55C636-7F94-4165-AF36-DBCAFBF17DD1}.Debug|x86.ActiveCfg = Debug|x86
		{0C55C636-7F94-4165-AF36-DBCAFBF17DD1}.Debug|x86.Build.0 = Debug|x86
		{0C55C636-7F94-4165-AF36-DBCAFBF17DD1}.Release|Any CPU.ActiveCfg = Release|Any CPU
		{0C55C636-7F94-4165-AF36-DBCAFBF17DD1}.Release|Any CPU.Build.0 = Release|Any CPU
		{0C55C636-7F94-4165-AF36-DBCAFBF17DD1}.Release|x64.ActiveCfg = Release|x64
		{0C55C636-7F94-4165-AF36-DBCAFBF17DD1}.Release|x64.Build.0 = Release|x64
		{0C55C636-7F94-4165-AF36-DBCAFBF17DD1}.Release|x86.ActiveCfg = Release|x86
		{0C55C636-7F94-4165-AF36-DBCAFBF17DD1}.Release|x86.Build.0 = Release|x86
		{EAC010A1-64BA-4CCD-B946-3876D43A0F01}.Debug|Any CPU.ActiveCfg = Debug|Any CPU
		{EAC010A1-64BA-4CCD-B946-3876D43A0F01}.Debug|Any CPU.Build.0 = Debug|Any CPU
		{EAC010A1-64BA-4CCD-B946-3876D43A0F01}.Debug|x64.ActiveCfg = Debug|x64
		{EAC010A1-64BA-4CCD-B946-3876D43A0F01}.Debug|x64.Build.0 = Debug|x64
		{EAC010A1-64BA-4CCD-B946-3876D43A0F01}.Debug|x86.ActiveCfg = Debug|x86
		{EAC010A1-64BA-4CCD-B946-3876D43A0F01}.Debug|x86.Build.0 = Debug|x86
		{EAC010A1-64BA-4CCD-B946-3876D43A0F01}.Release|Any CPU.ActiveCfg = Release|Any CPU
		{EAC010A1-64BA-4CCD-B946-3876D43A0F01}.Release|Any CPU.Build.0 = Release|Any CPU
		{EAC010A1-64BA-4CCD-B946-3876D43A0F01}.Release|x64.ActiveCfg = Release|x64
		{EAC010A1-64BA-4CCD-B946-3876D43A0F01}.Release|x64.Build.0 = Release|x64
		{EAC010A1-64BA-4CCD-B946-3876D43A0F01}.Release|x86.ActiveCfg = Release|x86
		{EAC010A1-64BA-4CCD-B946-3876D43A0F01}.Release|x86.Build.0 = Release|x86
		{0574FBA3-E63E-4942-9FBC-FE5F939D9D17}.Debug|Any CPU.ActiveCfg = Debug|Any CPU
		{0574FBA3-E63E-4942-9FBC-FE5F939D9D17}.Debug|Any CPU.Build.0 = Debug|Any CPU
		{0574FBA3-E63E-4942-9FBC-FE5F939D9D17}.Debug|x64.ActiveCfg = Debug|x64
		{0574FBA3-E63E-4942-9FBC-FE5F939D9D17}.Debug|x64.Build.0 = Debug|x64
		{0574FBA3-E63E-4942-9FBC-FE5F939D9D17}.Debug|x86.ActiveCfg = Debug|x86
		{0574FBA3-E63E-4942-9FBC-FE5F939D9D17}.Debug|x86.Build.0 = Debug|x86
		{0574FBA3-E63E-4942-9FBC-FE5F939D9D17}.Release|Any CPU.ActiveCfg = Release|Any CPU
		{0574FBA3-E63E-4942-9FBC-FE5F939D9D17}.Release|Any CPU.Build.0 = Release|Any CPU
		{0574FBA3-E63E-4942-9FBC-FE5F939D9D17}.Release|x64.ActiveCfg = Release|x64
		{0574FBA3-E63E-4942-9FBC-FE5F939D9D17}.Release|x64.Build.0 = Release|x64
		{0574FBA3-E63E-4942-9FBC-FE5F939D9D17}.Release|x86.ActiveCfg = Release|x86
		{0574FBA3-E63E-4942-9FBC-FE5F939D9D17}.Release|x86.Build.0 = Release|x86
		{2586AE2E-35D2-48F3-9CE2-09EDA48A2243}.Debug|Any CPU.ActiveCfg = Debug|Any CPU
		{2586AE2E-35D2-48F3-9CE2-09EDA48A2243}.Debug|Any CPU.Build.0 = Debug|Any CPU
		{2586AE2E-35D2-48F3-9CE2-09EDA48A2243}.Debug|x64.ActiveCfg = Debug|x64
		{2586AE2E-35D2-48F3-9CE2-09EDA48A2243}.Debug|x64.Build.0 = Debug|x64
		{2586AE2E-35D2-48F3-9CE2-09EDA48A2243}.Debug|x86.ActiveCfg = Debug|x86
		{2586AE2E-35D2-48F3-9CE2-09EDA48A2243}.Debug|x86.Build.0 = Debug|x86
		{2586AE2E-35D2-48F3-9CE2-09EDA48A2243}.Release|Any CPU.ActiveCfg = Release|Any CPU
		{2586AE2E-35D2-48F3-9CE2-09EDA48A2243}.Release|Any CPU.Build.0 = Release|Any CPU
		{2586AE2E-35D2-48F3-9CE2-09EDA48A2243}.Release|x64.ActiveCfg = Release|x64
		{2586AE2E-35D2-48F3-9CE2-09EDA48A2243}.Release|x64.Build.0 = Release|x64
		{2586AE2E-35D2-48F3-9CE2-09EDA48A2243}.Release|x86.ActiveCfg = Release|x86
		{2586AE2E-35D2-48F3-9CE2-09EDA48A2243}.Release|x86.Build.0 = Release|x86
		{54721CAB-F364-4F01-9411-94BEA33A6540}.Debug|Any CPU.ActiveCfg = Debug|Any CPU
		{54721CAB-F364-4F01-9411-94BEA33A6540}.Debug|Any CPU.Build.0 = Debug|Any CPU
		{54721CAB-F364-4F01-9411-94BEA33A6540}.Debug|x64.ActiveCfg = Debug|x64
		{54721CAB-F364-4F01-9411-94BEA33A6540}.Debug|x64.Build.0 = Debug|x64
		{54721CAB-F364-4F01-9411-94BEA33A6540}.Debug|x86.ActiveCfg = Debug|x86
		{54721CAB-F364-4F01-9411-94BEA33A6540}.Debug|x86.Build.0 = Debug|x86
		{54721CAB-F364-4F01-9411-94BEA33A6540}.Release|Any CPU.ActiveCfg = Release|Any CPU
		{54721CAB-F364-4F01-9411-94BEA33A6540}.Release|Any CPU.Build.0 = Release|Any CPU
		{54721CAB-F364-4F01-9411-94BEA33A6540}.Release|x64.ActiveCfg = Release|x64
		{54721CAB-F364-4F01-9411-94BEA33A6540}.Release|x64.Build.0 = Release|x64
		{54721CAB-F364-4F01-9411-94BEA33A6540}.Release|x86.ActiveCfg = Release|x86
		{54721CAB-F364-4F01-9411-94BEA33A6540}.Release|x86.Build.0 = Release|x86
		{60F6A4B3-FDC6-4109-B32D-C5E5DE03B9C3}.Debug|Any CPU.ActiveCfg = Debug|Any CPU
		{60F6A4B3-FDC6-4109-B32D-C5E5DE03B9C3}.Debug|Any CPU.Build.0 = Debug|Any CPU
		{60F6A4B3-FDC6-4109-B32D-C5E5DE03B9C3}.Debug|x64.ActiveCfg = Debug|x64
		{60F6A4B3-FDC6-4109-B32D-C5E5DE03B9C3}.Debug|x64.Build.0 = Debug|x64
		{60F6A4B3-FDC6-4109-B32D-C5E5DE03B9C3}.Debug|x86.ActiveCfg = Debug|x86
		{60F6A4B3-FDC6-4109-B32D-C5E5DE03B9C3}.Debug|x86.Build.0 = Debug|x86
		{60F6A4B3-FDC6-4109-B32D-C5E5DE03B9C3}.Release|Any CPU.ActiveCfg = Release|Any CPU
		{60F6A4B3-FDC6-4109-B32D-C5E5DE03B9C3}.Release|Any CPU.Build.0 = Release|Any CPU
		{60F6A4B3-FDC6-4109-B32D-C5E5DE03B9C3}.Release|x64.ActiveCfg = Release|x64
		{60F6A4B3-FDC6-4109-B32D-C5E5DE03B9C3}.Release|x64.Build.0 = Release|x64
		{60F6A4B3-FDC6-4109-B32D-C5E5DE03B9C3}.Release|x86.ActiveCfg = Release|x86
		{60F6A4B3-FDC6-4109-B32D-C5E5DE03B9C3}.Release|x86.Build.0 = Release|x86
		{14CDAF12-5FBA-41D0-9473-82BBD810FB8D}.Debug|Any CPU.ActiveCfg = Debug|Any CPU
		{14CDAF12-5FBA-41D0-9473-82BBD810FB8D}.Debug|Any CPU.Build.0 = Debug|Any CPU
		{14CDAF12-5FBA-41D0-9473-82BBD810FB8D}.Debug|x64.ActiveCfg = Debug|x64
		{14CDAF12-5FBA-41D0-9473-82BBD810FB8D}.Debug|x64.Build.0 = Debug|x64
		{14CDAF12-5FBA-41D0-9473-82BBD810FB8D}.Debug|x86.ActiveCfg = Debug|x86
		{14CDAF12-5FBA-41D0-9473-82BBD810FB8D}.Debug|x86.Build.0 = Debug|x86
		{14CDAF12-5FBA-41D0-9473-82BBD810FB8D}.Release|Any CPU.ActiveCfg = Release|Any CPU
		{14CDAF12-5FBA-41D0-9473-82BBD810FB8D}.Release|Any CPU.Build.0 = Release|Any CPU
		{14CDAF12-5FBA-41D0-9473-82BBD810FB8D}.Release|x64.ActiveCfg = Release|x64
		{14CDAF12-5FBA-41D0-9473-82BBD810FB8D}.Release|x64.Build.0 = Release|x64
		{14CDAF12-5FBA-41D0-9473-82BBD810FB8D}.Release|x86.ActiveCfg = Release|x86
		{14CDAF12-5FBA-41D0-9473-82BBD810FB8D}.Release|x86.Build.0 = Release|x86
		{798084A5-350E-46A6-A843-BE5816BF8CA4}.Debug|Any CPU.ActiveCfg = Debug|Any CPU
		{798084A5-350E-46A6-A843-BE5816BF8CA4}.Debug|Any CPU.Build.0 = Debug|Any CPU
		{798084A5-350E-46A6-A843-BE5816BF8CA4}.Debug|x64.ActiveCfg = Debug|x64
		{798084A5-350E-46A6-A843-BE5816BF8CA4}.Debug|x64.Build.0 = Debug|x64
		{798084A5-350E-46A6-A843-BE5816BF8CA4}.Debug|x86.ActiveCfg = Debug|x86
		{798084A5-350E-46A6-A843-BE5816BF8CA4}.Debug|x86.Build.0 = Debug|x86
		{798084A5-350E-46A6-A843-BE5816BF8CA4}.Release|Any CPU.ActiveCfg = Release|Any CPU
		{798084A5-350E-46A6-A843-BE5816BF8CA4}.Release|Any CPU.Build.0 = Release|Any CPU
		{798084A5-350E-46A6-A843-BE5816BF8CA4}.Release|x64.ActiveCfg = Release|x64
		{798084A5-350E-46A6-A843-BE5816BF8CA4}.Release|x64.Build.0 = Release|x64
		{798084A5-350E-46A6-A843-BE5816BF8CA4}.Release|x86.ActiveCfg = Release|x86
		{798084A5-350E-46A6-A843-BE5816BF8CA4}.Release|x86.Build.0 = Release|x86
		{9B203D02-2FF8-4030-BCE2-2199CF7E562B}.Debug|Any CPU.ActiveCfg = Debug|Any CPU
		{9B203D02-2FF8-4030-BCE2-2199CF7E562B}.Debug|Any CPU.Build.0 = Debug|Any CPU
		{9B203D02-2FF8-4030-BCE2-2199CF7E562B}.Debug|x64.ActiveCfg = Debug|x64
		{9B203D02-2FF8-4030-BCE2-2199CF7E562B}.Debug|x64.Build.0 = Debug|x64
		{9B203D02-2FF8-4030-BCE2-2199CF7E562B}.Debug|x86.ActiveCfg = Debug|x86
		{9B203D02-2FF8-4030-BCE2-2199CF7E562B}.Debug|x86.Build.0 = Debug|x86
		{9B203D02-2FF8-4030-BCE2-2199CF7E562B}.Release|Any CPU.ActiveCfg = Release|Any CPU
		{9B203D02-2FF8-4030-BCE2-2199CF7E562B}.Release|Any CPU.Build.0 = Release|Any CPU
		{9B203D02-2FF8-4030-BCE2-2199CF7E562B}.Release|x64.ActiveCfg = Release|x64
		{9B203D02-2FF8-4030-BCE2-2199CF7E562B}.Release|x64.Build.0 = Release|x64
		{9B203D02-2FF8-4030-BCE2-2199CF7E562B}.Release|x86.ActiveCfg = Release|x86
		{9B203D02-2FF8-4030-BCE2-2199CF7E562B}.Release|x86.Build.0 = Release|x86
		{B1AD8B42-23E6-489E-96E8-BA2CDE6CA17A}.Debug|Any CPU.ActiveCfg = Debug|Any CPU
		{B1AD8B42-23E6-489E-96E8-BA2CDE6CA17A}.Debug|Any CPU.Build.0 = Debug|Any CPU
		{B1AD8B42-23E6-489E-96E8-BA2CDE6CA17A}.Debug|x64.ActiveCfg = Debug|x64
		{B1AD8B42-23E6-489E-96E8-BA2CDE6CA17A}.Debug|x64.Build.0 = Debug|x64
		{B1AD8B42-23E6-489E-96E8-BA2CDE6CA17A}.Debug|x86.ActiveCfg = Debug|x86
		{B1AD8B42-23E6-489E-96E8-BA2CDE6CA17A}.Debug|x86.Build.0 = Debug|x86
		{B1AD8B42-23E6-489E-96E8-BA2CDE6CA17A}.Release|Any CPU.ActiveCfg = Release|Any CPU
		{B1AD8B42-23E6-489E-96E8-BA2CDE6CA17A}.Release|Any CPU.Build.0 = Release|Any CPU
		{B1AD8B42-23E6-489E-96E8-BA2CDE6CA17A}.Release|x64.ActiveCfg = Release|x64
		{B1AD8B42-23E6-489E-96E8-BA2CDE6CA17A}.Release|x64.Build.0 = Release|x64
		{B1AD8B42-23E6-489E-96E8-BA2CDE6CA17A}.Release|x86.ActiveCfg = Release|x86
		{B1AD8B42-23E6-489E-96E8-BA2CDE6CA17A}.Release|x86.Build.0 = Release|x86
		{86EB5EBF-E9BF-4F6F-AE40-260DF0E8267F}.Debug|Any CPU.ActiveCfg = Debug|Any CPU
		{86EB5EBF-E9BF-4F6F-AE40-260DF0E8267F}.Debug|Any CPU.Build.0 = Debug|Any CPU
		{86EB5EBF-E9BF-4F6F-AE40-260DF0E8267F}.Debug|x64.ActiveCfg = Debug|x64
		{86EB5EBF-E9BF-4F6F-AE40-260DF0E8267F}.Debug|x64.Build.0 = Debug|x64
		{86EB5EBF-E9BF-4F6F-AE40-260DF0E8267F}.Debug|x86.ActiveCfg = Debug|x86
		{86EB5EBF-E9BF-4F6F-AE40-260DF0E8267F}.Debug|x86.Build.0 = Debug|x86
		{86EB5EBF-E9BF-4F6F-AE40-260DF0E8267F}.Release|Any CPU.ActiveCfg = Release|Any CPU
		{86EB5EBF-E9BF-4F6F-AE40-260DF0E8267F}.Release|Any CPU.Build.0 = Release|Any CPU
		{86EB5EBF-E9BF-4F6F-AE40-260DF0E8267F}.Release|x64.ActiveCfg = Release|x64
		{86EB5EBF-E9BF-4F6F-AE40-260DF0E8267F}.Release|x64.Build.0 = Release|x64
		{86EB5EBF-E9BF-4F6F-AE40-260DF0E8267F}.Release|x86.ActiveCfg = Release|x86
		{86EB5EBF-E9BF-4F6F-AE40-260DF0E8267F}.Release|x86.Build.0 = Release|x86
		{3A80D036-0A1B-4C62-8F03-55474DEF538E}.Debug|Any CPU.ActiveCfg = Debug|Any CPU
		{3A80D036-0A1B-4C62-8F03-55474DEF538E}.Debug|Any CPU.Build.0 = Debug|Any CPU
		{3A80D036-0A1B-4C62-8F03-55474DEF538E}.Debug|x64.ActiveCfg = Debug|x64
		{3A80D036-0A1B-4C62-8F03-55474DEF538E}.Debug|x64.Build.0 = Debug|x64
		{3A80D036-0A1B-4C62-8F03-55474DEF538E}.Debug|x86.ActiveCfg = Debug|x86
		{3A80D036-0A1B-4C62-8F03-55474DEF538E}.Debug|x86.Build.0 = Debug|x86
		{3A80D036-0A1B-4C62-8F03-55474DEF538E}.Release|Any CPU.ActiveCfg = Release|Any CPU
		{3A80D036-0A1B-4C62-8F03-55474DEF538E}.Release|Any CPU.Build.0 = Release|Any CPU
		{3A80D036-0A1B-4C62-8F03-55474DEF538E}.Release|x64.ActiveCfg = Release|x64
		{3A80D036-0A1B-4C62-8F03-55474DEF538E}.Release|x64.Build.0 = Release|x64
		{3A80D036-0A1B-4C62-8F03-55474DEF538E}.Release|x86.ActiveCfg = Release|x86
		{3A80D036-0A1B-4C62-8F03-55474DEF538E}.Release|x86.Build.0 = Release|x86
		{0D613111-FC69-4EDF-A0AC-4369FDD2C3E9}.Debug|Any CPU.ActiveCfg = Debug|Any CPU
		{0D613111-FC69-4EDF-A0AC-4369FDD2C3E9}.Debug|Any CPU.Build.0 = Debug|Any CPU
		{0D613111-FC69-4EDF-A0AC-4369FDD2C3E9}.Debug|x64.ActiveCfg = Debug|x64
		{0D613111-FC69-4EDF-A0AC-4369FDD2C3E9}.Debug|x64.Build.0 = Debug|x64
		{0D613111-FC69-4EDF-A0AC-4369FDD2C3E9}.Debug|x86.ActiveCfg = Debug|x86
		{0D613111-FC69-4EDF-A0AC-4369FDD2C3E9}.Debug|x86.Build.0 = Debug|x86
		{0D613111-FC69-4EDF-A0AC-4369FDD2C3E9}.Release|Any CPU.ActiveCfg = Release|Any CPU
		{0D613111-FC69-4EDF-A0AC-4369FDD2C3E9}.Release|Any CPU.Build.0 = Release|Any CPU
		{0D613111-FC69-4EDF-A0AC-4369FDD2C3E9}.Release|x64.ActiveCfg = Release|x64
		{0D613111-FC69-4EDF-A0AC-4369FDD2C3E9}.Release|x64.Build.0 = Release|x64
		{0D613111-FC69-4EDF-A0AC-4369FDD2C3E9}.Release|x86.ActiveCfg = Release|x86
		{0D613111-FC69-4EDF-A0AC-4369FDD2C3E9}.Release|x86.Build.0 = Release|x86
	EndGlobalSection
	GlobalSection(SolutionProperties) = preSolution
		HideSolutionNode = FALSE
	EndGlobalSection
	GlobalSection(ExtensibilityGlobals) = postSolution
		SolutionGuid = {F14C134D-C21B-4591-ACF6-F58A08FB46E5}
	EndGlobalSection
	GlobalSection(NestedProjects) = preSolution
		{C3C6C406-3418-4880-B3B5-5DF5C0FCA0E6} = {95045CA8-4379-464F-9ED3-8E7CAC9BB27B}
		{005DFCB8-F386-44E6-8E0D-0854D6E4644D} = {95045CA8-4379-464F-9ED3-8E7CAC9BB27B}
		{155CCFCD-A7A3-4317-A4FA-99611A4D1AEC} = {95045CA8-4379-464F-9ED3-8E7CAC9BB27B}
		{44712D58-8D46-4A14-A2EA-2233805B5806} = {95045CA8-4379-464F-9ED3-8E7CAC9BB27B}
		{D7DE2149-88E6-4BFD-9AB1-64284FB72C97} = {95045CA8-4379-464F-9ED3-8E7CAC9BB27B}
		{F5BE2109-4FEE-4721-8D2C-99546F2B5871} = {329C09D9-794E-4E18-A61D-D73ED6AEE024}
		{DF747D36-199D-4013-9898-659460E6FECB} = {329C09D9-794E-4E18-A61D-D73ED6AEE024}
		{11276ACE-C29F-4224-BF12-BF4125CE6382} = {329C09D9-794E-4E18-A61D-D73ED6AEE024}
		{DE48AE58-383C-48EC-AD63-1FCBCF0A12B6} = {329C09D9-794E-4E18-A61D-D73ED6AEE024}
		{B5F73714-8756-4A97-AFB3-65DBCCBEFB91} = {329C09D9-794E-4E18-A61D-D73ED6AEE024}
		{0F18238C-4E7F-488C-8F31-9AD105B533A0} = {AA5545B5-031F-4308-BD50-C5C3B8899730}
		{4AE34DB1-292D-4B4A-9360-8D143A02B3DC} = {AA5545B5-031F-4308-BD50-C5C3B8899730}
		{08211875-4B84-460E-BE47-1B57FAF6585D} = {6AFE397B-40E1-4A0A-9FD6-3974A5AB45BF}
		{46A00DD0-C3F5-4C43-A6BC-3FED8B96A06D} = {6AFE397B-40E1-4A0A-9FD6-3974A5AB45BF}
		{20F82587-9304-4DCF-8129-244AF1451AB5} = {6AFE397B-40E1-4A0A-9FD6-3974A5AB45BF}
		{6988F16C-A2C8-4D59-B6BA-A66DECFCFAD9} = {E2B324AB-7724-4365-8198-32FB97414CC1}
		{F77CE26E-2098-4232-BA35-706A182F11B8} = {E2B324AB-7724-4365-8198-32FB97414CC1}
		{91898B96-C49C-4622-8161-3742F74B25E7} = {E2B324AB-7724-4365-8198-32FB97414CC1}
		{F814566A-2767-4DB7-A0E4-ACA597CFCC8D} = {E2B324AB-7724-4365-8198-32FB97414CC1}
		{B6294F1B-0233-49C1-ADCE-298FE49A8A13} = {A7487F72-06F7-4BBC-A9F9-27057FAD8516}
		{9806207B-EECB-4749-857F-AE6C6B87D3D4} = {4C82E659-90D0-4B65-845A-54ED437DA650}
		{BFF1193B-DEEE-4224-BB85-ED5A948F0A34} = {4C82E659-90D0-4B65-845A-54ED437DA650}
		{E9A172CF-F677-4653-AC7C-8EBFB3B65775} = {4C82E659-90D0-4B65-845A-54ED437DA650}
		{9B224D8D-2500-4B59-9D57-0DD7818A82E9} = {4C82E659-90D0-4B65-845A-54ED437DA650}
		{0C55C636-7F94-4165-AF36-DBCAFBF17DD1} = {4C82E659-90D0-4B65-845A-54ED437DA650}
		{EAC010A1-64BA-4CCD-B946-3876D43A0F01} = {4C82E659-90D0-4B65-845A-54ED437DA650}
		{0574FBA3-E63E-4942-9FBC-FE5F939D9D17} = {4C82E659-90D0-4B65-845A-54ED437DA650}
		{2586AE2E-35D2-48F3-9CE2-09EDA48A2243} = {A0899520-113C-46B7-BED8-7581C60F6320}
		{54721CAB-F364-4F01-9411-94BEA33A6540} = {3A9B6938-58A7-4FF7-A926-AA5A384FC743}
		{60F6A4B3-FDC6-4109-B32D-C5E5DE03B9C3} = {3A9B6938-58A7-4FF7-A926-AA5A384FC743}
		{14CDAF12-5FBA-41D0-9473-82BBD810FB8D} = {3A9B6938-58A7-4FF7-A926-AA5A384FC743}
		{798084A5-350E-46A6-A843-BE5816BF8CA4} = {3A9B6938-58A7-4FF7-A926-AA5A384FC743}
		{9B203D02-2FF8-4030-BCE2-2199CF7E562B} = {C522682A-4352-4C0F-9F15-2D59E426309D}
		{B1AD8B42-23E6-489E-96E8-BA2CDE6CA17A} = {C522682A-4352-4C0F-9F15-2D59E426309D}
		{86EB5EBF-E9BF-4F6F-AE40-260DF0E8267F} = {C522682A-4352-4C0F-9F15-2D59E426309D}
		{3A80D036-0A1B-4C62-8F03-55474DEF538E} = {C522682A-4352-4C0F-9F15-2D59E426309D}
		{0D613111-FC69-4EDF-A0AC-4369FDD2C3E9} = {C522682A-4352-4C0F-9F15-2D59E426309D}
	EndGlobalSection
EndGlobal
